
Microsoft Visual Studio Solution File, Format Version 12.00
# Visual Studio 2012
Project("{FAE04EC0-301F-11D3-BF4B-00C04F79EFBC}") = "Revsoft.Wabbitcode", "Wabbitcode\Revsoft.Wabbitcode.csproj", "{C45C62A4-98E1-4768-9690-EFD2EB2C3272}"
	ProjectSection(ProjectDependencies) = postProject
		{1BF86B19-DD98-43B0-BD97-6164D56EDE8C} = {1BF86B19-DD98-43B0-BD97-6164D56EDE8C}
		{2D18BE89-D210-49EB-A9DD-2246FBB3DF6D} = {2D18BE89-D210-49EB-A9DD-2246FBB3DF6D}
		{C75532C4-765B-418E-B09B-46D36B2ABDB1} = {C75532C4-765B-418E-B09B-46D36B2ABDB1}
	EndProjectSection
EndProject
Project("{FAE04EC0-301F-11D3-BF4B-00C04F79EFBC}") = "Revsoft.TextEditor", "ICSharpCode.TextEditor\Project\Revsoft.TextEditor.csproj", "{2D18BE89-D210-49EB-A9DD-2246FBB3DF6D}"
EndProject
Project("{FAE04EC0-301F-11D3-BF4B-00C04F79EFBC}") = "AutoUpdater", "AutoUpdater\AutoUpdater.csproj", "{1BF86B19-DD98-43B0-BD97-6164D56EDE8C}"
EndProject
Project("{FAE04EC0-301F-11D3-BF4B-00C04F79EFBC}") = "MapEditor", "MapEditor\MapEditor.csproj", "{7F7E8EB5-BBB9-498F-B4A2-97BBBB90C15F}"
EndProject
Project("{FAE04EC0-301F-11D3-BF4B-00C04F79EFBC}") = "WinFormsUI", "WinFormsUI\WinFormsUI.csproj", "{C75532C4-765B-418E-B09B-46D36B2ABDB1}"
EndProject
Project("{6141683F-8A12-4E36-9623-2EB02B2C2303}") = "Installer", "Installer\Installer.isproj", "{19AB49D2-051A-4577-84C7-DC314A3FC078}"
	ProjectSection(ProjectDependencies) = postProject
		{1BF86B19-DD98-43B0-BD97-6164D56EDE8C} = {1BF86B19-DD98-43B0-BD97-6164D56EDE8C}
		{2D18BE89-D210-49EB-A9DD-2246FBB3DF6D} = {2D18BE89-D210-49EB-A9DD-2246FBB3DF6D}
		{C45C62A4-98E1-4768-9690-EFD2EB2C3272} = {C45C62A4-98E1-4768-9690-EFD2EB2C3272}
		{C75532C4-765B-418E-B09B-46D36B2ABDB1} = {C75532C4-765B-418E-B09B-46D36B2ABDB1}
		{9472BBF2-0E54-43DD-B1E7-E4F9BBC1FCDB} = {9472BBF2-0E54-43DD-B1E7-E4F9BBC1FCDB}
	EndProjectSection
EndProject
Project("{8BC9CEB8-8B4A-11D0-8D11-00A0C91BC942}") = "Wabbitemu", "..\..\Source\Wabbitemu\Wabbitemu.vcxproj", "{9472BBF2-0E54-43DD-B1E7-E4F9BBC1FCDB}"
EndProject
Global
	GlobalSection(TeamFoundationVersionControl) = preSolution
		SccNumberOfProjects = 5
		SccEnterpriseProvider = {4CA58AB2-18FA-4F8D-95D4-32DDF27D184C}
		SccTeamFoundationServer = https://tfs.codeplex.com/tfs/tfs07
		SccProjectUniqueName0 = Wabbitcode\\Revsoft.Wabbitcode.csproj
		SccProjectName0 = Wabbitcode
		SccAuxPath0 = https://tfs.codeplex.com/tfs/tfs07
		SccLocalPath0 = Wabbitcode
		SccProvider0 = {4CA58AB2-18FA-4F8D-95D4-32DDF27D184C}
		SccProjectUniqueName1 = ICSharpCode.TextEditor\\Project\\Revsoft.TextEditor.csproj
		SccProjectName1 = ICSharpCode.TextEditor/Project
		SccAuxPath1 = https://tfs.codeplex.com/tfs/tfs07
		SccLocalPath1 = ICSharpCode.TextEditor\\Project
		SccProvider1 = {4CA58AB2-18FA-4F8D-95D4-32DDF27D184C}
		SccProjectUniqueName2 = AutoUpdater\\AutoUpdater.csproj
		SccProjectName2 = AutoUpdater
		SccAuxPath2 = https://tfs.codeplex.com/tfs/tfs07
		SccLocalPath2 = AutoUpdater
		SccProvider2 = {4CA58AB2-18FA-4F8D-95D4-32DDF27D184C}
		SccProjectUniqueName3 = MapEditor\\MapEditor.csproj
		SccProjectName3 = MapEditor
		SccAuxPath3 = https://tfs.codeplex.com/tfs/tfs07
		SccLocalPath3 = MapEditor
		SccProvider3 = {4CA58AB2-18FA-4F8D-95D4-32DDF27D184C}
		SccProjectUniqueName4 = ..\\..\\Source\\Wabbitemu\\Wabbitemu.vcxproj
		SccProjectName4 = ../../Source/Wabbitemu
		SccAuxPath4 = https://tfs.codeplex.com/tfs/tfs07
		SccLocalPath4 = ..\\..\\Source\\Wabbitemu
		SccProvider4 = {4CA58AB2-18FA-4F8D-95D4-32DDF27D184C}
	EndGlobalSection
	GlobalSection(SolutionConfigurationPlatforms) = preSolution
		CD_ROM|Any CPU = CD_ROM|Any CPU
		CD_ROM|Mixed Platforms = CD_ROM|Mixed Platforms
		CD_ROM|Win32 = CD_ROM|Win32
		CD_ROM|X64 = CD_ROM|X64
		CD_ROM|X86 = CD_ROM|X86
		Debug DLL|Any CPU = Debug DLL|Any CPU
		Debug DLL|Mixed Platforms = Debug DLL|Mixed Platforms
		Debug DLL|Win32 = Debug DLL|Win32
		Debug DLL|X64 = Debug DLL|X64
		Debug DLL|X86 = Debug DLL|X86
		Debug|Any CPU = Debug|Any CPU
		Debug|Mixed Platforms = Debug|Mixed Platforms
		Debug|Win32 = Debug|Win32
		Debug|X64 = Debug|X64
		Debug|X86 = Debug|X86
		DVD-5|Any CPU = DVD-5|Any CPU
		DVD-5|Mixed Platforms = DVD-5|Mixed Platforms
		DVD-5|Win32 = DVD-5|Win32
		DVD-5|X64 = DVD-5|X64
		DVD-5|X86 = DVD-5|X86
		Release DLL|Any CPU = Release DLL|Any CPU
		Release DLL|Mixed Platforms = Release DLL|Mixed Platforms
		Release DLL|Win32 = Release DLL|Win32
		Release DLL|X64 = Release DLL|X64
		Release DLL|X86 = Release DLL|X86
		Release|Any CPU = Release|Any CPU
		Release|Mixed Platforms = Release|Mixed Platforms
		Release|Win32 = Release|Win32
		Release|X64 = Release|X64
		Release|X86 = Release|X86
		SingleImage|Any CPU = SingleImage|Any CPU
		SingleImage|Mixed Platforms = SingleImage|Mixed Platforms
		SingleImage|Win32 = SingleImage|Win32
		SingleImage|X64 = SingleImage|X64
		SingleImage|X86 = SingleImage|X86
		WabbitComp Debug|Any CPU = WabbitComp Debug|Any CPU
		WabbitComp Debug|Mixed Platforms = WabbitComp Debug|Mixed Platforms
		WabbitComp Debug|Win32 = WabbitComp Debug|Win32
		WabbitComp Debug|X64 = WabbitComp Debug|X64
		WabbitComp Debug|X86 = WabbitComp Debug|X86
		WabbitComp Release|Any CPU = WabbitComp Release|Any CPU
		WabbitComp Release|Mixed Platforms = WabbitComp Release|Mixed Platforms
		WabbitComp Release|Win32 = WabbitComp Release|Win32
		WabbitComp Release|X64 = WabbitComp Release|X64
		WabbitComp Release|X86 = WabbitComp Release|X86
		Wabbitemu Release|Any CPU = Wabbitemu Release|Any CPU
		Wabbitemu Release|Mixed Platforms = Wabbitemu Release|Mixed Platforms
		Wabbitemu Release|Win32 = Wabbitemu Release|Win32
		Wabbitemu Release|X64 = Wabbitemu Release|X64
		Wabbitemu Release|X86 = Wabbitemu Release|X86
	EndGlobalSection
	GlobalSection(ProjectConfigurationPlatforms) = postSolution
		{C45C62A4-98E1-4768-9690-EFD2EB2C3272}.CD_ROM|Any CPU.ActiveCfg = Wabbitemu Release|Any CPU
		{C45C62A4-98E1-4768-9690-EFD2EB2C3272}.CD_ROM|Any CPU.Build.0 = Wabbitemu Release|Any CPU
		{C45C62A4-98E1-4768-9690-EFD2EB2C3272}.CD_ROM|Mixed Platforms.ActiveCfg = Wabbitemu Release|X86
		{C45C62A4-98E1-4768-9690-EFD2EB2C3272}.CD_ROM|Mixed Platforms.Build.0 = Wabbitemu Release|X86
		{C45C62A4-98E1-4768-9690-EFD2EB2C3272}.CD_ROM|Win32.ActiveCfg = Wabbitemu Release|X86
		{C45C62A4-98E1-4768-9690-EFD2EB2C3272}.CD_ROM|Win32.Build.0 = Wabbitemu Release|X86
		{C45C62A4-98E1-4768-9690-EFD2EB2C3272}.CD_ROM|X64.ActiveCfg = Wabbitemu Release|X64
		{C45C62A4-98E1-4768-9690-EFD2EB2C3272}.CD_ROM|X64.Build.0 = Wabbitemu Release|X64
		{C45C62A4-98E1-4768-9690-EFD2EB2C3272}.CD_ROM|X86.ActiveCfg = Wabbitemu Release|X86
		{C45C62A4-98E1-4768-9690-EFD2EB2C3272}.CD_ROM|X86.Build.0 = Wabbitemu Release|X86
		{C45C62A4-98E1-4768-9690-EFD2EB2C3272}.Debug DLL|Any CPU.ActiveCfg = SPASM Debug DLL|Any CPU
		{C45C62A4-98E1-4768-9690-EFD2EB2C3272}.Debug DLL|Any CPU.Build.0 = SPASM Debug DLL|Any CPU
		{C45C62A4-98E1-4768-9690-EFD2EB2C3272}.Debug DLL|Mixed Platforms.ActiveCfg = SPASM Debug DLL|X86
		{C45C62A4-98E1-4768-9690-EFD2EB2C3272}.Debug DLL|Mixed Platforms.Build.0 = SPASM Debug DLL|X86
		{C45C62A4-98E1-4768-9690-EFD2EB2C3272}.Debug DLL|Win32.ActiveCfg = SPASM Debug DLL|X86
		{C45C62A4-98E1-4768-9690-EFD2EB2C3272}.Debug DLL|Win32.Build.0 = SPASM Debug DLL|X86
		{C45C62A4-98E1-4768-9690-EFD2EB2C3272}.Debug DLL|X64.ActiveCfg = SPASM Debug DLL|X64
		{C45C62A4-98E1-4768-9690-EFD2EB2C3272}.Debug DLL|X64.Build.0 = SPASM Debug DLL|X64
		{C45C62A4-98E1-4768-9690-EFD2EB2C3272}.Debug DLL|X86.ActiveCfg = SPASM Debug DLL|X86
		{C45C62A4-98E1-4768-9690-EFD2EB2C3272}.Debug DLL|X86.Build.0 = SPASM Debug DLL|X86
		{C45C62A4-98E1-4768-9690-EFD2EB2C3272}.Debug|Any CPU.ActiveCfg = Debug|Any CPU
		{C45C62A4-98E1-4768-9690-EFD2EB2C3272}.Debug|Any CPU.Build.0 = Debug|Any CPU
		{C45C62A4-98E1-4768-9690-EFD2EB2C3272}.Debug|Mixed Platforms.ActiveCfg = Debug|X86
		{C45C62A4-98E1-4768-9690-EFD2EB2C3272}.Debug|Mixed Platforms.Build.0 = Debug|X86
		{C45C62A4-98E1-4768-9690-EFD2EB2C3272}.Debug|Win32.ActiveCfg = Debug|X86
		{C45C62A4-98E1-4768-9690-EFD2EB2C3272}.Debug|Win32.Build.0 = Debug|X86
		{C45C62A4-98E1-4768-9690-EFD2EB2C3272}.Debug|X64.ActiveCfg = Debug|X64
		{C45C62A4-98E1-4768-9690-EFD2EB2C3272}.Debug|X64.Build.0 = Debug|X64
		{C45C62A4-98E1-4768-9690-EFD2EB2C3272}.Debug|X86.ActiveCfg = Debug|X86
		{C45C62A4-98E1-4768-9690-EFD2EB2C3272}.Debug|X86.Build.0 = Debug|X86
		{C45C62A4-98E1-4768-9690-EFD2EB2C3272}.DVD-5|Any CPU.ActiveCfg = Debug|Any CPU
		{C45C62A4-98E1-4768-9690-EFD2EB2C3272}.DVD-5|Any CPU.Build.0 = Debug|Any CPU
		{C45C62A4-98E1-4768-9690-EFD2EB2C3272}.DVD-5|Mixed Platforms.ActiveCfg = Debug|X86
		{C45C62A4-98E1-4768-9690-EFD2EB2C3272}.DVD-5|Mixed Platforms.Build.0 = Debug|X86
		{C45C62A4-98E1-4768-9690-EFD2EB2C3272}.DVD-5|Win32.ActiveCfg = Debug|X86
		{C45C62A4-98E1-4768-9690-EFD2EB2C3272}.DVD-5|Win32.Build.0 = Debug|X86
		{C45C62A4-98E1-4768-9690-EFD2EB2C3272}.DVD-5|X64.ActiveCfg = Debug|X64
		{C45C62A4-98E1-4768-9690-EFD2EB2C3272}.DVD-5|X64.Build.0 = Debug|X64
		{C45C62A4-98E1-4768-9690-EFD2EB2C3272}.DVD-5|X86.ActiveCfg = Debug|X86
		{C45C62A4-98E1-4768-9690-EFD2EB2C3272}.DVD-5|X86.Build.0 = Debug|X86
		{C45C62A4-98E1-4768-9690-EFD2EB2C3272}.Release DLL|Any CPU.ActiveCfg = SPASM Release DLL|Any CPU
		{C45C62A4-98E1-4768-9690-EFD2EB2C3272}.Release DLL|Any CPU.Build.0 = SPASM Release DLL|Any CPU
		{C45C62A4-98E1-4768-9690-EFD2EB2C3272}.Release DLL|Mixed Platforms.ActiveCfg = SPASM Release DLL|X86
		{C45C62A4-98E1-4768-9690-EFD2EB2C3272}.Release DLL|Mixed Platforms.Build.0 = SPASM Release DLL|X86
		{C45C62A4-98E1-4768-9690-EFD2EB2C3272}.Release DLL|Win32.ActiveCfg = SPASM Release DLL|X86
		{C45C62A4-98E1-4768-9690-EFD2EB2C3272}.Release DLL|Win32.Build.0 = SPASM Release DLL|X86
		{C45C62A4-98E1-4768-9690-EFD2EB2C3272}.Release DLL|X64.ActiveCfg = SPASM Release DLL|X64
		{C45C62A4-98E1-4768-9690-EFD2EB2C3272}.Release DLL|X64.Build.0 = SPASM Release DLL|X64
		{C45C62A4-98E1-4768-9690-EFD2EB2C3272}.Release DLL|X86.ActiveCfg = SPASM Release DLL|X86
		{C45C62A4-98E1-4768-9690-EFD2EB2C3272}.Release DLL|X86.Build.0 = SPASM Release DLL|X86
		{C45C62A4-98E1-4768-9690-EFD2EB2C3272}.Release|Any CPU.ActiveCfg = Release|Any CPU
		{C45C62A4-98E1-4768-9690-EFD2EB2C3272}.Release|Any CPU.Build.0 = Release|Any CPU
		{C45C62A4-98E1-4768-9690-EFD2EB2C3272}.Release|Mixed Platforms.ActiveCfg = Release|X86
		{C45C62A4-98E1-4768-9690-EFD2EB2C3272}.Release|Mixed Platforms.Build.0 = Release|X86
		{C45C62A4-98E1-4768-9690-EFD2EB2C3272}.Release|Win32.ActiveCfg = Release|X86
		{C45C62A4-98E1-4768-9690-EFD2EB2C3272}.Release|Win32.Build.0 = Release|X86
		{C45C62A4-98E1-4768-9690-EFD2EB2C3272}.Release|X64.ActiveCfg = Release|X64
		{C45C62A4-98E1-4768-9690-EFD2EB2C3272}.Release|X64.Build.0 = Release|X64
		{C45C62A4-98E1-4768-9690-EFD2EB2C3272}.Release|X86.ActiveCfg = Release|X86
		{C45C62A4-98E1-4768-9690-EFD2EB2C3272}.Release|X86.Build.0 = Release|X86
		{C45C62A4-98E1-4768-9690-EFD2EB2C3272}.SingleImage|Any CPU.ActiveCfg = SPASM Release DLL|Any CPU
		{C45C62A4-98E1-4768-9690-EFD2EB2C3272}.SingleImage|Any CPU.Build.0 = SPASM Release DLL|Any CPU
		{C45C62A4-98E1-4768-9690-EFD2EB2C3272}.SingleImage|Mixed Platforms.ActiveCfg = SPASM Release DLL|X86
		{C45C62A4-98E1-4768-9690-EFD2EB2C3272}.SingleImage|Mixed Platforms.Build.0 = SPASM Release DLL|X86
		{C45C62A4-98E1-4768-9690-EFD2EB2C3272}.SingleImage|Win32.ActiveCfg = SPASM Release DLL|X86
		{C45C62A4-98E1-4768-9690-EFD2EB2C3272}.SingleImage|Win32.Build.0 = SPASM Release DLL|X86
		{C45C62A4-98E1-4768-9690-EFD2EB2C3272}.SingleImage|X64.ActiveCfg = SPASM Release DLL|X64
		{C45C62A4-98E1-4768-9690-EFD2EB2C3272}.SingleImage|X64.Build.0 = SPASM Release DLL|X64
		{C45C62A4-98E1-4768-9690-EFD2EB2C3272}.SingleImage|X86.ActiveCfg = SPASM Release DLL|X86
		{C45C62A4-98E1-4768-9690-EFD2EB2C3272}.SingleImage|X86.Build.0 = SPASM Release DLL|X86
		{C45C62A4-98E1-4768-9690-EFD2EB2C3272}.WabbitComp Debug|Any CPU.ActiveCfg = Wabbitcode Release|Any CPU
		{C45C62A4-98E1-4768-9690-EFD2EB2C3272}.WabbitComp Debug|Any CPU.Build.0 = Wabbitcode Release|Any CPU
		{C45C62A4-98E1-4768-9690-EFD2EB2C3272}.WabbitComp Debug|Mixed Platforms.ActiveCfg = Wabbitcode Release|X86
		{C45C62A4-98E1-4768-9690-EFD2EB2C3272}.WabbitComp Debug|Mixed Platforms.Build.0 = Wabbitcode Release|X86
		{C45C62A4-98E1-4768-9690-EFD2EB2C3272}.WabbitComp Debug|Win32.ActiveCfg = Wabbitcode Release|X86
		{C45C62A4-98E1-4768-9690-EFD2EB2C3272}.WabbitComp Debug|Win32.Build.0 = Wabbitcode Release|X86
		{C45C62A4-98E1-4768-9690-EFD2EB2C3272}.WabbitComp Debug|X64.ActiveCfg = Wabbitcode Release|X64
		{C45C62A4-98E1-4768-9690-EFD2EB2C3272}.WabbitComp Debug|X64.Build.0 = Wabbitcode Release|X64
		{C45C62A4-98E1-4768-9690-EFD2EB2C3272}.WabbitComp Debug|X86.ActiveCfg = Wabbitcode Release|X86
		{C45C62A4-98E1-4768-9690-EFD2EB2C3272}.WabbitComp Debug|X86.Build.0 = Wabbitcode Release|X86
		{C45C62A4-98E1-4768-9690-EFD2EB2C3272}.WabbitComp Release|Any CPU.ActiveCfg = Wabbitcode Release|Any CPU
		{C45C62A4-98E1-4768-9690-EFD2EB2C3272}.WabbitComp Release|Any CPU.Build.0 = Wabbitcode Release|Any CPU
		{C45C62A4-98E1-4768-9690-EFD2EB2C3272}.WabbitComp Release|Mixed Platforms.ActiveCfg = Wabbitcode Release|X86
		{C45C62A4-98E1-4768-9690-EFD2EB2C3272}.WabbitComp Release|Mixed Platforms.Build.0 = Wabbitcode Release|X86
		{C45C62A4-98E1-4768-9690-EFD2EB2C3272}.WabbitComp Release|Win32.ActiveCfg = Wabbitcode Release|X86
		{C45C62A4-98E1-4768-9690-EFD2EB2C3272}.WabbitComp Release|Win32.Build.0 = Wabbitcode Release|X86
		{C45C62A4-98E1-4768-9690-EFD2EB2C3272}.WabbitComp Release|X64.ActiveCfg = Wabbitcode Release|X64
		{C45C62A4-98E1-4768-9690-EFD2EB2C3272}.WabbitComp Release|X64.Build.0 = Wabbitcode Release|X64
		{C45C62A4-98E1-4768-9690-EFD2EB2C3272}.WabbitComp Release|X86.ActiveCfg = Wabbitcode Release|X86
		{C45C62A4-98E1-4768-9690-EFD2EB2C3272}.WabbitComp Release|X86.Build.0 = Wabbitcode Release|X86
		{C45C62A4-98E1-4768-9690-EFD2EB2C3272}.Wabbitemu Release|Any CPU.ActiveCfg = Wabbitemu Release|Any CPU
		{C45C62A4-98E1-4768-9690-EFD2EB2C3272}.Wabbitemu Release|Any CPU.Build.0 = Wabbitemu Release|Any CPU
		{C45C62A4-98E1-4768-9690-EFD2EB2C3272}.Wabbitemu Release|Mixed Platforms.ActiveCfg = Wabbitemu Release|X86
		{C45C62A4-98E1-4768-9690-EFD2EB2C3272}.Wabbitemu Release|Mixed Platforms.Build.0 = Wabbitemu Release|X86
		{C45C62A4-98E1-4768-9690-EFD2EB2C3272}.Wabbitemu Release|Win32.ActiveCfg = Wabbitemu Release|X86
		{C45C62A4-98E1-4768-9690-EFD2EB2C3272}.Wabbitemu Release|Win32.Build.0 = Wabbitemu Release|X86
		{C45C62A4-98E1-4768-9690-EFD2EB2C3272}.Wabbitemu Release|X64.ActiveCfg = Wabbitemu Release|X64
		{C45C62A4-98E1-4768-9690-EFD2EB2C3272}.Wabbitemu Release|X64.Build.0 = Wabbitemu Release|X64
		{C45C62A4-98E1-4768-9690-EFD2EB2C3272}.Wabbitemu Release|X86.ActiveCfg = Wabbitemu Release|X86
		{C45C62A4-98E1-4768-9690-EFD2EB2C3272}.Wabbitemu Release|X86.Build.0 = Wabbitemu Release|X86
		{2D18BE89-D210-49EB-A9DD-2246FBB3DF6D}.CD_ROM|Any CPU.ActiveCfg = Wabbitemu Release|Any CPU
		{2D18BE89-D210-49EB-A9DD-2246FBB3DF6D}.CD_ROM|Any CPU.Build.0 = Wabbitemu Release|Any CPU
		{2D18BE89-D210-49EB-A9DD-2246FBB3DF6D}.CD_ROM|Mixed Platforms.ActiveCfg = Wabbitemu Release|X86
		{2D18BE89-D210-49EB-A9DD-2246FBB3DF6D}.CD_ROM|Mixed Platforms.Build.0 = Wabbitemu Release|X86
		{2D18BE89-D210-49EB-A9DD-2246FBB3DF6D}.CD_ROM|Win32.ActiveCfg = Wabbitemu Release|X86
		{2D18BE89-D210-49EB-A9DD-2246FBB3DF6D}.CD_ROM|Win32.Build.0 = Wabbitemu Release|X86
		{2D18BE89-D210-49EB-A9DD-2246FBB3DF6D}.CD_ROM|X64.ActiveCfg = Wabbitemu Release|X64
		{2D18BE89-D210-49EB-A9DD-2246FBB3DF6D}.CD_ROM|X64.Build.0 = Wabbitemu Release|X64
		{2D18BE89-D210-49EB-A9DD-2246FBB3DF6D}.CD_ROM|X86.ActiveCfg = Wabbitemu Release|X86
		{2D18BE89-D210-49EB-A9DD-2246FBB3DF6D}.CD_ROM|X86.Build.0 = Wabbitemu Release|X86
		{2D18BE89-D210-49EB-A9DD-2246FBB3DF6D}.Debug DLL|Any CPU.ActiveCfg = SPASM Debug DLL|Any CPU
		{2D18BE89-D210-49EB-A9DD-2246FBB3DF6D}.Debug DLL|Any CPU.Build.0 = SPASM Debug DLL|Any CPU
		{2D18BE89-D210-49EB-A9DD-2246FBB3DF6D}.Debug DLL|Mixed Platforms.ActiveCfg = SPASM Debug DLL|X86
		{2D18BE89-D210-49EB-A9DD-2246FBB3DF6D}.Debug DLL|Mixed Platforms.Build.0 = SPASM Debug DLL|X86
		{2D18BE89-D210-49EB-A9DD-2246FBB3DF6D}.Debug DLL|Win32.ActiveCfg = SPASM Debug DLL|X86
		{2D18BE89-D210-49EB-A9DD-2246FBB3DF6D}.Debug DLL|Win32.Build.0 = SPASM Debug DLL|X86
		{2D18BE89-D210-49EB-A9DD-2246FBB3DF6D}.Debug DLL|X64.ActiveCfg = SPASM Debug DLL|X64
		{2D18BE89-D210-49EB-A9DD-2246FBB3DF6D}.Debug DLL|X64.Build.0 = SPASM Debug DLL|X64
		{2D18BE89-D210-49EB-A9DD-2246FBB3DF6D}.Debug DLL|X86.ActiveCfg = SPASM Debug DLL|X86
		{2D18BE89-D210-49EB-A9DD-2246FBB3DF6D}.Debug DLL|X86.Build.0 = SPASM Debug DLL|X86
		{2D18BE89-D210-49EB-A9DD-2246FBB3DF6D}.Debug|Any CPU.ActiveCfg = Debug|Any CPU
		{2D18BE89-D210-49EB-A9DD-2246FBB3DF6D}.Debug|Any CPU.Build.0 = Debug|Any CPU
		{2D18BE89-D210-49EB-A9DD-2246FBB3DF6D}.Debug|Mixed Platforms.ActiveCfg = Debug|X86
		{2D18BE89-D210-49EB-A9DD-2246FBB3DF6D}.Debug|Mixed Platforms.Build.0 = Debug|X86
		{2D18BE89-D210-49EB-A9DD-2246FBB3DF6D}.Debug|Win32.ActiveCfg = Debug|X86
		{2D18BE89-D210-49EB-A9DD-2246FBB3DF6D}.Debug|Win32.Build.0 = Debug|X86
		{2D18BE89-D210-49EB-A9DD-2246FBB3DF6D}.Debug|X64.ActiveCfg = Debug|X64
		{2D18BE89-D210-49EB-A9DD-2246FBB3DF6D}.Debug|X64.Build.0 = Debug|X64
		{2D18BE89-D210-49EB-A9DD-2246FBB3DF6D}.Debug|X86.ActiveCfg = Debug|X86
		{2D18BE89-D210-49EB-A9DD-2246FBB3DF6D}.Debug|X86.Build.0 = Debug|X86
		{2D18BE89-D210-49EB-A9DD-2246FBB3DF6D}.DVD-5|Any CPU.ActiveCfg = Debug|Any CPU
		{2D18BE89-D210-49EB-A9DD-2246FBB3DF6D}.DVD-5|Any CPU.Build.0 = Debug|Any CPU
		{2D18BE89-D210-49EB-A9DD-2246FBB3DF6D}.DVD-5|Mixed Platforms.ActiveCfg = Debug|X86
		{2D18BE89-D210-49EB-A9DD-2246FBB3DF6D}.DVD-5|Mixed Platforms.Build.0 = Debug|X86
		{2D18BE89-D210-49EB-A9DD-2246FBB3DF6D}.DVD-5|Win32.ActiveCfg = Debug|X86
		{2D18BE89-D210-49EB-A9DD-2246FBB3DF6D}.DVD-5|Win32.Build.0 = Debug|X86
		{2D18BE89-D210-49EB-A9DD-2246FBB3DF6D}.DVD-5|X64.ActiveCfg = Debug|X64
		{2D18BE89-D210-49EB-A9DD-2246FBB3DF6D}.DVD-5|X64.Build.0 = Debug|X64
		{2D18BE89-D210-49EB-A9DD-2246FBB3DF6D}.DVD-5|X86.ActiveCfg = Debug|X86
		{2D18BE89-D210-49EB-A9DD-2246FBB3DF6D}.DVD-5|X86.Build.0 = Debug|X86
		{2D18BE89-D210-49EB-A9DD-2246FBB3DF6D}.Release DLL|Any CPU.ActiveCfg = SPASM Release DLL|Any CPU
		{2D18BE89-D210-49EB-A9DD-2246FBB3DF6D}.Release DLL|Any CPU.Build.0 = SPASM Release DLL|Any CPU
		{2D18BE89-D210-49EB-A9DD-2246FBB3DF6D}.Release DLL|Mixed Platforms.ActiveCfg = SPASM Release DLL|X86
		{2D18BE89-D210-49EB-A9DD-2246FBB3DF6D}.Release DLL|Mixed Platforms.Build.0 = SPASM Release DLL|X86
		{2D18BE89-D210-49EB-A9DD-2246FBB3DF6D}.Release DLL|Win32.ActiveCfg = SPASM Release DLL|X86
		{2D18BE89-D210-49EB-A9DD-2246FBB3DF6D}.Release DLL|Win32.Build.0 = SPASM Release DLL|X86
		{2D18BE89-D210-49EB-A9DD-2246FBB3DF6D}.Release DLL|X64.ActiveCfg = SPASM Release DLL|X64
		{2D18BE89-D210-49EB-A9DD-2246FBB3DF6D}.Release DLL|X64.Build.0 = SPASM Release DLL|X64
		{2D18BE89-D210-49EB-A9DD-2246FBB3DF6D}.Release DLL|X86.ActiveCfg = SPASM Release DLL|X86
		{2D18BE89-D210-49EB-A9DD-2246FBB3DF6D}.Release DLL|X86.Build.0 = SPASM Release DLL|X86
		{2D18BE89-D210-49EB-A9DD-2246FBB3DF6D}.Release|Any CPU.ActiveCfg = Release|Any CPU
		{2D18BE89-D210-49EB-A9DD-2246FBB3DF6D}.Release|Any CPU.Build.0 = Release|Any CPU
		{2D18BE89-D210-49EB-A9DD-2246FBB3DF6D}.Release|Mixed Platforms.ActiveCfg = Release|X86
		{2D18BE89-D210-49EB-A9DD-2246FBB3DF6D}.Release|Mixed Platforms.Build.0 = Release|X86
		{2D18BE89-D210-49EB-A9DD-2246FBB3DF6D}.Release|Win32.ActiveCfg = Release|X86
		{2D18BE89-D210-49EB-A9DD-2246FBB3DF6D}.Release|Win32.Build.0 = Release|X86
		{2D18BE89-D210-49EB-A9DD-2246FBB3DF6D}.Release|X64.ActiveCfg = Release|X64
		{2D18BE89-D210-49EB-A9DD-2246FBB3DF6D}.Release|X64.Build.0 = Release|X64
		{2D18BE89-D210-49EB-A9DD-2246FBB3DF6D}.Release|X86.ActiveCfg = Release|X86
		{2D18BE89-D210-49EB-A9DD-2246FBB3DF6D}.Release|X86.Build.0 = Release|X86
		{2D18BE89-D210-49EB-A9DD-2246FBB3DF6D}.SingleImage|Any CPU.ActiveCfg = SPASM Release DLL|Any CPU
		{2D18BE89-D210-49EB-A9DD-2246FBB3DF6D}.SingleImage|Any CPU.Build.0 = SPASM Release DLL|Any CPU
		{2D18BE89-D210-49EB-A9DD-2246FBB3DF6D}.SingleImage|Mixed Platforms.ActiveCfg = SPASM Release DLL|X86
		{2D18BE89-D210-49EB-A9DD-2246FBB3DF6D}.SingleImage|Mixed Platforms.Build.0 = SPASM Release DLL|X86
		{2D18BE89-D210-49EB-A9DD-2246FBB3DF6D}.SingleImage|Win32.ActiveCfg = SPASM Release DLL|X86
		{2D18BE89-D210-49EB-A9DD-2246FBB3DF6D}.SingleImage|Win32.Build.0 = SPASM Release DLL|X86
		{2D18BE89-D210-49EB-A9DD-2246FBB3DF6D}.SingleImage|X64.ActiveCfg = SPASM Release DLL|X64
		{2D18BE89-D210-49EB-A9DD-2246FBB3DF6D}.SingleImage|X64.Build.0 = SPASM Release DLL|X64
		{2D18BE89-D210-49EB-A9DD-2246FBB3DF6D}.SingleImage|X86.ActiveCfg = SPASM Release DLL|X86
		{2D18BE89-D210-49EB-A9DD-2246FBB3DF6D}.SingleImage|X86.Build.0 = SPASM Release DLL|X86
		{2D18BE89-D210-49EB-A9DD-2246FBB3DF6D}.WabbitComp Debug|Any CPU.ActiveCfg = Wabbitcode Release|Any CPU
		{2D18BE89-D210-49EB-A9DD-2246FBB3DF6D}.WabbitComp Debug|Any CPU.Build.0 = Wabbitcode Release|Any CPU
		{2D18BE89-D210-49EB-A9DD-2246FBB3DF6D}.WabbitComp Debug|Mixed Platforms.ActiveCfg = Wabbitcode Release|X86
		{2D18BE89-D210-49EB-A9DD-2246FBB3DF6D}.WabbitComp Debug|Mixed Platforms.Build.0 = Wabbitcode Release|X86
		{2D18BE89-D210-49EB-A9DD-2246FBB3DF6D}.WabbitComp Debug|Win32.ActiveCfg = Wabbitcode Release|X86
		{2D18BE89-D210-49EB-A9DD-2246FBB3DF6D}.WabbitComp Debug|Win32.Build.0 = Wabbitcode Release|X86
		{2D18BE89-D210-49EB-A9DD-2246FBB3DF6D}.WabbitComp Debug|X64.ActiveCfg = Wabbitcode Release|X64
		{2D18BE89-D210-49EB-A9DD-2246FBB3DF6D}.WabbitComp Debug|X64.Build.0 = Wabbitcode Release|X64
		{2D18BE89-D210-49EB-A9DD-2246FBB3DF6D}.WabbitComp Debug|X86.ActiveCfg = Wabbitcode Release|X86
		{2D18BE89-D210-49EB-A9DD-2246FBB3DF6D}.WabbitComp Debug|X86.Build.0 = Wabbitcode Release|X86
		{2D18BE89-D210-49EB-A9DD-2246FBB3DF6D}.WabbitComp Release|Any CPU.ActiveCfg = Wabbitcode Release|Any CPU
		{2D18BE89-D210-49EB-A9DD-2246FBB3DF6D}.WabbitComp Release|Any CPU.Build.0 = Wabbitcode Release|Any CPU
		{2D18BE89-D210-49EB-A9DD-2246FBB3DF6D}.WabbitComp Release|Mixed Platforms.ActiveCfg = Wabbitcode Release|X86
		{2D18BE89-D210-49EB-A9DD-2246FBB3DF6D}.WabbitComp Release|Mixed Platforms.Build.0 = Wabbitcode Release|X86
		{2D18BE89-D210-49EB-A9DD-2246FBB3DF6D}.WabbitComp Release|Win32.ActiveCfg = Wabbitcode Release|X86
		{2D18BE89-D210-49EB-A9DD-2246FBB3DF6D}.WabbitComp Release|Win32.Build.0 = Wabbitcode Release|X86
		{2D18BE89-D210-49EB-A9DD-2246FBB3DF6D}.WabbitComp Release|X64.ActiveCfg = Wabbitcode Release|X64
		{2D18BE89-D210-49EB-A9DD-2246FBB3DF6D}.WabbitComp Release|X64.Build.0 = Wabbitcode Release|X64
		{2D18BE89-D210-49EB-A9DD-2246FBB3DF6D}.WabbitComp Release|X86.ActiveCfg = Wabbitcode Release|X86
		{2D18BE89-D210-49EB-A9DD-2246FBB3DF6D}.WabbitComp Release|X86.Build.0 = Wabbitcode Release|X86
		{2D18BE89-D210-49EB-A9DD-2246FBB3DF6D}.Wabbitemu Release|Any CPU.ActiveCfg = Wabbitemu Release|Any CPU
		{2D18BE89-D210-49EB-A9DD-2246FBB3DF6D}.Wabbitemu Release|Any CPU.Build.0 = Wabbitemu Release|Any CPU
		{2D18BE89-D210-49EB-A9DD-2246FBB3DF6D}.Wabbitemu Release|Mixed Platforms.ActiveCfg = Wabbitemu Release|X86
		{2D18BE89-D210-49EB-A9DD-2246FBB3DF6D}.Wabbitemu Release|Mixed Platforms.Build.0 = Wabbitemu Release|X86
		{2D18BE89-D210-49EB-A9DD-2246FBB3DF6D}.Wabbitemu Release|Win32.ActiveCfg = Wabbitemu Release|X86
		{2D18BE89-D210-49EB-A9DD-2246FBB3DF6D}.Wabbitemu Release|Win32.Build.0 = Wabbitemu Release|X86
		{2D18BE89-D210-49EB-A9DD-2246FBB3DF6D}.Wabbitemu Release|X64.ActiveCfg = Wabbitemu Release|X64
		{2D18BE89-D210-49EB-A9DD-2246FBB3DF6D}.Wabbitemu Release|X64.Build.0 = Wabbitemu Release|X64
		{2D18BE89-D210-49EB-A9DD-2246FBB3DF6D}.Wabbitemu Release|X86.ActiveCfg = Wabbitemu Release|X86
		{2D18BE89-D210-49EB-A9DD-2246FBB3DF6D}.Wabbitemu Release|X86.Build.0 = Wabbitemu Release|X86
		{1BF86B19-DD98-43B0-BD97-6164D56EDE8C}.CD_ROM|Any CPU.ActiveCfg = Wabbitemu Release|Any CPU
		{1BF86B19-DD98-43B0-BD97-6164D56EDE8C}.CD_ROM|Any CPU.Build.0 = Wabbitemu Release|Any CPU
		{1BF86B19-DD98-43B0-BD97-6164D56EDE8C}.CD_ROM|Mixed Platforms.ActiveCfg = Wabbitemu Release|X86
		{1BF86B19-DD98-43B0-BD97-6164D56EDE8C}.CD_ROM|Mixed Platforms.Build.0 = Wabbitemu Release|X86
		{1BF86B19-DD98-43B0-BD97-6164D56EDE8C}.CD_ROM|Win32.ActiveCfg = Wabbitemu Release|X86
		{1BF86B19-DD98-43B0-BD97-6164D56EDE8C}.CD_ROM|Win32.Build.0 = Wabbitemu Release|X86
		{1BF86B19-DD98-43B0-BD97-6164D56EDE8C}.CD_ROM|X64.ActiveCfg = Wabbitemu Release|X64
		{1BF86B19-DD98-43B0-BD97-6164D56EDE8C}.CD_ROM|X64.Build.0 = Wabbitemu Release|X64
		{1BF86B19-DD98-43B0-BD97-6164D56EDE8C}.CD_ROM|X86.ActiveCfg = Wabbitemu Release|X86
		{1BF86B19-DD98-43B0-BD97-6164D56EDE8C}.CD_ROM|X86.Build.0 = Wabbitemu Release|X86
		{1BF86B19-DD98-43B0-BD97-6164D56EDE8C}.Debug DLL|Any CPU.ActiveCfg = SPASM Debug DLL|Any CPU
		{1BF86B19-DD98-43B0-BD97-6164D56EDE8C}.Debug DLL|Any CPU.Build.0 = SPASM Debug DLL|Any CPU
		{1BF86B19-DD98-43B0-BD97-6164D56EDE8C}.Debug DLL|Mixed Platforms.ActiveCfg = SPASM Debug DLL|X86
		{1BF86B19-DD98-43B0-BD97-6164D56EDE8C}.Debug DLL|Mixed Platforms.Build.0 = SPASM Debug DLL|X86
		{1BF86B19-DD98-43B0-BD97-6164D56EDE8C}.Debug DLL|Win32.ActiveCfg = SPASM Debug DLL|X86
		{1BF86B19-DD98-43B0-BD97-6164D56EDE8C}.Debug DLL|Win32.Build.0 = SPASM Debug DLL|X86
		{1BF86B19-DD98-43B0-BD97-6164D56EDE8C}.Debug DLL|X64.ActiveCfg = SPASM Debug DLL|X64
		{1BF86B19-DD98-43B0-BD97-6164D56EDE8C}.Debug DLL|X64.Build.0 = SPASM Debug DLL|X64
		{1BF86B19-DD98-43B0-BD97-6164D56EDE8C}.Debug DLL|X86.ActiveCfg = SPASM Debug DLL|X86
		{1BF86B19-DD98-43B0-BD97-6164D56EDE8C}.Debug DLL|X86.Build.0 = SPASM Debug DLL|X86
		{1BF86B19-DD98-43B0-BD97-6164D56EDE8C}.Debug|Any CPU.ActiveCfg = Debug|Any CPU
		{1BF86B19-DD98-43B0-BD97-6164D56EDE8C}.Debug|Any CPU.Build.0 = Debug|Any CPU
		{1BF86B19-DD98-43B0-BD97-6164D56EDE8C}.Debug|Mixed Platforms.ActiveCfg = Debug|X86
		{1BF86B19-DD98-43B0-BD97-6164D56EDE8C}.Debug|Mixed Platforms.Build.0 = Debug|X86
		{1BF86B19-DD98-43B0-BD97-6164D56EDE8C}.Debug|Win32.ActiveCfg = Debug|X86
		{1BF86B19-DD98-43B0-BD97-6164D56EDE8C}.Debug|Win32.Build.0 = Debug|X86
		{1BF86B19-DD98-43B0-BD97-6164D56EDE8C}.Debug|X64.ActiveCfg = Debug|X64
		{1BF86B19-DD98-43B0-BD97-6164D56EDE8C}.Debug|X64.Build.0 = Debug|X64
		{1BF86B19-DD98-43B0-BD97-6164D56EDE8C}.Debug|X86.ActiveCfg = Debug|X86
		{1BF86B19-DD98-43B0-BD97-6164D56EDE8C}.Debug|X86.Build.0 = Debug|X86
		{1BF86B19-DD98-43B0-BD97-6164D56EDE8C}.DVD-5|Any CPU.ActiveCfg = Debug|Any CPU
		{1BF86B19-DD98-43B0-BD97-6164D56EDE8C}.DVD-5|Any CPU.Build.0 = Debug|Any CPU
		{1BF86B19-DD98-43B0-BD97-6164D56EDE8C}.DVD-5|Mixed Platforms.ActiveCfg = Debug|X86
		{1BF86B19-DD98-43B0-BD97-6164D56EDE8C}.DVD-5|Mixed Platforms.Build.0 = Debug|X86
		{1BF86B19-DD98-43B0-BD97-6164D56EDE8C}.DVD-5|Win32.ActiveCfg = Debug|X86
		{1BF86B19-DD98-43B0-BD97-6164D56EDE8C}.DVD-5|Win32.Build.0 = Debug|X86
		{1BF86B19-DD98-43B0-BD97-6164D56EDE8C}.DVD-5|X64.ActiveCfg = Debug|X64
		{1BF86B19-DD98-43B0-BD97-6164D56EDE8C}.DVD-5|X64.Build.0 = Debug|X64
		{1BF86B19-DD98-43B0-BD97-6164D56EDE8C}.DVD-5|X86.ActiveCfg = Debug|X86
		{1BF86B19-DD98-43B0-BD97-6164D56EDE8C}.DVD-5|X86.Build.0 = Debug|X86
		{1BF86B19-DD98-43B0-BD97-6164D56EDE8C}.Release DLL|Any CPU.ActiveCfg = SPASM Release DLL|Any CPU
		{1BF86B19-DD98-43B0-BD97-6164D56EDE8C}.Release DLL|Any CPU.Build.0 = SPASM Release DLL|Any CPU
		{1BF86B19-DD98-43B0-BD97-6164D56EDE8C}.Release DLL|Mixed Platforms.ActiveCfg = SPASM Release DLL|X86
		{1BF86B19-DD98-43B0-BD97-6164D56EDE8C}.Release DLL|Mixed Platforms.Build.0 = SPASM Release DLL|X86
		{1BF86B19-DD98-43B0-BD97-6164D56EDE8C}.Release DLL|Win32.ActiveCfg = SPASM Release DLL|X86
		{1BF86B19-DD98-43B0-BD97-6164D56EDE8C}.Release DLL|Win32.Build.0 = SPASM Release DLL|X86
		{1BF86B19-DD98-43B0-BD97-6164D56EDE8C}.Release DLL|X64.ActiveCfg = SPASM Release DLL|X64
		{1BF86B19-DD98-43B0-BD97-6164D56EDE8C}.Release DLL|X64.Build.0 = SPASM Release DLL|X64
		{1BF86B19-DD98-43B0-BD97-6164D56EDE8C}.Release DLL|X86.ActiveCfg = SPASM Release DLL|X86
		{1BF86B19-DD98-43B0-BD97-6164D56EDE8C}.Release DLL|X86.Build.0 = SPASM Release DLL|X86
		{1BF86B19-DD98-43B0-BD97-6164D56EDE8C}.Release|Any CPU.ActiveCfg = Release|Any CPU
		{1BF86B19-DD98-43B0-BD97-6164D56EDE8C}.Release|Any CPU.Build.0 = Release|Any CPU
		{1BF86B19-DD98-43B0-BD97-6164D56EDE8C}.Release|Mixed Platforms.ActiveCfg = Release|X86
		{1BF86B19-DD98-43B0-BD97-6164D56EDE8C}.Release|Mixed Platforms.Build.0 = Release|X86
		{1BF86B19-DD98-43B0-BD97-6164D56EDE8C}.Release|Win32.ActiveCfg = Release|X86
		{1BF86B19-DD98-43B0-BD97-6164D56EDE8C}.Release|Win32.Build.0 = Release|X86
		{1BF86B19-DD98-43B0-BD97-6164D56EDE8C}.Release|X64.ActiveCfg = Release|X64
		{1BF86B19-DD98-43B0-BD97-6164D56EDE8C}.Release|X64.Build.0 = Release|X64
		{1BF86B19-DD98-43B0-BD97-6164D56EDE8C}.Release|X86.ActiveCfg = Release|X86
		{1BF86B19-DD98-43B0-BD97-6164D56EDE8C}.Release|X86.Build.0 = Release|X86
		{1BF86B19-DD98-43B0-BD97-6164D56EDE8C}.SingleImage|Any CPU.ActiveCfg = SPASM Release DLL|Any CPU
		{1BF86B19-DD98-43B0-BD97-6164D56EDE8C}.SingleImage|Any CPU.Build.0 = SPASM Release DLL|Any CPU
		{1BF86B19-DD98-43B0-BD97-6164D56EDE8C}.SingleImage|Mixed Platforms.ActiveCfg = SPASM Release DLL|X86
		{1BF86B19-DD98-43B0-BD97-6164D56EDE8C}.SingleImage|Mixed Platforms.Build.0 = SPASM Release DLL|X86
		{1BF86B19-DD98-43B0-BD97-6164D56EDE8C}.SingleImage|Win32.ActiveCfg = SPASM Release DLL|X86
		{1BF86B19-DD98-43B0-BD97-6164D56EDE8C}.SingleImage|Win32.Build.0 = SPASM Release DLL|X86
		{1BF86B19-DD98-43B0-BD97-6164D56EDE8C}.SingleImage|X64.ActiveCfg = SPASM Release DLL|X64
		{1BF86B19-DD98-43B0-BD97-6164D56EDE8C}.SingleImage|X64.Build.0 = SPASM Release DLL|X64
		{1BF86B19-DD98-43B0-BD97-6164D56EDE8C}.SingleImage|X86.ActiveCfg = SPASM Release DLL|X86
		{1BF86B19-DD98-43B0-BD97-6164D56EDE8C}.SingleImage|X86.Build.0 = SPASM Release DLL|X86
		{1BF86B19-DD98-43B0-BD97-6164D56EDE8C}.WabbitComp Debug|Any CPU.ActiveCfg = Wabbitcode Release|Any CPU
		{1BF86B19-DD98-43B0-BD97-6164D56EDE8C}.WabbitComp Debug|Any CPU.Build.0 = Wabbitcode Release|Any CPU
		{1BF86B19-DD98-43B0-BD97-6164D56EDE8C}.WabbitComp Debug|Mixed Platforms.ActiveCfg = Wabbitcode Release|X86
		{1BF86B19-DD98-43B0-BD97-6164D56EDE8C}.WabbitComp Debug|Mixed Platforms.Build.0 = Wabbitcode Release|X86
		{1BF86B19-DD98-43B0-BD97-6164D56EDE8C}.WabbitComp Debug|Win32.ActiveCfg = Wabbitcode Release|X86
		{1BF86B19-DD98-43B0-BD97-6164D56EDE8C}.WabbitComp Debug|Win32.Build.0 = Wabbitcode Release|X86
		{1BF86B19-DD98-43B0-BD97-6164D56EDE8C}.WabbitComp Debug|X64.ActiveCfg = Wabbitcode Release|X64
		{1BF86B19-DD98-43B0-BD97-6164D56EDE8C}.WabbitComp Debug|X64.Build.0 = Wabbitcode Release|X64
		{1BF86B19-DD98-43B0-BD97-6164D56EDE8C}.WabbitComp Debug|X86.ActiveCfg = Wabbitcode Release|X86
		{1BF86B19-DD98-43B0-BD97-6164D56EDE8C}.WabbitComp Debug|X86.Build.0 = Wabbitcode Release|X86
		{1BF86B19-DD98-43B0-BD97-6164D56EDE8C}.WabbitComp Release|Any CPU.ActiveCfg = Wabbitcode Release|Any CPU
		{1BF86B19-DD98-43B0-BD97-6164D56EDE8C}.WabbitComp Release|Any CPU.Build.0 = Wabbitcode Release|Any CPU
		{1BF86B19-DD98-43B0-BD97-6164D56EDE8C}.WabbitComp Release|Mixed Platforms.ActiveCfg = Wabbitcode Release|X86
		{1BF86B19-DD98-43B0-BD97-6164D56EDE8C}.WabbitComp Release|Mixed Platforms.Build.0 = Wabbitcode Release|X86
		{1BF86B19-DD98-43B0-BD97-6164D56EDE8C}.WabbitComp Release|Win32.ActiveCfg = Wabbitcode Release|X86
		{1BF86B19-DD98-43B0-BD97-6164D56EDE8C}.WabbitComp Release|Win32.Build.0 = Wabbitcode Release|X86
		{1BF86B19-DD98-43B0-BD97-6164D56EDE8C}.WabbitComp Release|X64.ActiveCfg = Wabbitcode Release|X64
		{1BF86B19-DD98-43B0-BD97-6164D56EDE8C}.WabbitComp Release|X64.Build.0 = Wabbitcode Release|X64
		{1BF86B19-DD98-43B0-BD97-6164D56EDE8C}.WabbitComp Release|X86.ActiveCfg = Wabbitcode Release|X86
		{1BF86B19-DD98-43B0-BD97-6164D56EDE8C}.WabbitComp Release|X86.Build.0 = Wabbitcode Release|X86
		{1BF86B19-DD98-43B0-BD97-6164D56EDE8C}.Wabbitemu Release|Any CPU.ActiveCfg = Wabbitemu Release|Any CPU
		{1BF86B19-DD98-43B0-BD97-6164D56EDE8C}.Wabbitemu Release|Any CPU.Build.0 = Wabbitemu Release|Any CPU
		{1BF86B19-DD98-43B0-BD97-6164D56EDE8C}.Wabbitemu Release|Mixed Platforms.ActiveCfg = Wabbitemu Release|X86
		{1BF86B19-DD98-43B0-BD97-6164D56EDE8C}.Wabbitemu Release|Mixed Platforms.Build.0 = Wabbitemu Release|X86
		{1BF86B19-DD98-43B0-BD97-6164D56EDE8C}.Wabbitemu Release|Win32.ActiveCfg = Wabbitemu Release|X86
		{1BF86B19-DD98-43B0-BD97-6164D56EDE8C}.Wabbitemu Release|Win32.Build.0 = Wabbitemu Release|X86
		{1BF86B19-DD98-43B0-BD97-6164D56EDE8C}.Wabbitemu Release|X64.ActiveCfg = Wabbitemu Release|X64
		{1BF86B19-DD98-43B0-BD97-6164D56EDE8C}.Wabbitemu Release|X64.Build.0 = Wabbitemu Release|X64
		{1BF86B19-DD98-43B0-BD97-6164D56EDE8C}.Wabbitemu Release|X86.ActiveCfg = Wabbitemu Release|X86
		{1BF86B19-DD98-43B0-BD97-6164D56EDE8C}.Wabbitemu Release|X86.Build.0 = Wabbitemu Release|X86
		{7F7E8EB5-BBB9-498F-B4A2-97BBBB90C15F}.CD_ROM|Any CPU.ActiveCfg = Wabbitemu Release|Any CPU
		{7F7E8EB5-BBB9-498F-B4A2-97BBBB90C15F}.CD_ROM|Any CPU.Build.0 = Wabbitemu Release|Any CPU
		{7F7E8EB5-BBB9-498F-B4A2-97BBBB90C15F}.CD_ROM|Mixed Platforms.ActiveCfg = Wabbitemu Release|X86
		{7F7E8EB5-BBB9-498F-B4A2-97BBBB90C15F}.CD_ROM|Mixed Platforms.Build.0 = Wabbitemu Release|X86
		{7F7E8EB5-BBB9-498F-B4A2-97BBBB90C15F}.CD_ROM|Win32.ActiveCfg = Wabbitemu Release|X86
		{7F7E8EB5-BBB9-498F-B4A2-97BBBB90C15F}.CD_ROM|Win32.Build.0 = Wabbitemu Release|X86
		{7F7E8EB5-BBB9-498F-B4A2-97BBBB90C15F}.CD_ROM|X64.ActiveCfg = Wabbitemu Release|X64
		{7F7E8EB5-BBB9-498F-B4A2-97BBBB90C15F}.CD_ROM|X64.Build.0 = Wabbitemu Release|X64
		{7F7E8EB5-BBB9-498F-B4A2-97BBBB90C15F}.CD_ROM|X86.ActiveCfg = Wabbitemu Release|X86
		{7F7E8EB5-BBB9-498F-B4A2-97BBBB90C15F}.CD_ROM|X86.Build.0 = Wabbitemu Release|X86
		{7F7E8EB5-BBB9-498F-B4A2-97BBBB90C15F}.Debug DLL|Any CPU.ActiveCfg = SPASM Debug DLL|Any CPU
		{7F7E8EB5-BBB9-498F-B4A2-97BBBB90C15F}.Debug DLL|Any CPU.Build.0 = SPASM Debug DLL|Any CPU
		{7F7E8EB5-BBB9-498F-B4A2-97BBBB90C15F}.Debug DLL|Mixed Platforms.ActiveCfg = SPASM Debug DLL|X86
		{7F7E8EB5-BBB9-498F-B4A2-97BBBB90C15F}.Debug DLL|Mixed Platforms.Build.0 = SPASM Debug DLL|X86
		{7F7E8EB5-BBB9-498F-B4A2-97BBBB90C15F}.Debug DLL|Win32.ActiveCfg = SPASM Debug DLL|X86
		{7F7E8EB5-BBB9-498F-B4A2-97BBBB90C15F}.Debug DLL|Win32.Build.0 = SPASM Debug DLL|X86
		{7F7E8EB5-BBB9-498F-B4A2-97BBBB90C15F}.Debug DLL|X64.ActiveCfg = SPASM Debug DLL|X64
		{7F7E8EB5-BBB9-498F-B4A2-97BBBB90C15F}.Debug DLL|X64.Build.0 = SPASM Debug DLL|X64
		{7F7E8EB5-BBB9-498F-B4A2-97BBBB90C15F}.Debug DLL|X86.ActiveCfg = SPASM Debug DLL|X86
		{7F7E8EB5-BBB9-498F-B4A2-97BBBB90C15F}.Debug DLL|X86.Build.0 = SPASM Debug DLL|X86
		{7F7E8EB5-BBB9-498F-B4A2-97BBBB90C15F}.Debug|Any CPU.ActiveCfg = Debug|Any CPU
		{7F7E8EB5-BBB9-498F-B4A2-97BBBB90C15F}.Debug|Any CPU.Build.0 = Debug|Any CPU
		{7F7E8EB5-BBB9-498F-B4A2-97BBBB90C15F}.Debug|Mixed Platforms.ActiveCfg = Debug|X86
		{7F7E8EB5-BBB9-498F-B4A2-97BBBB90C15F}.Debug|Mixed Platforms.Build.0 = Debug|X86
		{7F7E8EB5-BBB9-498F-B4A2-97BBBB90C15F}.Debug|Win32.ActiveCfg = Debug|X86
		{7F7E8EB5-BBB9-498F-B4A2-97BBBB90C15F}.Debug|Win32.Build.0 = Debug|X86
		{7F7E8EB5-BBB9-498F-B4A2-97BBBB90C15F}.Debug|X64.ActiveCfg = Debug|X64
		{7F7E8EB5-BBB9-498F-B4A2-97BBBB90C15F}.Debug|X64.Build.0 = Debug|X64
		{7F7E8EB5-BBB9-498F-B4A2-97BBBB90C15F}.Debug|X86.ActiveCfg = Debug|X86
		{7F7E8EB5-BBB9-498F-B4A2-97BBBB90C15F}.Debug|X86.Build.0 = Debug|X86
		{7F7E8EB5-BBB9-498F-B4A2-97BBBB90C15F}.DVD-5|Any CPU.ActiveCfg = Debug|Any CPU
		{7F7E8EB5-BBB9-498F-B4A2-97BBBB90C15F}.DVD-5|Any CPU.Build.0 = Debug|Any CPU
		{7F7E8EB5-BBB9-498F-B4A2-97BBBB90C15F}.DVD-5|Mixed Platforms.ActiveCfg = Debug|X86
		{7F7E8EB5-BBB9-498F-B4A2-97BBBB90C15F}.DVD-5|Mixed Platforms.Build.0 = Debug|X86
		{7F7E8EB5-BBB9-498F-B4A2-97BBBB90C15F}.DVD-5|Win32.ActiveCfg = Debug|X86
		{7F7E8EB5-BBB9-498F-B4A2-97BBBB90C15F}.DVD-5|Win32.Build.0 = Debug|X86
		{7F7E8EB5-BBB9-498F-B4A2-97BBBB90C15F}.DVD-5|X64.ActiveCfg = Debug|X64
		{7F7E8EB5-BBB9-498F-B4A2-97BBBB90C15F}.DVD-5|X64.Build.0 = Debug|X64
		{7F7E8EB5-BBB9-498F-B4A2-97BBBB90C15F}.DVD-5|X86.ActiveCfg = Debug|X86
		{7F7E8EB5-BBB9-498F-B4A2-97BBBB90C15F}.DVD-5|X86.Build.0 = Debug|X86
		{7F7E8EB5-BBB9-498F-B4A2-97BBBB90C15F}.Release DLL|Any CPU.ActiveCfg = SPASM Release DLL|Any CPU
		{7F7E8EB5-BBB9-498F-B4A2-97BBBB90C15F}.Release DLL|Any CPU.Build.0 = SPASM Release DLL|Any CPU
		{7F7E8EB5-BBB9-498F-B4A2-97BBBB90C15F}.Release DLL|Mixed Platforms.ActiveCfg = SPASM Release DLL|X86
		{7F7E8EB5-BBB9-498F-B4A2-97BBBB90C15F}.Release DLL|Mixed Platforms.Build.0 = SPASM Release DLL|X86
		{7F7E8EB5-BBB9-498F-B4A2-97BBBB90C15F}.Release DLL|Win32.ActiveCfg = SPASM Release DLL|X86
		{7F7E8EB5-BBB9-498F-B4A2-97BBBB90C15F}.Release DLL|Win32.Build.0 = SPASM Release DLL|X86
		{7F7E8EB5-BBB9-498F-B4A2-97BBBB90C15F}.Release DLL|X64.ActiveCfg = SPASM Release DLL|X64
		{7F7E8EB5-BBB9-498F-B4A2-97BBBB90C15F}.Release DLL|X64.Build.0 = SPASM Release DLL|X64
		{7F7E8EB5-BBB9-498F-B4A2-97BBBB90C15F}.Release DLL|X86.ActiveCfg = SPASM Release DLL|X86
		{7F7E8EB5-BBB9-498F-B4A2-97BBBB90C15F}.Release DLL|X86.Build.0 = SPASM Release DLL|X86
		{7F7E8EB5-BBB9-498F-B4A2-97BBBB90C15F}.Release|Any CPU.ActiveCfg = Release|Any CPU
		{7F7E8EB5-BBB9-498F-B4A2-97BBBB90C15F}.Release|Any CPU.Build.0 = Release|Any CPU
		{7F7E8EB5-BBB9-498F-B4A2-97BBBB90C15F}.Release|Mixed Platforms.ActiveCfg = Release|X86
		{7F7E8EB5-BBB9-498F-B4A2-97BBBB90C15F}.Release|Mixed Platforms.Build.0 = Release|X86
		{7F7E8EB5-BBB9-498F-B4A2-97BBBB90C15F}.Release|Win32.ActiveCfg = Release|X86
		{7F7E8EB5-BBB9-498F-B4A2-97BBBB90C15F}.Release|Win32.Build.0 = Release|X86
		{7F7E8EB5-BBB9-498F-B4A2-97BBBB90C15F}.Release|X64.ActiveCfg = Release|X64
		{7F7E8EB5-BBB9-498F-B4A2-97BBBB90C15F}.Release|X64.Build.0 = Release|X64
		{7F7E8EB5-BBB9-498F-B4A2-97BBBB90C15F}.Release|X86.ActiveCfg = Release|X86
		{7F7E8EB5-BBB9-498F-B4A2-97BBBB90C15F}.Release|X86.Build.0 = Release|X86
		{7F7E8EB5-BBB9-498F-B4A2-97BBBB90C15F}.SingleImage|Any CPU.ActiveCfg = SPASM Release DLL|Any CPU
		{7F7E8EB5-BBB9-498F-B4A2-97BBBB90C15F}.SingleImage|Any CPU.Build.0 = SPASM Release DLL|Any CPU
		{7F7E8EB5-BBB9-498F-B4A2-97BBBB90C15F}.SingleImage|Mixed Platforms.ActiveCfg = SPASM Release DLL|X86
		{7F7E8EB5-BBB9-498F-B4A2-97BBBB90C15F}.SingleImage|Mixed Platforms.Build.0 = SPASM Release DLL|X86
		{7F7E8EB5-BBB9-498F-B4A2-97BBBB90C15F}.SingleImage|Win32.ActiveCfg = SPASM Release DLL|X86
		{7F7E8EB5-BBB9-498F-B4A2-97BBBB90C15F}.SingleImage|Win32.Build.0 = SPASM Release DLL|X86
		{7F7E8EB5-BBB9-498F-B4A2-97BBBB90C15F}.SingleImage|X64.ActiveCfg = SPASM Release DLL|X64
		{7F7E8EB5-BBB9-498F-B4A2-97BBBB90C15F}.SingleImage|X64.Build.0 = SPASM Release DLL|X64
		{7F7E8EB5-BBB9-498F-B4A2-97BBBB90C15F}.SingleImage|X86.ActiveCfg = SPASM Release DLL|X86
		{7F7E8EB5-BBB9-498F-B4A2-97BBBB90C15F}.SingleImage|X86.Build.0 = SPASM Release DLL|X86
		{7F7E8EB5-BBB9-498F-B4A2-97BBBB90C15F}.WabbitComp Debug|Any CPU.ActiveCfg = Wabbitcode Release|Any CPU
		{7F7E8EB5-BBB9-498F-B4A2-97BBBB90C15F}.WabbitComp Debug|Any CPU.Build.0 = Wabbitcode Release|Any CPU
		{7F7E8EB5-BBB9-498F-B4A2-97BBBB90C15F}.WabbitComp Debug|Mixed Platforms.ActiveCfg = Wabbitcode Release|X86
		{7F7E8EB5-BBB9-498F-B4A2-97BBBB90C15F}.WabbitComp Debug|Mixed Platforms.Build.0 = Wabbitcode Release|X86
		{7F7E8EB5-BBB9-498F-B4A2-97BBBB90C15F}.WabbitComp Debug|Win32.ActiveCfg = Wabbitcode Release|X86
		{7F7E8EB5-BBB9-498F-B4A2-97BBBB90C15F}.WabbitComp Debug|Win32.Build.0 = Wabbitcode Release|X86
		{7F7E8EB5-BBB9-498F-B4A2-97BBBB90C15F}.WabbitComp Debug|X64.ActiveCfg = Wabbitcode Release|X64
		{7F7E8EB5-BBB9-498F-B4A2-97BBBB90C15F}.WabbitComp Debug|X64.Build.0 = Wabbitcode Release|X64
		{7F7E8EB5-BBB9-498F-B4A2-97BBBB90C15F}.WabbitComp Debug|X86.ActiveCfg = Wabbitcode Release|X86
		{7F7E8EB5-BBB9-498F-B4A2-97BBBB90C15F}.WabbitComp Debug|X86.Build.0 = Wabbitcode Release|X86
		{7F7E8EB5-BBB9-498F-B4A2-97BBBB90C15F}.WabbitComp Release|Any CPU.ActiveCfg = Wabbitcode Release|Any CPU
		{7F7E8EB5-BBB9-498F-B4A2-97BBBB90C15F}.WabbitComp Release|Any CPU.Build.0 = Wabbitcode Release|Any CPU
		{7F7E8EB5-BBB9-498F-B4A2-97BBBB90C15F}.WabbitComp Release|Mixed Platforms.ActiveCfg = Wabbitcode Release|X86
		{7F7E8EB5-BBB9-498F-B4A2-97BBBB90C15F}.WabbitComp Release|Mixed Platforms.Build.0 = Wabbitcode Release|X86
		{7F7E8EB5-BBB9-498F-B4A2-97BBBB90C15F}.WabbitComp Release|Win32.ActiveCfg = Wabbitcode Release|X86
		{7F7E8EB5-BBB9-498F-B4A2-97BBBB90C15F}.WabbitComp Release|Win32.Build.0 = Wabbitcode Release|X86
		{7F7E8EB5-BBB9-498F-B4A2-97BBBB90C15F}.WabbitComp Release|X64.ActiveCfg = Wabbitcode Release|X64
		{7F7E8EB5-BBB9-498F-B4A2-97BBBB90C15F}.WabbitComp Release|X64.Build.0 = Wabbitcode Release|X64
		{7F7E8EB5-BBB9-498F-B4A2-97BBBB90C15F}.WabbitComp Release|X86.ActiveCfg = Wabbitcode Release|X86
		{7F7E8EB5-BBB9-498F-B4A2-97BBBB90C15F}.WabbitComp Release|X86.Build.0 = Wabbitcode Release|X86
		{7F7E8EB5-BBB9-498F-B4A2-97BBBB90C15F}.Wabbitemu Release|Any CPU.ActiveCfg = Wabbitemu Release|Any CPU
		{7F7E8EB5-BBB9-498F-B4A2-97BBBB90C15F}.Wabbitemu Release|Any CPU.Build.0 = Wabbitemu Release|Any CPU
		{7F7E8EB5-BBB9-498F-B4A2-97BBBB90C15F}.Wabbitemu Release|Mixed Platforms.ActiveCfg = Wabbitemu Release|X86
		{7F7E8EB5-BBB9-498F-B4A2-97BBBB90C15F}.Wabbitemu Release|Mixed Platforms.Build.0 = Wabbitemu Release|X86
		{7F7E8EB5-BBB9-498F-B4A2-97BBBB90C15F}.Wabbitemu Release|Win32.ActiveCfg = Wabbitemu Release|X86
		{7F7E8EB5-BBB9-498F-B4A2-97BBBB90C15F}.Wabbitemu Release|Win32.Build.0 = Wabbitemu Release|X86
		{7F7E8EB5-BBB9-498F-B4A2-97BBBB90C15F}.Wabbitemu Release|X64.ActiveCfg = Wabbitemu Release|X64
		{7F7E8EB5-BBB9-498F-B4A2-97BBBB90C15F}.Wabbitemu Release|X64.Build.0 = Wabbitemu Release|X64
		{7F7E8EB5-BBB9-498F-B4A2-97BBBB90C15F}.Wabbitemu Release|X86.ActiveCfg = Wabbitemu Release|X86
		{7F7E8EB5-BBB9-498F-B4A2-97BBBB90C15F}.Wabbitemu Release|X86.Build.0 = Wabbitemu Release|X86
		{C75532C4-765B-418E-B09B-46D36B2ABDB1}.CD_ROM|Any CPU.ActiveCfg = Release|Any CPU
		{C75532C4-765B-418E-B09B-46D36B2ABDB1}.CD_ROM|Any CPU.Build.0 = Release|Any CPU
		{C75532C4-765B-418E-B09B-46D36B2ABDB1}.CD_ROM|Mixed Platforms.ActiveCfg = Release|Any CPU
		{C75532C4-765B-418E-B09B-46D36B2ABDB1}.CD_ROM|Mixed Platforms.Build.0 = Release|Any CPU
		{C75532C4-765B-418E-B09B-46D36B2ABDB1}.CD_ROM|Win32.ActiveCfg = Release|Any CPU
		{C75532C4-765B-418E-B09B-46D36B2ABDB1}.CD_ROM|X64.ActiveCfg = Release|Any CPU
		{C75532C4-765B-418E-B09B-46D36B2ABDB1}.CD_ROM|X86.ActiveCfg = Release|Any CPU
		{C75532C4-765B-418E-B09B-46D36B2ABDB1}.Debug DLL|Any CPU.ActiveCfg = Debug|Any CPU
		{C75532C4-765B-418E-B09B-46D36B2ABDB1}.Debug DLL|Any CPU.Build.0 = Debug|Any CPU
		{C75532C4-765B-418E-B09B-46D36B2ABDB1}.Debug DLL|Mixed Platforms.ActiveCfg = Debug|Any CPU
		{C75532C4-765B-418E-B09B-46D36B2ABDB1}.Debug DLL|Mixed Platforms.Build.0 = Debug|Any CPU
		{C75532C4-765B-418E-B09B-46D36B2ABDB1}.Debug DLL|Win32.ActiveCfg = Debug|Any CPU
		{C75532C4-765B-418E-B09B-46D36B2ABDB1}.Debug DLL|X64.ActiveCfg = Debug|Any CPU
		{C75532C4-765B-418E-B09B-46D36B2ABDB1}.Debug DLL|X86.ActiveCfg = Debug|Any CPU
		{C75532C4-765B-418E-B09B-46D36B2ABDB1}.Debug|Any CPU.ActiveCfg = Debug|Any CPU
		{C75532C4-765B-418E-B09B-46D36B2ABDB1}.Debug|Any CPU.Build.0 = Debug|Any CPU
		{C75532C4-765B-418E-B09B-46D36B2ABDB1}.Debug|Mixed Platforms.ActiveCfg = Debug|Any CPU
		{C75532C4-765B-418E-B09B-46D36B2ABDB1}.Debug|Mixed Platforms.Build.0 = Debug|Any CPU
		{C75532C4-765B-418E-B09B-46D36B2ABDB1}.Debug|Win32.ActiveCfg = Debug|Any CPU
		{C75532C4-765B-418E-B09B-46D36B2ABDB1}.Debug|X64.ActiveCfg = Debug|Any CPU
		{C75532C4-765B-418E-B09B-46D36B2ABDB1}.Debug|X86.ActiveCfg = Debug|Any CPU
		{C75532C4-765B-418E-B09B-46D36B2ABDB1}.DVD-5|Any CPU.ActiveCfg = Debug|Any CPU
		{C75532C4-765B-418E-B09B-46D36B2ABDB1}.DVD-5|Any CPU.Build.0 = Debug|Any CPU
		{C75532C4-765B-418E-B09B-46D36B2ABDB1}.DVD-5|Mixed Platforms.ActiveCfg = Debug|Any CPU
		{C75532C4-765B-418E-B09B-46D36B2ABDB1}.DVD-5|Mixed Platforms.Build.0 = Debug|Any CPU
		{C75532C4-765B-418E-B09B-46D36B2ABDB1}.DVD-5|Win32.ActiveCfg = Debug|Any CPU
		{C75532C4-765B-418E-B09B-46D36B2ABDB1}.DVD-5|X64.ActiveCfg = Debug|Any CPU
		{C75532C4-765B-418E-B09B-46D36B2ABDB1}.DVD-5|X86.ActiveCfg = Debug|Any CPU
		{C75532C4-765B-418E-B09B-46D36B2ABDB1}.Release DLL|Any CPU.ActiveCfg = Release|Any CPU
		{C75532C4-765B-418E-B09B-46D36B2ABDB1}.Release DLL|Any CPU.Build.0 = Release|Any CPU
		{C75532C4-765B-418E-B09B-46D36B2ABDB1}.Release DLL|Mixed Platforms.ActiveCfg = Release|Any CPU
		{C75532C4-765B-418E-B09B-46D36B2ABDB1}.Release DLL|Mixed Platforms.Build.0 = Release|Any CPU
		{C75532C4-765B-418E-B09B-46D36B2ABDB1}.Release DLL|Win32.ActiveCfg = Release|Any CPU
		{C75532C4-765B-418E-B09B-46D36B2ABDB1}.Release DLL|X64.ActiveCfg = Release|Any CPU
		{C75532C4-765B-418E-B09B-46D36B2ABDB1}.Release DLL|X86.ActiveCfg = Release|Any CPU
		{C75532C4-765B-418E-B09B-46D36B2ABDB1}.Release|Any CPU.ActiveCfg = Release|Any CPU
		{C75532C4-765B-418E-B09B-46D36B2ABDB1}.Release|Any CPU.Build.0 = Release|Any CPU
		{C75532C4-765B-418E-B09B-46D36B2ABDB1}.Release|Mixed Platforms.ActiveCfg = Release|Any CPU
		{C75532C4-765B-418E-B09B-46D36B2ABDB1}.Release|Mixed Platforms.Build.0 = Release|Any CPU
		{C75532C4-765B-418E-B09B-46D36B2ABDB1}.Release|Win32.ActiveCfg = Release|Any CPU
		{C75532C4-765B-418E-B09B-46D36B2ABDB1}.Release|X64.ActiveCfg = Release|Any CPU
		{C75532C4-765B-418E-B09B-46D36B2ABDB1}.Release|X86.ActiveCfg = Release|Any CPU
		{C75532C4-765B-418E-B09B-46D36B2ABDB1}.SingleImage|Any CPU.ActiveCfg = Release|Any CPU
		{C75532C4-765B-418E-B09B-46D36B2ABDB1}.SingleImage|Any CPU.Build.0 = Release|Any CPU
		{C75532C4-765B-418E-B09B-46D36B2ABDB1}.SingleImage|Mixed Platforms.ActiveCfg = Release|Any CPU
		{C75532C4-765B-418E-B09B-46D36B2ABDB1}.SingleImage|Mixed Platforms.Build.0 = Release|Any CPU
		{C75532C4-765B-418E-B09B-46D36B2ABDB1}.SingleImage|Win32.ActiveCfg = Release|Any CPU
		{C75532C4-765B-418E-B09B-46D36B2ABDB1}.SingleImage|X64.ActiveCfg = Release|Any CPU
		{C75532C4-765B-418E-B09B-46D36B2ABDB1}.SingleImage|X86.ActiveCfg = Release|Any CPU
		{C75532C4-765B-418E-B09B-46D36B2ABDB1}.WabbitComp Debug|Any CPU.ActiveCfg = Debug|Any CPU
		{C75532C4-765B-418E-B09B-46D36B2ABDB1}.WabbitComp Debug|Any CPU.Build.0 = Debug|Any CPU
		{C75532C4-765B-418E-B09B-46D36B2ABDB1}.WabbitComp Debug|Mixed Platforms.ActiveCfg = Debug|Any CPU
		{C75532C4-765B-418E-B09B-46D36B2ABDB1}.WabbitComp Debug|Mixed Platforms.Build.0 = Debug|Any CPU
		{C75532C4-765B-418E-B09B-46D36B2ABDB1}.WabbitComp Debug|Win32.ActiveCfg = Debug|Any CPU
		{C75532C4-765B-418E-B09B-46D36B2ABDB1}.WabbitComp Debug|X64.ActiveCfg = Debug|Any CPU
		{C75532C4-765B-418E-B09B-46D36B2ABDB1}.WabbitComp Debug|X86.ActiveCfg = Debug|Any CPU
		{C75532C4-765B-418E-B09B-46D36B2ABDB1}.WabbitComp Release|Any CPU.ActiveCfg = Release|Any CPU
		{C75532C4-765B-418E-B09B-46D36B2ABDB1}.WabbitComp Release|Any CPU.Build.0 = Release|Any CPU
		{C75532C4-765B-418E-B09B-46D36B2ABDB1}.WabbitComp Release|Mixed Platforms.ActiveCfg = Release|Any CPU
		{C75532C4-765B-418E-B09B-46D36B2ABDB1}.WabbitComp Release|Mixed Platforms.Build.0 = Release|Any CPU
		{C75532C4-765B-418E-B09B-46D36B2ABDB1}.WabbitComp Release|Win32.ActiveCfg = Release|Any CPU
		{C75532C4-765B-418E-B09B-46D36B2ABDB1}.WabbitComp Release|X64.ActiveCfg = Release|Any CPU
		{C75532C4-765B-418E-B09B-46D36B2ABDB1}.WabbitComp Release|X86.ActiveCfg = Release|Any CPU
		{C75532C4-765B-418E-B09B-46D36B2ABDB1}.Wabbitemu Release|Any CPU.ActiveCfg = Release|Any CPU
		{C75532C4-765B-418E-B09B-46D36B2ABDB1}.Wabbitemu Release|Any CPU.Build.0 = Release|Any CPU
		{C75532C4-765B-418E-B09B-46D36B2ABDB1}.Wabbitemu Release|Mixed Platforms.ActiveCfg = Release|Any CPU
		{C75532C4-765B-418E-B09B-46D36B2ABDB1}.Wabbitemu Release|Mixed Platforms.Build.0 = Release|Any CPU
		{C75532C4-765B-418E-B09B-46D36B2ABDB1}.Wabbitemu Release|Win32.ActiveCfg = Release|Any CPU
		{C75532C4-765B-418E-B09B-46D36B2ABDB1}.Wabbitemu Release|X64.ActiveCfg = Release|Any CPU
		{C75532C4-765B-418E-B09B-46D36B2ABDB1}.Wabbitemu Release|X86.ActiveCfg = Release|Any CPU
		{19AB49D2-051A-4577-84C7-DC314A3FC078}.CD_ROM|Any CPU.ActiveCfg = CD_ROM
		{19AB49D2-051A-4577-84C7-DC314A3FC078}.CD_ROM|Any CPU.Build.0 = CD_ROM
		{19AB49D2-051A-4577-84C7-DC314A3FC078}.CD_ROM|Mixed Platforms.ActiveCfg = CD_ROM
		{19AB49D2-051A-4577-84C7-DC314A3FC078}.CD_ROM|Mixed Platforms.Build.0 = CD_ROM
		{19AB49D2-051A-4577-84C7-DC314A3FC078}.CD_ROM|Win32.ActiveCfg = CD_ROM
		{19AB49D2-051A-4577-84C7-DC314A3FC078}.CD_ROM|Win32.Build.0 = CD_ROM
		{19AB49D2-051A-4577-84C7-DC314A3FC078}.CD_ROM|X64.ActiveCfg = CD_ROM
		{19AB49D2-051A-4577-84C7-DC314A3FC078}.CD_ROM|X64.Build.0 = CD_ROM
		{19AB49D2-051A-4577-84C7-DC314A3FC078}.CD_ROM|X86.ActiveCfg = CD_ROM
		{19AB49D2-051A-4577-84C7-DC314A3FC078}.CD_ROM|X86.Build.0 = CD_ROM
		{19AB49D2-051A-4577-84C7-DC314A3FC078}.Debug DLL|Any CPU.ActiveCfg = DVD-5
		{19AB49D2-051A-4577-84C7-DC314A3FC078}.Debug DLL|Any CPU.Build.0 = DVD-5
		{19AB49D2-051A-4577-84C7-DC314A3FC078}.Debug DLL|Mixed Platforms.ActiveCfg = DVD-5
		{19AB49D2-051A-4577-84C7-DC314A3FC078}.Debug DLL|Mixed Platforms.Build.0 = DVD-5
		{19AB49D2-051A-4577-84C7-DC314A3FC078}.Debug DLL|Win32.ActiveCfg = DVD-5
		{19AB49D2-051A-4577-84C7-DC314A3FC078}.Debug DLL|Win32.Build.0 = DVD-5
		{19AB49D2-051A-4577-84C7-DC314A3FC078}.Debug DLL|X64.ActiveCfg = DVD-5
		{19AB49D2-051A-4577-84C7-DC314A3FC078}.Debug DLL|X64.Build.0 = DVD-5
		{19AB49D2-051A-4577-84C7-DC314A3FC078}.Debug DLL|X86.ActiveCfg = DVD-5
		{19AB49D2-051A-4577-84C7-DC314A3FC078}.Debug DLL|X86.Build.0 = DVD-5
		{19AB49D2-051A-4577-84C7-DC314A3FC078}.Debug|Any CPU.ActiveCfg = DVD-5
		{19AB49D2-051A-4577-84C7-DC314A3FC078}.Debug|Any CPU.Build.0 = DVD-5
		{19AB49D2-051A-4577-84C7-DC314A3FC078}.Debug|Mixed Platforms.ActiveCfg = SingleImage
		{19AB49D2-051A-4577-84C7-DC314A3FC078}.Debug|Win32.ActiveCfg = DVD-5
		{19AB49D2-051A-4577-84C7-DC314A3FC078}.Debug|Win32.Build.0 = DVD-5
		{19AB49D2-051A-4577-84C7-DC314A3FC078}.Debug|X64.ActiveCfg = DVD-5
		{19AB49D2-051A-4577-84C7-DC314A3FC078}.Debug|X64.Build.0 = DVD-5
		{19AB49D2-051A-4577-84C7-DC314A3FC078}.Debug|X86.ActiveCfg = DVD-5
		{19AB49D2-051A-4577-84C7-DC314A3FC078}.Debug|X86.Build.0 = DVD-5
		{19AB49D2-051A-4577-84C7-DC314A3FC078}.DVD-5|Any CPU.ActiveCfg = DVD-5
		{19AB49D2-051A-4577-84C7-DC314A3FC078}.DVD-5|Any CPU.Build.0 = DVD-5
		{19AB49D2-051A-4577-84C7-DC314A3FC078}.DVD-5|Mixed Platforms.ActiveCfg = DVD-5
		{19AB49D2-051A-4577-84C7-DC314A3FC078}.DVD-5|Mixed Platforms.Build.0 = DVD-5
		{19AB49D2-051A-4577-84C7-DC314A3FC078}.DVD-5|Win32.ActiveCfg = DVD-5
		{19AB49D2-051A-4577-84C7-DC314A3FC078}.DVD-5|Win32.Build.0 = DVD-5
		{19AB49D2-051A-4577-84C7-DC314A3FC078}.DVD-5|X64.ActiveCfg = DVD-5
		{19AB49D2-051A-4577-84C7-DC314A3FC078}.DVD-5|X64.Build.0 = DVD-5
		{19AB49D2-051A-4577-84C7-DC314A3FC078}.DVD-5|X86.ActiveCfg = DVD-5
		{19AB49D2-051A-4577-84C7-DC314A3FC078}.DVD-5|X86.Build.0 = DVD-5
		{19AB49D2-051A-4577-84C7-DC314A3FC078}.Release DLL|Any CPU.ActiveCfg = SingleImage
		{19AB49D2-051A-4577-84C7-DC314A3FC078}.Release DLL|Any CPU.Build.0 = SingleImage
		{19AB49D2-051A-4577-84C7-DC314A3FC078}.Release DLL|Mixed Platforms.ActiveCfg = SingleImage
		{19AB49D2-051A-4577-84C7-DC314A3FC078}.Release DLL|Mixed Platforms.Build.0 = SingleImage
		{19AB49D2-051A-4577-84C7-DC314A3FC078}.Release DLL|Win32.ActiveCfg = SingleImage
		{19AB49D2-051A-4577-84C7-DC314A3FC078}.Release DLL|Win32.Build.0 = SingleImage
		{19AB49D2-051A-4577-84C7-DC314A3FC078}.Release DLL|X64.ActiveCfg = SingleImage
		{19AB49D2-051A-4577-84C7-DC314A3FC078}.Release DLL|X64.Build.0 = SingleImage
		{19AB49D2-051A-4577-84C7-DC314A3FC078}.Release DLL|X86.ActiveCfg = SingleImage
		{19AB49D2-051A-4577-84C7-DC314A3FC078}.Release DLL|X86.Build.0 = SingleImage
		{19AB49D2-051A-4577-84C7-DC314A3FC078}.Release|Any CPU.ActiveCfg = SingleImage
		{19AB49D2-051A-4577-84C7-DC314A3FC078}.Release|Any CPU.Build.0 = SingleImage
		{19AB49D2-051A-4577-84C7-DC314A3FC078}.Release|Mixed Platforms.ActiveCfg = SingleImage
		{19AB49D2-051A-4577-84C7-DC314A3FC078}.Release|Mixed Platforms.Build.0 = SingleImage
		{19AB49D2-051A-4577-84C7-DC314A3FC078}.Release|Win32.ActiveCfg = SingleImage
		{19AB49D2-051A-4577-84C7-DC314A3FC078}.Release|Win32.Build.0 = SingleImage
		{19AB49D2-051A-4577-84C7-DC314A3FC078}.Release|X64.ActiveCfg = SingleImage
		{19AB49D2-051A-4577-84C7-DC314A3FC078}.Release|X64.Build.0 = SingleImage
		{19AB49D2-051A-4577-84C7-DC314A3FC078}.Release|X86.ActiveCfg = SingleImage
		{19AB49D2-051A-4577-84C7-DC314A3FC078}.Release|X86.Build.0 = SingleImage
		{19AB49D2-051A-4577-84C7-DC314A3FC078}.SingleImage|Any CPU.ActiveCfg = SingleImage
		{19AB49D2-051A-4577-84C7-DC314A3FC078}.SingleImage|Any CPU.Build.0 = SingleImage
		{19AB49D2-051A-4577-84C7-DC314A3FC078}.SingleImage|Mixed Platforms.ActiveCfg = SingleImage
		{19AB49D2-051A-4577-84C7-DC314A3FC078}.SingleImage|Mixed Platforms.Build.0 = SingleImage
		{19AB49D2-051A-4577-84C7-DC314A3FC078}.SingleImage|Win32.ActiveCfg = SingleImage
		{19AB49D2-051A-4577-84C7-DC314A3FC078}.SingleImage|Win32.Build.0 = SingleImage
		{19AB49D2-051A-4577-84C7-DC314A3FC078}.SingleImage|X64.ActiveCfg = SingleImage
		{19AB49D2-051A-4577-84C7-DC314A3FC078}.SingleImage|X64.Build.0 = SingleImage
		{19AB49D2-051A-4577-84C7-DC314A3FC078}.SingleImage|X86.ActiveCfg = SingleImage
		{19AB49D2-051A-4577-84C7-DC314A3FC078}.SingleImage|X86.Build.0 = SingleImage
		{19AB49D2-051A-4577-84C7-DC314A3FC078}.WabbitComp Debug|Any CPU.ActiveCfg = SingleImage
		{19AB49D2-051A-4577-84C7-DC314A3FC078}.WabbitComp Debug|Any CPU.Build.0 = SingleImage
		{19AB49D2-051A-4577-84C7-DC314A3FC078}.WabbitComp Debug|Mixed Platforms.ActiveCfg = SingleImage
		{19AB49D2-051A-4577-84C7-DC314A3FC078}.WabbitComp Debug|Mixed Platforms.Build.0 = SingleImage
		{19AB49D2-051A-4577-84C7-DC314A3FC078}.WabbitComp Debug|Win32.ActiveCfg = SingleImage
		{19AB49D2-051A-4577-84C7-DC314A3FC078}.WabbitComp Debug|Win32.Build.0 = SingleImage
		{19AB49D2-051A-4577-84C7-DC314A3FC078}.WabbitComp Debug|X64.ActiveCfg = SingleImage
		{19AB49D2-051A-4577-84C7-DC314A3FC078}.WabbitComp Debug|X64.Build.0 = SingleImage
		{19AB49D2-051A-4577-84C7-DC314A3FC078}.WabbitComp Debug|X86.ActiveCfg = SingleImage
		{19AB49D2-051A-4577-84C7-DC314A3FC078}.WabbitComp Debug|X86.Build.0 = SingleImage
		{19AB49D2-051A-4577-84C7-DC314A3FC078}.WabbitComp Release|Any CPU.ActiveCfg = SingleImage
		{19AB49D2-051A-4577-84C7-DC314A3FC078}.WabbitComp Release|Any CPU.Build.0 = SingleImage
		{19AB49D2-051A-4577-84C7-DC314A3FC078}.WabbitComp Release|Mixed Platforms.ActiveCfg = SingleImage
		{19AB49D2-051A-4577-84C7-DC314A3FC078}.WabbitComp Release|Mixed Platforms.Build.0 = SingleImage
		{19AB49D2-051A-4577-84C7-DC314A3FC078}.WabbitComp Release|Win32.ActiveCfg = SingleImage
		{19AB49D2-051A-4577-84C7-DC314A3FC078}.WabbitComp Release|Win32.Build.0 = SingleImage
		{19AB49D2-051A-4577-84C7-DC314A3FC078}.WabbitComp Release|X64.ActiveCfg = SingleImage
		{19AB49D2-051A-4577-84C7-DC314A3FC078}.WabbitComp Release|X64.Build.0 = SingleImage
		{19AB49D2-051A-4577-84C7-DC314A3FC078}.WabbitComp Release|X86.ActiveCfg = SingleImage
		{19AB49D2-051A-4577-84C7-DC314A3FC078}.WabbitComp Release|X86.Build.0 = SingleImage
		{19AB49D2-051A-4577-84C7-DC314A3FC078}.Wabbitemu Release|Any CPU.ActiveCfg = SingleImage
		{19AB49D2-051A-4577-84C7-DC314A3FC078}.Wabbitemu Release|Any CPU.Build.0 = SingleImage
		{19AB49D2-051A-4577-84C7-DC314A3FC078}.Wabbitemu Release|Mixed Platforms.ActiveCfg = SingleImage
		{19AB49D2-051A-4577-84C7-DC314A3FC078}.Wabbitemu Release|Mixed Platforms.Build.0 = SingleImage
		{19AB49D2-051A-4577-84C7-DC314A3FC078}.Wabbitemu Release|Win32.ActiveCfg = SingleImage
		{19AB49D2-051A-4577-84C7-DC314A3FC078}.Wabbitemu Release|Win32.Build.0 = SingleImage
		{19AB49D2-051A-4577-84C7-DC314A3FC078}.Wabbitemu Release|X64.ActiveCfg = SingleImage
		{19AB49D2-051A-4577-84C7-DC314A3FC078}.Wabbitemu Release|X64.Build.0 = SingleImage
		{19AB49D2-051A-4577-84C7-DC314A3FC078}.Wabbitemu Release|X86.ActiveCfg = SingleImage
		{19AB49D2-051A-4577-84C7-DC314A3FC078}.Wabbitemu Release|X86.Build.0 = SingleImage
		{9472BBF2-0E54-43DD-B1E7-E4F9BBC1FCDB}.CD_ROM|Any CPU.ActiveCfg = Wabbitemu Release|Win32
		{9472BBF2-0E54-43DD-B1E7-E4F9BBC1FCDB}.CD_ROM|Mixed Platforms.ActiveCfg = Wabbitemu Release|Win32
		{9472BBF2-0E54-43DD-B1E7-E4F9BBC1FCDB}.CD_ROM|Mixed Platforms.Build.0 = Wabbitemu Release|Win32
		{9472BBF2-0E54-43DD-B1E7-E4F9BBC1FCDB}.CD_ROM|Win32.ActiveCfg = Wabbitemu Release|Win32
		{9472BBF2-0E54-43DD-B1E7-E4F9BBC1FCDB}.CD_ROM|Win32.Build.0 = Wabbitemu Release|Win32
		{9472BBF2-0E54-43DD-B1E7-E4F9BBC1FCDB}.CD_ROM|X64.ActiveCfg = Wabbitemu Release|x64
		{9472BBF2-0E54-43DD-B1E7-E4F9BBC1FCDB}.CD_ROM|X64.Build.0 = Wabbitemu Release|x64
		{9472BBF2-0E54-43DD-B1E7-E4F9BBC1FCDB}.CD_ROM|X86.ActiveCfg = Wabbitemu Release|Win32
		{9472BBF2-0E54-43DD-B1E7-E4F9BBC1FCDB}.CD_ROM|X86.Build.0 = Wabbitemu Release|Win32
		{9472BBF2-0E54-43DD-B1E7-E4F9BBC1FCDB}.Debug DLL|Any CPU.ActiveCfg = Debug DLL|Win32
		{9472BBF2-0E54-43DD-B1E7-E4F9BBC1FCDB}.Debug DLL|Mixed Platforms.ActiveCfg = Debug DLL|Win32
		{9472BBF2-0E54-43DD-B1E7-E4F9BBC1FCDB}.Debug DLL|Mixed Platforms.Build.0 = Debug DLL|Win32
		{9472BBF2-0E54-43DD-B1E7-E4F9BBC1FCDB}.Debug DLL|Win32.ActiveCfg = Debug DLL|Win32
		{9472BBF2-0E54-43DD-B1E7-E4F9BBC1FCDB}.Debug DLL|Win32.Build.0 = Debug DLL|Win32
		{9472BBF2-0E54-43DD-B1E7-E4F9BBC1FCDB}.Debug DLL|X64.ActiveCfg = Debug DLL|x64
		{9472BBF2-0E54-43DD-B1E7-E4F9BBC1FCDB}.Debug DLL|X64.Build.0 = Debug DLL|x64
		{9472BBF2-0E54-43DD-B1E7-E4F9BBC1FCDB}.Debug DLL|X86.ActiveCfg = Debug DLL|Win32
		{9472BBF2-0E54-43DD-B1E7-E4F9BBC1FCDB}.Debug DLL|X86.Build.0 = Debug DLL|Win32
		{9472BBF2-0E54-43DD-B1E7-E4F9BBC1FCDB}.Debug|Any CPU.ActiveCfg = Debug|Win32
		{9472BBF2-0E54-43DD-B1E7-E4F9BBC1FCDB}.Debug|Mixed Platforms.ActiveCfg = Debug|Win32
		{9472BBF2-0E54-43DD-B1E7-E4F9BBC1FCDB}.Debug|Mixed Platforms.Build.0 = Debug|Win32
		{9472BBF2-0E54-43DD-B1E7-E4F9BBC1FCDB}.Debug|Win32.ActiveCfg = Debug|Win32
		{9472BBF2-0E54-43DD-B1E7-E4F9BBC1FCDB}.Debug|Win32.Build.0 = Debug|Win32
		{9472BBF2-0E54-43DD-B1E7-E4F9BBC1FCDB}.Debug|X64.ActiveCfg = Debug|x64
		{9472BBF2-0E54-43DD-B1E7-E4F9BBC1FCDB}.Debug|X64.Build.0 = Debug|x64
		{9472BBF2-0E54-43DD-B1E7-E4F9BBC1FCDB}.Debug|X86.ActiveCfg = Debug|Win32
		{9472BBF2-0E54-43DD-B1E7-E4F9BBC1FCDB}.Debug|X86.Build.0 = Debug|Win32
		{9472BBF2-0E54-43DD-B1E7-E4F9BBC1FCDB}.DVD-5|Any CPU.ActiveCfg = Debug|Win32
		{9472BBF2-0E54-43DD-B1E7-E4F9BBC1FCDB}.DVD-5|Mixed Platforms.ActiveCfg = Debug|Win32
		{9472BBF2-0E54-43DD-B1E7-E4F9BBC1FCDB}.DVD-5|Mixed Platforms.Build.0 = Debug|Win32
		{9472BBF2-0E54-43DD-B1E7-E4F9BBC1FCDB}.DVD-5|Win32.ActiveCfg = Debug|Win32
		{9472BBF2-0E54-43DD-B1E7-E4F9BBC1FCDB}.DVD-5|Win32.Build.0 = Debug|Win32
		{9472BBF2-0E54-43DD-B1E7-E4F9BBC1FCDB}.DVD-5|X64.ActiveCfg = Debug|x64
		{9472BBF2-0E54-43DD-B1E7-E4F9BBC1FCDB}.DVD-5|X64.Build.0 = Debug|x64
		{9472BBF2-0E54-43DD-B1E7-E4F9BBC1FCDB}.DVD-5|X86.ActiveCfg = Debug|Win32
		{9472BBF2-0E54-43DD-B1E7-E4F9BBC1FCDB}.DVD-5|X86.Build.0 = Debug|Win32
		{9472BBF2-0E54-43DD-B1E7-E4F9BBC1FCDB}.Release DLL|Any CPU.ActiveCfg = Release DLL|Win32
		{9472BBF2-0E54-43DD-B1E7-E4F9BBC1FCDB}.Release DLL|Mixed Platforms.ActiveCfg = Release DLL|Win32
		{9472BBF2-0E54-43DD-B1E7-E4F9BBC1FCDB}.Release DLL|Mixed Platforms.Build.0 = Release DLL|Win32
		{9472BBF2-0E54-43DD-B1E7-E4F9BBC1FCDB}.Release DLL|Win32.ActiveCfg = Release DLL|Win32
		{9472BBF2-0E54-43DD-B1E7-E4F9BBC1FCDB}.Release DLL|Win32.Build.0 = Release DLL|Win32
		{9472BBF2-0E54-43DD-B1E7-E4F9BBC1FCDB}.Release DLL|X64.ActiveCfg = Release DLL|x64
		{9472BBF2-0E54-43DD-B1E7-E4F9BBC1FCDB}.Release DLL|X64.Build.0 = Release DLL|x64
		{9472BBF2-0E54-43DD-B1E7-E4F9BBC1FCDB}.Release DLL|X86.ActiveCfg = Release DLL|Win32
		{9472BBF2-0E54-43DD-B1E7-E4F9BBC1FCDB}.Release DLL|X86.Build.0 = Release DLL|Win32
		{9472BBF2-0E54-43DD-B1E7-E4F9BBC1FCDB}.Release|Any CPU.ActiveCfg = Release|Win32
		{9472BBF2-0E54-43DD-B1E7-E4F9BBC1FCDB}.Release|Mixed Platforms.ActiveCfg = Release|Win32
		{9472BBF2-0E54-43DD-B1E7-E4F9BBC1FCDB}.Release|Mixed Platforms.Build.0 = Release|Win32
		{9472BBF2-0E54-43DD-B1E7-E4F9BBC1FCDB}.Release|Win32.ActiveCfg = Release|Win32
		{9472BBF2-0E54-43DD-B1E7-E4F9BBC1FCDB}.Release|Win32.Build.0 = Release|Win32
		{9472BBF2-0E54-43DD-B1E7-E4F9BBC1FCDB}.Release|X64.ActiveCfg = Release|x64
		{9472BBF2-0E54-43DD-B1E7-E4F9BBC1FCDB}.Release|X64.Build.0 = Release|x64
		{9472BBF2-0E54-43DD-B1E7-E4F9BBC1FCDB}.Release|X86.ActiveCfg = Release|Win32
		{9472BBF2-0E54-43DD-B1E7-E4F9BBC1FCDB}.Release|X86.Build.0 = Release|Win32
		{9472BBF2-0E54-43DD-B1E7-E4F9BBC1FCDB}.SingleImage|Any CPU.ActiveCfg = Wabbitemu Release|Win32
		{9472BBF2-0E54-43DD-B1E7-E4F9BBC1FCDB}.SingleImage|Mixed Platforms.ActiveCfg = Wabbitemu Release|Win32
		{9472BBF2-0E54-43DD-B1E7-E4F9BBC1FCDB}.SingleImage|Mixed Platforms.Build.0 = Wabbitemu Release|Win32
		{9472BBF2-0E54-43DD-B1E7-E4F9BBC1FCDB}.SingleImage|Win32.ActiveCfg = Wabbitemu Release|Win32
		{9472BBF2-0E54-43DD-B1E7-E4F9BBC1FCDB}.SingleImage|Win32.Build.0 = Wabbitemu Release|Win32
		{9472BBF2-0E54-43DD-B1E7-E4F9BBC1FCDB}.SingleImage|X64.ActiveCfg = Wabbitemu Release|x64
		{9472BBF2-0E54-43DD-B1E7-E4F9BBC1FCDB}.SingleImage|X64.Build.0 = Wabbitemu Release|x64
		{9472BBF2-0E54-43DD-B1E7-E4F9BBC1FCDB}.SingleImage|X86.ActiveCfg = Wabbitemu Release|Win32
		{9472BBF2-0E54-43DD-B1E7-E4F9BBC1FCDB}.SingleImage|X86.Build.0 = Wabbitemu Release|Win32
		{9472BBF2-0E54-43DD-B1E7-E4F9BBC1FCDB}.WabbitComp Debug|Any CPU.ActiveCfg = WabbitComp Debug|Win32
		{9472BBF2-0E54-43DD-B1E7-E4F9BBC1FCDB}.WabbitComp Debug|Mixed Platforms.ActiveCfg = WabbitComp Debug|Win32
		{9472BBF2-0E54-43DD-B1E7-E4F9BBC1FCDB}.WabbitComp Debug|Mixed Platforms.Build.0 = WabbitComp Debug|Win32
		{9472BBF2-0E54-43DD-B1E7-E4F9BBC1FCDB}.WabbitComp Debug|Win32.ActiveCfg = WabbitComp Debug|Win32
		{9472BBF2-0E54-43DD-B1E7-E4F9BBC1FCDB}.WabbitComp Debug|Win32.Build.0 = WabbitComp Debug|Win32
		{9472BBF2-0E54-43DD-B1E7-E4F9BBC1FCDB}.WabbitComp Debug|X64.ActiveCfg = WabbitComp Debug|x64
		{9472BBF2-0E54-43DD-B1E7-E4F9BBC1FCDB}.WabbitComp Debug|X64.Build.0 = WabbitComp Debug|x64
		{9472BBF2-0E54-43DD-B1E7-E4F9BBC1FCDB}.WabbitComp Debug|X86.ActiveCfg = WabbitComp Debug|Win32
		{9472BBF2-0E54-43DD-B1E7-E4F9BBC1FCDB}.WabbitComp Debug|X86.Build.0 = WabbitComp Debug|Win32
		{9472BBF2-0E54-43DD-B1E7-E4F9BBC1FCDB}.WabbitComp Release|Any CPU.ActiveCfg = WabbitComp Release|Win32
		{9472BBF2-0E54-43DD-B1E7-E4F9BBC1FCDB}.WabbitComp Release|Mixed Platforms.ActiveCfg = WabbitComp Release|Win32
		{9472BBF2-0E54-43DD-B1E7-E4F9BBC1FCDB}.WabbitComp Release|Mixed Platforms.Build.0 = WabbitComp Release|Win32
		{9472BBF2-0E54-43DD-B1E7-E4F9BBC1FCDB}.WabbitComp Release|Win32.ActiveCfg = WabbitComp Release|Win32
		{9472BBF2-0E54-43DD-B1E7-E4F9BBC1FCDB}.WabbitComp Release|Win32.Build.0 = WabbitComp Release|Win32
		{9472BBF2-0E54-43DD-B1E7-E4F9BBC1FCDB}.WabbitComp Release|X64.ActiveCfg = WabbitComp Release|x64
		{9472BBF2-0E54-43DD-B1E7-E4F9BBC1FCDB}.WabbitComp Release|X64.Build.0 = WabbitComp Release|x64
		{9472BBF2-0E54-43DD-B1E7-E4F9BBC1FCDB}.WabbitComp Release|X86.ActiveCfg = WabbitComp Release|Win32
		{9472BBF2-0E54-43DD-B1E7-E4F9BBC1FCDB}.WabbitComp Release|X86.Build.0 = WabbitComp Release|Win32
		{9472BBF2-0E54-43DD-B1E7-E4F9BBC1FCDB}.Wabbitemu Release|Any CPU.ActiveCfg = Wabbitemu Release|Win32
		{9472BBF2-0E54-43DD-B1E7-E4F9BBC1FCDB}.Wabbitemu Release|Mixed Platforms.ActiveCfg = Wabbitemu Release|Win32
		{9472BBF2-0E54-43DD-B1E7-E4F9BBC1FCDB}.Wabbitemu Release|Mixed Platforms.Build.0 = Wabbitemu Release|Win32
		{9472BBF2-0E54-43DD-B1E7-E4F9BBC1FCDB}.Wabbitemu Release|Win32.ActiveCfg = Wabbitemu Release|Win32
		{9472BBF2-0E54-43DD-B1E7-E4F9BBC1FCDB}.Wabbitemu Release|Win32.Build.0 = Wabbitemu Release|Win32
		{9472BBF2-0E54-43DD-B1E7-E4F9BBC1FCDB}.Wabbitemu Release|X64.ActiveCfg = Wabbitemu Release|x64
		{9472BBF2-0E54-43DD-B1E7-E4F9BBC1FCDB}.Wabbitemu Release|X64.Build.0 = Wabbitemu Release|x64
		{9472BBF2-0E54-43DD-B1E7-E4F9BBC1FCDB}.Wabbitemu Release|X86.ActiveCfg = Wabbitemu Release|Win32
		{9472BBF2-0E54-43DD-B1E7-E4F9BBC1FCDB}.Wabbitemu Release|X86.Build.0 = Wabbitemu Release|Win32
	EndGlobalSection
	GlobalSection(SolutionProperties) = preSolution
		HideSolutionNode = FALSE
	EndGlobalSection
	GlobalSection(Performance) = preSolution
		HasPerformanceSessions = true
	EndGlobalSection
EndGlobal
