
Microsoft Visual Studio Solution File, Format Version 11.00
# Visual Studio 2010
Project("{8BC9CEB8-8B4A-11D0-8D11-00A0C91BC942}") = "Z80MapEditor", "Source\Z80MapEditor\Z80MapEditor.vcxproj", "{14CDF278-8F19-4E27-97EB-A66E59979F9F}"
	ProjectSection(ProjectDependencies) = postProject
		{9472BBF2-0E54-43DD-B1E7-E4F9BBC1FCDB} = {9472BBF2-0E54-43DD-B1E7-E4F9BBC1FCDB}
		{C36BF10E-335B-4892-ADF8-D23DD16FBE06} = {C36BF10E-335B-4892-ADF8-D23DD16FBE06}
	EndProjectSection
EndProject
Project("{8BC9CEB8-8B4A-11D0-8D11-00A0C91BC942}") = "Wabbitemu", "Source\Wabbitemu\Wabbitemu.vcxproj", "{9472BBF2-0E54-43DD-B1E7-E4F9BBC1FCDB}"
EndProject
Project("{8BC9CEB8-8B4A-11D0-8D11-00A0C91BC942}") = "SPASM", "Source\SPASM\SPASM.vcxproj", "{C36BF10E-335B-4892-ADF8-D23DD16FBE06}"
EndProject
Project("{FAE04EC0-301F-11D3-BF4B-00C04F79EFBC}") = "Revsoft.Wabbitcode", "Source\Wabbitcode\Wabbitcode\Revsoft.Wabbitcode.csproj", "{C45C62A4-98E1-4768-9690-EFD2EB2C3272}"
	ProjectSection(ProjectDependencies) = postProject
		{1BF86B19-DD98-43B0-BD97-6164D56EDE8C} = {1BF86B19-DD98-43B0-BD97-6164D56EDE8C}
		{2D18BE89-D210-49EB-A9DD-2246FBB3DF6D} = {2D18BE89-D210-49EB-A9DD-2246FBB3DF6D}
		{C75532C4-765B-418E-B09B-46D36B2ABDB1} = {C75532C4-765B-418E-B09B-46D36B2ABDB1}
		{9472BBF2-0E54-43DD-B1E7-E4F9BBC1FCDB} = {9472BBF2-0E54-43DD-B1E7-E4F9BBC1FCDB}
	EndProjectSection
EndProject
Project("{FAE04EC0-301F-11D3-BF4B-00C04F79EFBC}") = "Revsoft.TextEditor", "Source\Wabbitcode\ICSharpCode.TextEditor\Project\Revsoft.TextEditor.csproj", "{2D18BE89-D210-49EB-A9DD-2246FBB3DF6D}"
EndProject
Project("{FAE04EC0-301F-11D3-BF4B-00C04F79EFBC}") = "AutoUpdater", "Source\Wabbitcode\AutoUpdater\AutoUpdater.csproj", "{1BF86B19-DD98-43B0-BD97-6164D56EDE8C}"
EndProject
Project("{FAE04EC0-301F-11D3-BF4B-00C04F79EFBC}") = "MapEditor", "Source\Wabbitcode\MapEditor\MapEditor.csproj", "{7F7E8EB5-BBB9-498F-B4A2-97BBBB90C15F}"
EndProject
Project("{FAE04EC0-301F-11D3-BF4B-00C04F79EFBC}") = "Revsoft.Docking", "Source\Wabbitcode\WinFormsUI\Revsoft.Docking.csproj", "{C75532C4-765B-418E-B09B-46D36B2ABDB1}"
EndProject
Global
	GlobalSection(TeamFoundationVersionControl) = preSolution
		SccNumberOfProjects = 9
		SccEnterpriseProvider = {4CA58AB2-18FA-4F8D-95D4-32DDF27D184C}
		SccTeamFoundationServer = https://tfs.codeplex.com/tfs/tfs07
		SccLocalPath0 = .
		SccProjectUniqueName1 = Source\\Wabbitemu\\Wabbitemu.vcxproj
		SccProjectName1 = Source/Wabbitemu
		SccLocalPath1 = Source\\Wabbitemu
		SccProjectUniqueName2 = Source\\SPASM\\SPASM.vcxproj
		SccProjectName2 = Source/SPASM
		SccLocalPath2 = Source\\SPASM
		SccProjectUniqueName3 = Source\\Wabbitcode\\Wabbitcode\\Revsoft.Wabbitcode.csproj
		SccProjectName3 = Source/Wabbitcode/Wabbitcode
		SccLocalPath3 = Source\\Wabbitcode\\Wabbitcode
		SccProjectUniqueName4 = Source\\Wabbitcode\\ICSharpCode.TextEditor\\Project\\Revsoft.TextEditor.csproj
		SccProjectName4 = Source/Wabbitcode/ICSharpCode.TextEditor/Project
		SccLocalPath4 = Source\\Wabbitcode\\ICSharpCode.TextEditor\\Project
		SccProjectUniqueName5 = Source\\Wabbitcode\\AutoUpdater\\AutoUpdater.csproj
		SccProjectName5 = Source/Wabbitcode/AutoUpdater
		SccLocalPath5 = Source\\Wabbitcode\\AutoUpdater
		SccProjectUniqueName6 = Source\\Wabbitcode\\MapEditor\\MapEditor.csproj
		SccProjectName6 = Source/Wabbitcode/MapEditor
		SccLocalPath6 = Source\\Wabbitcode\\MapEditor
		SccProjectUniqueName7 = Source\\Wabbitcode\\WinFormsUI\\Revsoft.Docking.csproj
		SccProjectName7 = Source/Wabbitcode/WinFormsUI
		SccLocalPath7 = Source\\Wabbitcode\\WinFormsUI
		SccProjectUniqueName8 = Source\\Z80MapEditor\\Z80MapEditor.vcxproj
		SccProjectName8 = Source/Z80MapEditor
		SccLocalPath8 = Source\\Z80MapEditor
	EndGlobalSection
	GlobalSection(SolutionConfigurationPlatforms) = preSolution
		SPASM Debug DLL|Any CPU = SPASM Debug DLL|Any CPU
		SPASM Debug DLL|Win32 = SPASM Debug DLL|Win32
		SPASM Debug DLL|x64 = SPASM Debug DLL|x64
		SPASM Debug DLL|X86 = SPASM Debug DLL|X86
		SPASM Debug|Any CPU = SPASM Debug|Any CPU
		SPASM Debug|Win32 = SPASM Debug|Win32
		SPASM Debug|x64 = SPASM Debug|x64
		SPASM Debug|X86 = SPASM Debug|X86
		SPASM Release DLL|Any CPU = SPASM Release DLL|Any CPU
		SPASM Release DLL|Win32 = SPASM Release DLL|Win32
		SPASM Release DLL|x64 = SPASM Release DLL|x64
		SPASM Release DLL|X86 = SPASM Release DLL|X86
		SPASM Release|Any CPU = SPASM Release|Any CPU
		SPASM Release|Win32 = SPASM Release|Win32
		SPASM Release|x64 = SPASM Release|x64
		SPASM Release|X86 = SPASM Release|X86
		Wabbitcode Debug|Any CPU = Wabbitcode Debug|Any CPU
		Wabbitcode Debug|Win32 = Wabbitcode Debug|Win32
		Wabbitcode Debug|x64 = Wabbitcode Debug|x64
		Wabbitcode Debug|X86 = Wabbitcode Debug|X86
		Wabbitcode Release|Any CPU = Wabbitcode Release|Any CPU
		Wabbitcode Release|Win32 = Wabbitcode Release|Win32
		Wabbitcode Release|x64 = Wabbitcode Release|x64
		Wabbitcode Release|X86 = Wabbitcode Release|X86
		Wabbitemu Debug DLL|Any CPU = Wabbitemu Debug DLL|Any CPU
		Wabbitemu Debug DLL|Win32 = Wabbitemu Debug DLL|Win32
		Wabbitemu Debug DLL|x64 = Wabbitemu Debug DLL|x64
		Wabbitemu Debug DLL|X86 = Wabbitemu Debug DLL|X86
		Wabbitemu Debug|Any CPU = Wabbitemu Debug|Any CPU
		Wabbitemu Debug|Win32 = Wabbitemu Debug|Win32
		Wabbitemu Debug|x64 = Wabbitemu Debug|x64
		Wabbitemu Debug|X86 = Wabbitemu Debug|X86
		Wabbitemu Release DLL|Any CPU = Wabbitemu Release DLL|Any CPU
		Wabbitemu Release DLL|Win32 = Wabbitemu Release DLL|Win32
		Wabbitemu Release DLL|x64 = Wabbitemu Release DLL|x64
		Wabbitemu Release DLL|X86 = Wabbitemu Release DLL|X86
		Wabbitemu Release|Any CPU = Wabbitemu Release|Any CPU
		Wabbitemu Release|Win32 = Wabbitemu Release|Win32
		Wabbitemu Release|x64 = Wabbitemu Release|x64
		Wabbitemu Release|X86 = Wabbitemu Release|X86
	EndGlobalSection
	GlobalSection(ProjectConfigurationPlatforms) = postSolution
		{14CDF278-8F19-4E27-97EB-A66E59979F9F}.SPASM Debug DLL|Any CPU.ActiveCfg = Debug|x64
		{14CDF278-8F19-4E27-97EB-A66E59979F9F}.SPASM Debug DLL|Win32.ActiveCfg = Debug|x64
		{14CDF278-8F19-4E27-97EB-A66E59979F9F}.SPASM Debug DLL|x64.ActiveCfg = Debug|x64
		{14CDF278-8F19-4E27-97EB-A66E59979F9F}.SPASM Debug DLL|X86.ActiveCfg = Debug|x64
		{14CDF278-8F19-4E27-97EB-A66E59979F9F}.SPASM Debug|Any CPU.ActiveCfg = Debug|x64
		{14CDF278-8F19-4E27-97EB-A66E59979F9F}.SPASM Debug|Win32.ActiveCfg = Debug|Win32
		{14CDF278-8F19-4E27-97EB-A66E59979F9F}.SPASM Debug|x64.ActiveCfg = Debug|x64
		{14CDF278-8F19-4E27-97EB-A66E59979F9F}.SPASM Debug|X86.ActiveCfg = Debug|x64
		{14CDF278-8F19-4E27-97EB-A66E59979F9F}.SPASM Release DLL|Any CPU.ActiveCfg = Release|x64
		{14CDF278-8F19-4E27-97EB-A66E59979F9F}.SPASM Release DLL|Win32.ActiveCfg = Release|x64
		{14CDF278-8F19-4E27-97EB-A66E59979F9F}.SPASM Release DLL|x64.ActiveCfg = Release|x64
		{14CDF278-8F19-4E27-97EB-A66E59979F9F}.SPASM Release DLL|X86.ActiveCfg = Release|x64
		{14CDF278-8F19-4E27-97EB-A66E59979F9F}.SPASM Release|Any CPU.ActiveCfg = Release|x64
		{14CDF278-8F19-4E27-97EB-A66E59979F9F}.SPASM Release|Win32.ActiveCfg = Release|Win32
		{14CDF278-8F19-4E27-97EB-A66E59979F9F}.SPASM Release|x64.ActiveCfg = Release|x64
		{14CDF278-8F19-4E27-97EB-A66E59979F9F}.SPASM Release|X86.ActiveCfg = Release|x64
		{14CDF278-8F19-4E27-97EB-A66E59979F9F}.Wabbitcode Debug|Any CPU.ActiveCfg = Debug|x64
		{14CDF278-8F19-4E27-97EB-A66E59979F9F}.Wabbitcode Debug|Win32.ActiveCfg = Debug|Win32
		{14CDF278-8F19-4E27-97EB-A66E59979F9F}.Wabbitcode Debug|x64.ActiveCfg = Debug|x64
		{14CDF278-8F19-4E27-97EB-A66E59979F9F}.Wabbitcode Debug|X86.ActiveCfg = Debug|x64
		{14CDF278-8F19-4E27-97EB-A66E59979F9F}.Wabbitcode Release|Any CPU.ActiveCfg = Release|x64
		{14CDF278-8F19-4E27-97EB-A66E59979F9F}.Wabbitcode Release|Win32.ActiveCfg = Release|Win32
		{14CDF278-8F19-4E27-97EB-A66E59979F9F}.Wabbitcode Release|x64.ActiveCfg = Release|x64
		{14CDF278-8F19-4E27-97EB-A66E59979F9F}.Wabbitcode Release|X86.ActiveCfg = Release|x64
		{14CDF278-8F19-4E27-97EB-A66E59979F9F}.Wabbitemu Debug DLL|Any CPU.ActiveCfg = Debug|Win32
		{14CDF278-8F19-4E27-97EB-A66E59979F9F}.Wabbitemu Debug DLL|Win32.ActiveCfg = Debug|x64
		{14CDF278-8F19-4E27-97EB-A66E59979F9F}.Wabbitemu Debug DLL|x64.ActiveCfg = Debug|x64
		{14CDF278-8F19-4E27-97EB-A66E59979F9F}.Wabbitemu Debug DLL|x64.Build.0 = Debug|x64
		{14CDF278-8F19-4E27-97EB-A66E59979F9F}.Wabbitemu Debug DLL|X86.ActiveCfg = Debug|Win32
		{14CDF278-8F19-4E27-97EB-A66E59979F9F}.Wabbitemu Debug|Any CPU.ActiveCfg = Debug|Win32
		{14CDF278-8F19-4E27-97EB-A66E59979F9F}.Wabbitemu Debug|Win32.ActiveCfg = Debug|Win32
		{14CDF278-8F19-4E27-97EB-A66E59979F9F}.Wabbitemu Debug|x64.ActiveCfg = Debug|x64
		{14CDF278-8F19-4E27-97EB-A66E59979F9F}.Wabbitemu Debug|X86.ActiveCfg = Debug|x64
		{14CDF278-8F19-4E27-97EB-A66E59979F9F}.Wabbitemu Release DLL|Any CPU.ActiveCfg = Release|Win32
		{14CDF278-8F19-4E27-97EB-A66E59979F9F}.Wabbitemu Release DLL|Win32.ActiveCfg = Release|x64
		{14CDF278-8F19-4E27-97EB-A66E59979F9F}.Wabbitemu Release DLL|x64.ActiveCfg = Release|x64
		{14CDF278-8F19-4E27-97EB-A66E59979F9F}.Wabbitemu Release DLL|x64.Build.0 = Release|x64
		{14CDF278-8F19-4E27-97EB-A66E59979F9F}.Wabbitemu Release DLL|X86.ActiveCfg = Release|Win32
		{14CDF278-8F19-4E27-97EB-A66E59979F9F}.Wabbitemu Release|Any CPU.ActiveCfg = Release|Win32
		{14CDF278-8F19-4E27-97EB-A66E59979F9F}.Wabbitemu Release|Win32.ActiveCfg = Release|Win32
		{14CDF278-8F19-4E27-97EB-A66E59979F9F}.Wabbitemu Release|Win32.Build.0 = Release|Win32
		{14CDF278-8F19-4E27-97EB-A66E59979F9F}.Wabbitemu Release|x64.ActiveCfg = Release|x64
		{14CDF278-8F19-4E27-97EB-A66E59979F9F}.Wabbitemu Release|x64.Build.0 = Release|x64
		{14CDF278-8F19-4E27-97EB-A66E59979F9F}.Wabbitemu Release|X86.ActiveCfg = Release|x64
		{9472BBF2-0E54-43DD-B1E7-E4F9BBC1FCDB}.SPASM Debug DLL|Any CPU.ActiveCfg = Debug DLL|x64
		{9472BBF2-0E54-43DD-B1E7-E4F9BBC1FCDB}.SPASM Debug DLL|Win32.ActiveCfg = Debug DLL|Win32
		{9472BBF2-0E54-43DD-B1E7-E4F9BBC1FCDB}.SPASM Debug DLL|Win32.Build.0 = Debug DLL|Win32
		{9472BBF2-0E54-43DD-B1E7-E4F9BBC1FCDB}.SPASM Debug DLL|x64.ActiveCfg = Debug DLL|x64
		{9472BBF2-0E54-43DD-B1E7-E4F9BBC1FCDB}.SPASM Debug DLL|x64.Build.0 = Debug DLL|x64
		{9472BBF2-0E54-43DD-B1E7-E4F9BBC1FCDB}.SPASM Debug DLL|X86.ActiveCfg = Debug DLL|x64
		{9472BBF2-0E54-43DD-B1E7-E4F9BBC1FCDB}.SPASM Debug|Any CPU.ActiveCfg = Debug|x64
		{9472BBF2-0E54-43DD-B1E7-E4F9BBC1FCDB}.SPASM Debug|Win32.ActiveCfg = Debug|Win32
		{9472BBF2-0E54-43DD-B1E7-E4F9BBC1FCDB}.SPASM Debug|Win32.Build.0 = Debug|Win32
		{9472BBF2-0E54-43DD-B1E7-E4F9BBC1FCDB}.SPASM Debug|x64.ActiveCfg = Debug|x64
		{9472BBF2-0E54-43DD-B1E7-E4F9BBC1FCDB}.SPASM Debug|x64.Build.0 = Debug|x64
		{9472BBF2-0E54-43DD-B1E7-E4F9BBC1FCDB}.SPASM Debug|X86.ActiveCfg = Debug|x64
		{9472BBF2-0E54-43DD-B1E7-E4F9BBC1FCDB}.SPASM Release DLL|Any CPU.ActiveCfg = Release DLL|x64
		{9472BBF2-0E54-43DD-B1E7-E4F9BBC1FCDB}.SPASM Release DLL|Win32.ActiveCfg = Release DLL|Win32
		{9472BBF2-0E54-43DD-B1E7-E4F9BBC1FCDB}.SPASM Release DLL|Win32.Build.0 = Release DLL|Win32
		{9472BBF2-0E54-43DD-B1E7-E4F9BBC1FCDB}.SPASM Release DLL|x64.ActiveCfg = Release DLL|x64
		{9472BBF2-0E54-43DD-B1E7-E4F9BBC1FCDB}.SPASM Release DLL|x64.Build.0 = Release DLL|x64
		{9472BBF2-0E54-43DD-B1E7-E4F9BBC1FCDB}.SPASM Release DLL|X86.ActiveCfg = Release DLL|x64
		{9472BBF2-0E54-43DD-B1E7-E4F9BBC1FCDB}.SPASM Release|Any CPU.ActiveCfg = Release|x64
		{9472BBF2-0E54-43DD-B1E7-E4F9BBC1FCDB}.SPASM Release|Win32.ActiveCfg = Release|Win32
		{9472BBF2-0E54-43DD-B1E7-E4F9BBC1FCDB}.SPASM Release|Win32.Build.0 = Release|Win32
		{9472BBF2-0E54-43DD-B1E7-E4F9BBC1FCDB}.SPASM Release|x64.ActiveCfg = Release|x64
		{9472BBF2-0E54-43DD-B1E7-E4F9BBC1FCDB}.SPASM Release|x64.Build.0 = Release|x64
		{9472BBF2-0E54-43DD-B1E7-E4F9BBC1FCDB}.SPASM Release|X86.ActiveCfg = Release|x64
		{9472BBF2-0E54-43DD-B1E7-E4F9BBC1FCDB}.Wabbitcode Debug|Any CPU.ActiveCfg = Debug|x64
		{9472BBF2-0E54-43DD-B1E7-E4F9BBC1FCDB}.Wabbitcode Debug|Win32.ActiveCfg = Debug|Win32
		{9472BBF2-0E54-43DD-B1E7-E4F9BBC1FCDB}.Wabbitcode Debug|Win32.Build.0 = Debug|Win32
		{9472BBF2-0E54-43DD-B1E7-E4F9BBC1FCDB}.Wabbitcode Debug|x64.ActiveCfg = Debug|x64
		{9472BBF2-0E54-43DD-B1E7-E4F9BBC1FCDB}.Wabbitcode Debug|X86.ActiveCfg = Debug|x64
		{9472BBF2-0E54-43DD-B1E7-E4F9BBC1FCDB}.Wabbitcode Release|Any CPU.ActiveCfg = Release|Win32
		{9472BBF2-0E54-43DD-B1E7-E4F9BBC1FCDB}.Wabbitcode Release|Win32.ActiveCfg = Release|Win32
		{9472BBF2-0E54-43DD-B1E7-E4F9BBC1FCDB}.Wabbitcode Release|Win32.Build.0 = Release|Win32
		{9472BBF2-0E54-43DD-B1E7-E4F9BBC1FCDB}.Wabbitcode Release|x64.ActiveCfg = Release|x64
		{9472BBF2-0E54-43DD-B1E7-E4F9BBC1FCDB}.Wabbitcode Release|X86.ActiveCfg = Release|x64
		{9472BBF2-0E54-43DD-B1E7-E4F9BBC1FCDB}.Wabbitemu Debug DLL|Any CPU.ActiveCfg = Debug DLL|Win32
		{9472BBF2-0E54-43DD-B1E7-E4F9BBC1FCDB}.Wabbitemu Debug DLL|Any CPU.Build.0 = Debug DLL|Win32
		{9472BBF2-0E54-43DD-B1E7-E4F9BBC1FCDB}.Wabbitemu Debug DLL|Win32.ActiveCfg = Debug DLL|Win32
		{9472BBF2-0E54-43DD-B1E7-E4F9BBC1FCDB}.Wabbitemu Debug DLL|Win32.Build.0 = Debug DLL|Win32
		{9472BBF2-0E54-43DD-B1E7-E4F9BBC1FCDB}.Wabbitemu Debug DLL|x64.ActiveCfg = Debug DLL|x64
		{9472BBF2-0E54-43DD-B1E7-E4F9BBC1FCDB}.Wabbitemu Debug DLL|x64.Build.0 = Debug DLL|x64
		{9472BBF2-0E54-43DD-B1E7-E4F9BBC1FCDB}.Wabbitemu Debug DLL|X86.ActiveCfg = Debug DLL|x64
		{9472BBF2-0E54-43DD-B1E7-E4F9BBC1FCDB}.Wabbitemu Debug|Any CPU.ActiveCfg = Debug|Win32
		{9472BBF2-0E54-43DD-B1E7-E4F9BBC1FCDB}.Wabbitemu Debug|Any CPU.Build.0 = Debug|Win32
		{9472BBF2-0E54-43DD-B1E7-E4F9BBC1FCDB}.Wabbitemu Debug|Win32.ActiveCfg = Debug|Win32
		{9472BBF2-0E54-43DD-B1E7-E4F9BBC1FCDB}.Wabbitemu Debug|Win32.Build.0 = Debug|Win32
		{9472BBF2-0E54-43DD-B1E7-E4F9BBC1FCDB}.Wabbitemu Debug|x64.ActiveCfg = Debug|x64
		{9472BBF2-0E54-43DD-B1E7-E4F9BBC1FCDB}.Wabbitemu Debug|x64.Build.0 = Debug|x64
		{9472BBF2-0E54-43DD-B1E7-E4F9BBC1FCDB}.Wabbitemu Debug|X86.ActiveCfg = Debug|x64
		{9472BBF2-0E54-43DD-B1E7-E4F9BBC1FCDB}.Wabbitemu Release DLL|Any CPU.ActiveCfg = Release DLL|Win32
		{9472BBF2-0E54-43DD-B1E7-E4F9BBC1FCDB}.Wabbitemu Release DLL|Any CPU.Build.0 = Release DLL|Win32
		{9472BBF2-0E54-43DD-B1E7-E4F9BBC1FCDB}.Wabbitemu Release DLL|Win32.ActiveCfg = Release DLL|Win32
		{9472BBF2-0E54-43DD-B1E7-E4F9BBC1FCDB}.Wabbitemu Release DLL|Win32.Build.0 = Release DLL|Win32
		{9472BBF2-0E54-43DD-B1E7-E4F9BBC1FCDB}.Wabbitemu Release DLL|x64.ActiveCfg = Release DLL|x64
		{9472BBF2-0E54-43DD-B1E7-E4F9BBC1FCDB}.Wabbitemu Release DLL|x64.Build.0 = Release DLL|x64
		{9472BBF2-0E54-43DD-B1E7-E4F9BBC1FCDB}.Wabbitemu Release DLL|X86.ActiveCfg = Release DLL|x64
		{9472BBF2-0E54-43DD-B1E7-E4F9BBC1FCDB}.Wabbitemu Release|Any CPU.ActiveCfg = Release|Win32
		{9472BBF2-0E54-43DD-B1E7-E4F9BBC1FCDB}.Wabbitemu Release|Any CPU.Build.0 = Release|Win32
		{9472BBF2-0E54-43DD-B1E7-E4F9BBC1FCDB}.Wabbitemu Release|Win32.ActiveCfg = Release|Win32
		{9472BBF2-0E54-43DD-B1E7-E4F9BBC1FCDB}.Wabbitemu Release|Win32.Build.0 = Release|Win32
		{9472BBF2-0E54-43DD-B1E7-E4F9BBC1FCDB}.Wabbitemu Release|x64.ActiveCfg = Debug|x64
		{9472BBF2-0E54-43DD-B1E7-E4F9BBC1FCDB}.Wabbitemu Release|x64.Build.0 = Debug|x64
		{9472BBF2-0E54-43DD-B1E7-E4F9BBC1FCDB}.Wabbitemu Release|X86.ActiveCfg = Release|x64
		{C36BF10E-335B-4892-ADF8-D23DD16FBE06}.SPASM Debug DLL|Any CPU.ActiveCfg = Debug|x64
		{C36BF10E-335B-4892-ADF8-D23DD16FBE06}.SPASM Debug DLL|Win32.ActiveCfg = Debug|x64
		{C36BF10E-335B-4892-ADF8-D23DD16FBE06}.SPASM Debug DLL|x64.ActiveCfg = Debug|x64
		{C36BF10E-335B-4892-ADF8-D23DD16FBE06}.SPASM Debug DLL|x64.Build.0 = Debug|x64
		{C36BF10E-335B-4892-ADF8-D23DD16FBE06}.SPASM Debug DLL|X86.ActiveCfg = Debug|x64
		{C36BF10E-335B-4892-ADF8-D23DD16FBE06}.SPASM Debug|Any CPU.ActiveCfg = Debug|x64
		{C36BF10E-335B-4892-ADF8-D23DD16FBE06}.SPASM Debug|Win32.ActiveCfg = Debug|Win32
		{C36BF10E-335B-4892-ADF8-D23DD16FBE06}.SPASM Debug|Win32.Build.0 = Debug|Win32
		{C36BF10E-335B-4892-ADF8-D23DD16FBE06}.SPASM Debug|x64.ActiveCfg = Debug|x64
		{C36BF10E-335B-4892-ADF8-D23DD16FBE06}.SPASM Debug|x64.Build.0 = Debug|x64
		{C36BF10E-335B-4892-ADF8-D23DD16FBE06}.SPASM Debug|X86.ActiveCfg = Debug|x64
		{C36BF10E-335B-4892-ADF8-D23DD16FBE06}.SPASM Release DLL|Any CPU.ActiveCfg = Release|x64
		{C36BF10E-335B-4892-ADF8-D23DD16FBE06}.SPASM Release DLL|Win32.ActiveCfg = Release|x64
		{C36BF10E-335B-4892-ADF8-D23DD16FBE06}.SPASM Release DLL|x64.ActiveCfg = Release|x64
		{C36BF10E-335B-4892-ADF8-D23DD16FBE06}.SPASM Release DLL|x64.Build.0 = Release|x64
		{C36BF10E-335B-4892-ADF8-D23DD16FBE06}.SPASM Release DLL|X86.ActiveCfg = Release|x64
		{C36BF10E-335B-4892-ADF8-D23DD16FBE06}.SPASM Release|Any CPU.ActiveCfg = Release|x64
		{C36BF10E-335B-4892-ADF8-D23DD16FBE06}.SPASM Release|Win32.ActiveCfg = Release|Win32
		{C36BF10E-335B-4892-ADF8-D23DD16FBE06}.SPASM Release|Win32.Build.0 = Release|Win32
		{C36BF10E-335B-4892-ADF8-D23DD16FBE06}.SPASM Release|x64.ActiveCfg = Release|x64
		{C36BF10E-335B-4892-ADF8-D23DD16FBE06}.SPASM Release|x64.Build.0 = Release|x64
		{C36BF10E-335B-4892-ADF8-D23DD16FBE06}.SPASM Release|X86.ActiveCfg = Release|x64
		{C36BF10E-335B-4892-ADF8-D23DD16FBE06}.Wabbitcode Debug|Any CPU.ActiveCfg = Debug|x64
		{C36BF10E-335B-4892-ADF8-D23DD16FBE06}.Wabbitcode Debug|Win32.ActiveCfg = Debug|Win32
		{C36BF10E-335B-4892-ADF8-D23DD16FBE06}.Wabbitcode Debug|Win32.Build.0 = Debug|Win32
		{C36BF10E-335B-4892-ADF8-D23DD16FBE06}.Wabbitcode Debug|x64.ActiveCfg = Debug|x64
		{C36BF10E-335B-4892-ADF8-D23DD16FBE06}.Wabbitcode Debug|x64.Build.0 = Debug|x64
		{C36BF10E-335B-4892-ADF8-D23DD16FBE06}.Wabbitcode Debug|X86.ActiveCfg = Debug|x64
		{C36BF10E-335B-4892-ADF8-D23DD16FBE06}.Wabbitcode Release|Any CPU.ActiveCfg = Release|x64
		{C36BF10E-335B-4892-ADF8-D23DD16FBE06}.Wabbitcode Release|Win32.ActiveCfg = Release|Win32
		{C36BF10E-335B-4892-ADF8-D23DD16FBE06}.Wabbitcode Release|Win32.Build.0 = Release|Win32
		{C36BF10E-335B-4892-ADF8-D23DD16FBE06}.Wabbitcode Release|x64.ActiveCfg = Release|x64
		{C36BF10E-335B-4892-ADF8-D23DD16FBE06}.Wabbitcode Release|X86.ActiveCfg = Release|x64
		{C36BF10E-335B-4892-ADF8-D23DD16FBE06}.Wabbitemu Debug DLL|Any CPU.ActiveCfg = Debug|x64
		{C36BF10E-335B-4892-ADF8-D23DD16FBE06}.Wabbitemu Debug DLL|Win32.ActiveCfg = Debug|x64
		{C36BF10E-335B-4892-ADF8-D23DD16FBE06}.Wabbitemu Debug DLL|x64.ActiveCfg = Debug|x64
		{C36BF10E-335B-4892-ADF8-D23DD16FBE06}.Wabbitemu Debug DLL|x64.Build.0 = Debug|x64
		{C36BF10E-335B-4892-ADF8-D23DD16FBE06}.Wabbitemu Debug DLL|X86.ActiveCfg = Debug|x64
		{C36BF10E-335B-4892-ADF8-D23DD16FBE06}.Wabbitemu Debug|Any CPU.ActiveCfg = Debug|Win32
		{C36BF10E-335B-4892-ADF8-D23DD16FBE06}.Wabbitemu Debug|Win32.ActiveCfg = Debug|Win32
		{C36BF10E-335B-4892-ADF8-D23DD16FBE06}.Wabbitemu Debug|x64.ActiveCfg = Debug|x64
		{C36BF10E-335B-4892-ADF8-D23DD16FBE06}.Wabbitemu Debug|X86.ActiveCfg = Debug|x64
		{C36BF10E-335B-4892-ADF8-D23DD16FBE06}.Wabbitemu Release DLL|Any CPU.ActiveCfg = Release|x64
		{C36BF10E-335B-4892-ADF8-D23DD16FBE06}.Wabbitemu Release DLL|Win32.ActiveCfg = Release|x64
		{C36BF10E-335B-4892-ADF8-D23DD16FBE06}.Wabbitemu Release DLL|x64.ActiveCfg = Release|x64
		{C36BF10E-335B-4892-ADF8-D23DD16FBE06}.Wabbitemu Release DLL|x64.Build.0 = Release|x64
		{C36BF10E-335B-4892-ADF8-D23DD16FBE06}.Wabbitemu Release DLL|X86.ActiveCfg = Release|x64
		{C36BF10E-335B-4892-ADF8-D23DD16FBE06}.Wabbitemu Release|Any CPU.ActiveCfg = Release|Win32
		{C36BF10E-335B-4892-ADF8-D23DD16FBE06}.Wabbitemu Release|Win32.ActiveCfg = Release|Win32
		{C36BF10E-335B-4892-ADF8-D23DD16FBE06}.Wabbitemu Release|Win32.Build.0 = Release|Win32
		{C36BF10E-335B-4892-ADF8-D23DD16FBE06}.Wabbitemu Release|x64.ActiveCfg = Release|x64
		{C36BF10E-335B-4892-ADF8-D23DD16FBE06}.Wabbitemu Release|x64.Build.0 = Release|x64
		{C36BF10E-335B-4892-ADF8-D23DD16FBE06}.Wabbitemu Release|X86.ActiveCfg = Release|x64
		{C45C62A4-98E1-4768-9690-EFD2EB2C3272}.SPASM Debug DLL|Any CPU.ActiveCfg = SPASM Debug DLL|Any CPU
		{C45C62A4-98E1-4768-9690-EFD2EB2C3272}.SPASM Debug DLL|Win32.ActiveCfg = SPASM Debug DLL|X64
		{C45C62A4-98E1-4768-9690-EFD2EB2C3272}.SPASM Debug DLL|x64.ActiveCfg = SPASM Debug DLL|X64
		{C45C62A4-98E1-4768-9690-EFD2EB2C3272}.SPASM Debug DLL|X86.ActiveCfg = SPASM Debug DLL|X86
		{C45C62A4-98E1-4768-9690-EFD2EB2C3272}.SPASM Debug|Any CPU.ActiveCfg = SPASM Debug|Any CPU
		{C45C62A4-98E1-4768-9690-EFD2EB2C3272}.SPASM Debug|Win32.ActiveCfg = SPASM Debug|X64
		{C45C62A4-98E1-4768-9690-EFD2EB2C3272}.SPASM Debug|x64.ActiveCfg = SPASM Debug|X64
		{C45C62A4-98E1-4768-9690-EFD2EB2C3272}.SPASM Debug|X86.ActiveCfg = SPASM Debug|X86
		{C45C62A4-98E1-4768-9690-EFD2EB2C3272}.SPASM Release DLL|Any CPU.ActiveCfg = SPASM Release DLL|Any CPU
		{C45C62A4-98E1-4768-9690-EFD2EB2C3272}.SPASM Release DLL|Win32.ActiveCfg = SPASM Release DLL|X64
		{C45C62A4-98E1-4768-9690-EFD2EB2C3272}.SPASM Release DLL|x64.ActiveCfg = SPASM Release DLL|X64
		{C45C62A4-98E1-4768-9690-EFD2EB2C3272}.SPASM Release DLL|X86.ActiveCfg = SPASM Release DLL|X86
		{C45C62A4-98E1-4768-9690-EFD2EB2C3272}.SPASM Release|Any CPU.ActiveCfg = SPASM Release|Any CPU
		{C45C62A4-98E1-4768-9690-EFD2EB2C3272}.SPASM Release|Win32.ActiveCfg = SPASM Release|X64
		{C45C62A4-98E1-4768-9690-EFD2EB2C3272}.SPASM Release|x64.ActiveCfg = SPASM Release|X64
		{C45C62A4-98E1-4768-9690-EFD2EB2C3272}.SPASM Release|X86.ActiveCfg = SPASM Release|X86
		{C45C62A4-98E1-4768-9690-EFD2EB2C3272}.Wabbitcode Debug|Any CPU.ActiveCfg = Wabbitcode Debug|Any CPU
		{C45C62A4-98E1-4768-9690-EFD2EB2C3272}.Wabbitcode Debug|Any CPU.Build.0 = Wabbitcode Debug|Any CPU
		{C45C62A4-98E1-4768-9690-EFD2EB2C3272}.Wabbitcode Debug|Win32.ActiveCfg = Wabbitcode Debug|X64
		{C45C62A4-98E1-4768-9690-EFD2EB2C3272}.Wabbitcode Debug|x64.ActiveCfg = Wabbitcode Debug|X64
		{C45C62A4-98E1-4768-9690-EFD2EB2C3272}.Wabbitcode Debug|x64.Build.0 = Wabbitcode Debug|X64
		{C45C62A4-98E1-4768-9690-EFD2EB2C3272}.Wabbitcode Debug|X86.ActiveCfg = Wabbitcode Debug|X86
		{C45C62A4-98E1-4768-9690-EFD2EB2C3272}.Wabbitcode Release|Any CPU.ActiveCfg = Wabbitcode Release|Any CPU
		{C45C62A4-98E1-4768-9690-EFD2EB2C3272}.Wabbitcode Release|Any CPU.Build.0 = Wabbitcode Release|Any CPU
		{C45C62A4-98E1-4768-9690-EFD2EB2C3272}.Wabbitcode Release|Win32.ActiveCfg = Wabbitcode Release|X64
		{C45C62A4-98E1-4768-9690-EFD2EB2C3272}.Wabbitcode Release|x64.ActiveCfg = Wabbitcode Release|X64
		{C45C62A4-98E1-4768-9690-EFD2EB2C3272}.Wabbitcode Release|x64.Build.0 = Wabbitcode Release|X64
		{C45C62A4-98E1-4768-9690-EFD2EB2C3272}.Wabbitcode Release|X86.ActiveCfg = Wabbitcode Release|X86
		{C45C62A4-98E1-4768-9690-EFD2EB2C3272}.Wabbitemu Debug DLL|Any CPU.ActiveCfg = Debug|X64
		{C45C62A4-98E1-4768-9690-EFD2EB2C3272}.Wabbitemu Debug DLL|Win32.ActiveCfg = Debug|X64
		{C45C62A4-98E1-4768-9690-EFD2EB2C3272}.Wabbitemu Debug DLL|x64.ActiveCfg = Debug|X64
		{C45C62A4-98E1-4768-9690-EFD2EB2C3272}.Wabbitemu Debug DLL|x64.Build.0 = Debug|X64
		{C45C62A4-98E1-4768-9690-EFD2EB2C3272}.Wabbitemu Debug DLL|X86.ActiveCfg = Debug|X64
		{C45C62A4-98E1-4768-9690-EFD2EB2C3272}.Wabbitemu Debug|Any CPU.ActiveCfg = Debug|Any CPU
		{C45C62A4-98E1-4768-9690-EFD2EB2C3272}.Wabbitemu Debug|Win32.ActiveCfg = Debug|X64
		{C45C62A4-98E1-4768-9690-EFD2EB2C3272}.Wabbitemu Debug|x64.ActiveCfg = Debug|X64
		{C45C62A4-98E1-4768-9690-EFD2EB2C3272}.Wabbitemu Debug|X86.ActiveCfg = Debug|X86
		{C45C62A4-98E1-4768-9690-EFD2EB2C3272}.Wabbitemu Debug|X86.Build.0 = Debug|X86
		{C45C62A4-98E1-4768-9690-EFD2EB2C3272}.Wabbitemu Release DLL|Any CPU.ActiveCfg = Release|X64
		{C45C62A4-98E1-4768-9690-EFD2EB2C3272}.Wabbitemu Release DLL|Win32.ActiveCfg = Release|X64
		{C45C62A4-98E1-4768-9690-EFD2EB2C3272}.Wabbitemu Release DLL|x64.ActiveCfg = Release|X64
		{C45C62A4-98E1-4768-9690-EFD2EB2C3272}.Wabbitemu Release DLL|x64.Build.0 = Release|X64
		{C45C62A4-98E1-4768-9690-EFD2EB2C3272}.Wabbitemu Release DLL|X86.ActiveCfg = Release|X64
		{C45C62A4-98E1-4768-9690-EFD2EB2C3272}.Wabbitemu Release|Any CPU.ActiveCfg = Release|Any CPU
		{C45C62A4-98E1-4768-9690-EFD2EB2C3272}.Wabbitemu Release|Win32.ActiveCfg = Release|X64
		{C45C62A4-98E1-4768-9690-EFD2EB2C3272}.Wabbitemu Release|x64.ActiveCfg = Release|X64
		{C45C62A4-98E1-4768-9690-EFD2EB2C3272}.Wabbitemu Release|X86.ActiveCfg = Release|X86
		{C45C62A4-98E1-4768-9690-EFD2EB2C3272}.Wabbitemu Release|X86.Build.0 = Release|X86
		{2D18BE89-D210-49EB-A9DD-2246FBB3DF6D}.SPASM Debug DLL|Any CPU.ActiveCfg = SPASM Debug DLL|Any CPU
		{2D18BE89-D210-49EB-A9DD-2246FBB3DF6D}.SPASM Debug DLL|Win32.ActiveCfg = SPASM Debug DLL|X64
		{2D18BE89-D210-49EB-A9DD-2246FBB3DF6D}.SPASM Debug DLL|x64.ActiveCfg = SPASM Debug DLL|X64
		{2D18BE89-D210-49EB-A9DD-2246FBB3DF6D}.SPASM Debug DLL|X86.ActiveCfg = SPASM Debug DLL|X86
		{2D18BE89-D210-49EB-A9DD-2246FBB3DF6D}.SPASM Debug|Any CPU.ActiveCfg = SPASM Debug|Any CPU
		{2D18BE89-D210-49EB-A9DD-2246FBB3DF6D}.SPASM Debug|Win32.ActiveCfg = SPASM Debug|X64
		{2D18BE89-D210-49EB-A9DD-2246FBB3DF6D}.SPASM Debug|x64.ActiveCfg = SPASM Debug|X64
		{2D18BE89-D210-49EB-A9DD-2246FBB3DF6D}.SPASM Debug|X86.ActiveCfg = SPASM Debug|X86
		{2D18BE89-D210-49EB-A9DD-2246FBB3DF6D}.SPASM Release DLL|Any CPU.ActiveCfg = SPASM Release DLL|Any CPU
		{2D18BE89-D210-49EB-A9DD-2246FBB3DF6D}.SPASM Release DLL|Win32.ActiveCfg = SPASM Release DLL|X64
		{2D18BE89-D210-49EB-A9DD-2246FBB3DF6D}.SPASM Release DLL|x64.ActiveCfg = SPASM Release DLL|X64
		{2D18BE89-D210-49EB-A9DD-2246FBB3DF6D}.SPASM Release DLL|X86.ActiveCfg = SPASM Release DLL|X86
		{2D18BE89-D210-49EB-A9DD-2246FBB3DF6D}.SPASM Release|Any CPU.ActiveCfg = SPASM Release|Any CPU
		{2D18BE89-D210-49EB-A9DD-2246FBB3DF6D}.SPASM Release|Win32.ActiveCfg = SPASM Release|X64
		{2D18BE89-D210-49EB-A9DD-2246FBB3DF6D}.SPASM Release|x64.ActiveCfg = SPASM Release|X64
		{2D18BE89-D210-49EB-A9DD-2246FBB3DF6D}.SPASM Release|X86.ActiveCfg = SPASM Release|X86
		{2D18BE89-D210-49EB-A9DD-2246FBB3DF6D}.Wabbitcode Debug|Any CPU.ActiveCfg = Wabbitcode Debug|Any CPU
		{2D18BE89-D210-49EB-A9DD-2246FBB3DF6D}.Wabbitcode Debug|Any CPU.Build.0 = Wabbitcode Debug|Any CPU
		{2D18BE89-D210-49EB-A9DD-2246FBB3DF6D}.Wabbitcode Debug|Win32.ActiveCfg = Wabbitcode Debug|X64
		{2D18BE89-D210-49EB-A9DD-2246FBB3DF6D}.Wabbitcode Debug|x64.ActiveCfg = Wabbitcode Debug|X64
		{2D18BE89-D210-49EB-A9DD-2246FBB3DF6D}.Wabbitcode Debug|x64.Build.0 = Wabbitcode Debug|X64
		{2D18BE89-D210-49EB-A9DD-2246FBB3DF6D}.Wabbitcode Debug|X86.ActiveCfg = Wabbitcode Debug|X86
		{2D18BE89-D210-49EB-A9DD-2246FBB3DF6D}.Wabbitcode Release|Any CPU.ActiveCfg = Wabbitcode Release|Any CPU
		{2D18BE89-D210-49EB-A9DD-2246FBB3DF6D}.Wabbitcode Release|Any CPU.Build.0 = Wabbitcode Release|Any CPU
		{2D18BE89-D210-49EB-A9DD-2246FBB3DF6D}.Wabbitcode Release|Win32.ActiveCfg = Wabbitcode Release|X64
		{2D18BE89-D210-49EB-A9DD-2246FBB3DF6D}.Wabbitcode Release|x64.ActiveCfg = Wabbitcode Release|X64
		{2D18BE89-D210-49EB-A9DD-2246FBB3DF6D}.Wabbitcode Release|x64.Build.0 = Wabbitcode Release|X64
		{2D18BE89-D210-49EB-A9DD-2246FBB3DF6D}.Wabbitcode Release|X86.ActiveCfg = Wabbitcode Release|X86
		{2D18BE89-D210-49EB-A9DD-2246FBB3DF6D}.Wabbitemu Debug DLL|Any CPU.ActiveCfg = Debug|X64
		{2D18BE89-D210-49EB-A9DD-2246FBB3DF6D}.Wabbitemu Debug DLL|Win32.ActiveCfg = Debug|X64
		{2D18BE89-D210-49EB-A9DD-2246FBB3DF6D}.Wabbitemu Debug DLL|x64.ActiveCfg = Debug|X64
		{2D18BE89-D210-49EB-A9DD-2246FBB3DF6D}.Wabbitemu Debug DLL|x64.Build.0 = Debug|X64
		{2D18BE89-D210-49EB-A9DD-2246FBB3DF6D}.Wabbitemu Debug DLL|X86.ActiveCfg = Debug|X64
		{2D18BE89-D210-49EB-A9DD-2246FBB3DF6D}.Wabbitemu Debug|Any CPU.ActiveCfg = Debug|Any CPU
		{2D18BE89-D210-49EB-A9DD-2246FBB3DF6D}.Wabbitemu Debug|Win32.ActiveCfg = Debug|X64
		{2D18BE89-D210-49EB-A9DD-2246FBB3DF6D}.Wabbitemu Debug|x64.ActiveCfg = Debug|X64
		{2D18BE89-D210-49EB-A9DD-2246FBB3DF6D}.Wabbitemu Debug|X86.ActiveCfg = Debug|X86
		{2D18BE89-D210-49EB-A9DD-2246FBB3DF6D}.Wabbitemu Debug|X86.Build.0 = Debug|X86
		{2D18BE89-D210-49EB-A9DD-2246FBB3DF6D}.Wabbitemu Release DLL|Any CPU.ActiveCfg = Release|X64
		{2D18BE89-D210-49EB-A9DD-2246FBB3DF6D}.Wabbitemu Release DLL|Win32.ActiveCfg = Release|X64
		{2D18BE89-D210-49EB-A9DD-2246FBB3DF6D}.Wabbitemu Release DLL|x64.ActiveCfg = Release|X64
		{2D18BE89-D210-49EB-A9DD-2246FBB3DF6D}.Wabbitemu Release DLL|x64.Build.0 = Release|X64
		{2D18BE89-D210-49EB-A9DD-2246FBB3DF6D}.Wabbitemu Release DLL|X86.ActiveCfg = Release|X64
		{2D18BE89-D210-49EB-A9DD-2246FBB3DF6D}.Wabbitemu Release|Any CPU.ActiveCfg = Release|Any CPU
		{2D18BE89-D210-49EB-A9DD-2246FBB3DF6D}.Wabbitemu Release|Win32.ActiveCfg = Release|X64
		{2D18BE89-D210-49EB-A9DD-2246FBB3DF6D}.Wabbitemu Release|x64.ActiveCfg = Release|X64
		{2D18BE89-D210-49EB-A9DD-2246FBB3DF6D}.Wabbitemu Release|X86.ActiveCfg = Release|X86
		{2D18BE89-D210-49EB-A9DD-2246FBB3DF6D}.Wabbitemu Release|X86.Build.0 = Release|X86
		{1BF86B19-DD98-43B0-BD97-6164D56EDE8C}.SPASM Debug DLL|Any CPU.ActiveCfg = SPASM Debug DLL|Any CPU
		{1BF86B19-DD98-43B0-BD97-6164D56EDE8C}.SPASM Debug DLL|Win32.ActiveCfg = SPASM Debug DLL|X64
		{1BF86B19-DD98-43B0-BD97-6164D56EDE8C}.SPASM Debug DLL|x64.ActiveCfg = SPASM Debug DLL|X64
		{1BF86B19-DD98-43B0-BD97-6164D56EDE8C}.SPASM Debug DLL|X86.ActiveCfg = SPASM Debug DLL|X86
		{1BF86B19-DD98-43B0-BD97-6164D56EDE8C}.SPASM Debug|Any CPU.ActiveCfg = SPASM Debug|Any CPU
		{1BF86B19-DD98-43B0-BD97-6164D56EDE8C}.SPASM Debug|Win32.ActiveCfg = SPASM Debug|X64
		{1BF86B19-DD98-43B0-BD97-6164D56EDE8C}.SPASM Debug|x64.ActiveCfg = SPASM Debug|X64
		{1BF86B19-DD98-43B0-BD97-6164D56EDE8C}.SPASM Debug|X86.ActiveCfg = SPASM Debug|X86
		{1BF86B19-DD98-43B0-BD97-6164D56EDE8C}.SPASM Release DLL|Any CPU.ActiveCfg = SPASM Release DLL|Any CPU
		{1BF86B19-DD98-43B0-BD97-6164D56EDE8C}.SPASM Release DLL|Win32.ActiveCfg = SPASM Release DLL|X64
		{1BF86B19-DD98-43B0-BD97-6164D56EDE8C}.SPASM Release DLL|x64.ActiveCfg = SPASM Release DLL|X64
		{1BF86B19-DD98-43B0-BD97-6164D56EDE8C}.SPASM Release DLL|X86.ActiveCfg = SPASM Release DLL|X86
		{1BF86B19-DD98-43B0-BD97-6164D56EDE8C}.SPASM Release|Any CPU.ActiveCfg = SPASM Release|Any CPU
		{1BF86B19-DD98-43B0-BD97-6164D56EDE8C}.SPASM Release|Win32.ActiveCfg = SPASM Release|X64
		{1BF86B19-DD98-43B0-BD97-6164D56EDE8C}.SPASM Release|x64.ActiveCfg = SPASM Release|X64
		{1BF86B19-DD98-43B0-BD97-6164D56EDE8C}.SPASM Release|X86.ActiveCfg = SPASM Release|X86
		{1BF86B19-DD98-43B0-BD97-6164D56EDE8C}.Wabbitcode Debug|Any CPU.ActiveCfg = Wabbitcode Debug|Any CPU
		{1BF86B19-DD98-43B0-BD97-6164D56EDE8C}.Wabbitcode Debug|Win32.ActiveCfg = Wabbitcode Debug|X64
		{1BF86B19-DD98-43B0-BD97-6164D56EDE8C}.Wabbitcode Debug|x64.ActiveCfg = Wabbitcode Debug|X64
		{1BF86B19-DD98-43B0-BD97-6164D56EDE8C}.Wabbitcode Debug|X86.ActiveCfg = Wabbitcode Debug|X86
		{1BF86B19-DD98-43B0-BD97-6164D56EDE8C}.Wabbitcode Release|Any CPU.ActiveCfg = Wabbitcode Release|Any CPU
		{1BF86B19-DD98-43B0-BD97-6164D56EDE8C}.Wabbitcode Release|Win32.ActiveCfg = Wabbitcode Release|X64
		{1BF86B19-DD98-43B0-BD97-6164D56EDE8C}.Wabbitcode Release|x64.ActiveCfg = Wabbitcode Release|X64
		{1BF86B19-DD98-43B0-BD97-6164D56EDE8C}.Wabbitcode Release|x64.Build.0 = Wabbitcode Release|X64
		{1BF86B19-DD98-43B0-BD97-6164D56EDE8C}.Wabbitcode Release|X86.ActiveCfg = Wabbitcode Release|X86
		{1BF86B19-DD98-43B0-BD97-6164D56EDE8C}.Wabbitemu Debug DLL|Any CPU.ActiveCfg = Debug|X64
		{1BF86B19-DD98-43B0-BD97-6164D56EDE8C}.Wabbitemu Debug DLL|Win32.ActiveCfg = Debug|X64
		{1BF86B19-DD98-43B0-BD97-6164D56EDE8C}.Wabbitemu Debug DLL|x64.ActiveCfg = Debug|X64
		{1BF86B19-DD98-43B0-BD97-6164D56EDE8C}.Wabbitemu Debug DLL|x64.Build.0 = Debug|X64
		{1BF86B19-DD98-43B0-BD97-6164D56EDE8C}.Wabbitemu Debug DLL|X86.ActiveCfg = Debug|X64
		{1BF86B19-DD98-43B0-BD97-6164D56EDE8C}.Wabbitemu Debug|Any CPU.ActiveCfg = Debug|Any CPU
		{1BF86B19-DD98-43B0-BD97-6164D56EDE8C}.Wabbitemu Debug|Win32.ActiveCfg = Debug|X64
		{1BF86B19-DD98-43B0-BD97-6164D56EDE8C}.Wabbitemu Debug|x64.ActiveCfg = Debug|X64
		{1BF86B19-DD98-43B0-BD97-6164D56EDE8C}.Wabbitemu Debug|X86.ActiveCfg = Debug|X86
		{1BF86B19-DD98-43B0-BD97-6164D56EDE8C}.Wabbitemu Debug|X86.Build.0 = Debug|X86
		{1BF86B19-DD98-43B0-BD97-6164D56EDE8C}.Wabbitemu Release DLL|Any CPU.ActiveCfg = Release|X64
		{1BF86B19-DD98-43B0-BD97-6164D56EDE8C}.Wabbitemu Release DLL|Win32.ActiveCfg = Release|X64
		{1BF86B19-DD98-43B0-BD97-6164D56EDE8C}.Wabbitemu Release DLL|x64.ActiveCfg = Release|X64
		{1BF86B19-DD98-43B0-BD97-6164D56EDE8C}.Wabbitemu Release DLL|x64.Build.0 = Release|X64
		{1BF86B19-DD98-43B0-BD97-6164D56EDE8C}.Wabbitemu Release DLL|X86.ActiveCfg = Release|X64
		{1BF86B19-DD98-43B0-BD97-6164D56EDE8C}.Wabbitemu Release|Any CPU.ActiveCfg = Release|Any CPU
		{1BF86B19-DD98-43B0-BD97-6164D56EDE8C}.Wabbitemu Release|Win32.ActiveCfg = Release|X64
		{1BF86B19-DD98-43B0-BD97-6164D56EDE8C}.Wabbitemu Release|x64.ActiveCfg = Release|X64
		{1BF86B19-DD98-43B0-BD97-6164D56EDE8C}.Wabbitemu Release|X86.ActiveCfg = Release|X86
		{1BF86B19-DD98-43B0-BD97-6164D56EDE8C}.Wabbitemu Release|X86.Build.0 = Release|X86
		{7F7E8EB5-BBB9-498F-B4A2-97BBBB90C15F}.SPASM Debug DLL|Any CPU.ActiveCfg = SPASM Debug DLL|Any CPU
		{7F7E8EB5-BBB9-498F-B4A2-97BBBB90C15F}.SPASM Debug DLL|Win32.ActiveCfg = SPASM Debug DLL|X64
		{7F7E8EB5-BBB9-498F-B4A2-97BBBB90C15F}.SPASM Debug DLL|x64.ActiveCfg = SPASM Debug DLL|X64
		{7F7E8EB5-BBB9-498F-B4A2-97BBBB90C15F}.SPASM Debug DLL|X86.ActiveCfg = SPASM Debug DLL|X86
		{7F7E8EB5-BBB9-498F-B4A2-97BBBB90C15F}.SPASM Debug|Any CPU.ActiveCfg = SPASM Debug|Any CPU
		{7F7E8EB5-BBB9-498F-B4A2-97BBBB90C15F}.SPASM Debug|Win32.ActiveCfg = SPASM Debug|X64
		{7F7E8EB5-BBB9-498F-B4A2-97BBBB90C15F}.SPASM Debug|x64.ActiveCfg = SPASM Debug|X64
		{7F7E8EB5-BBB9-498F-B4A2-97BBBB90C15F}.SPASM Debug|X86.ActiveCfg = SPASM Debug|X86
		{7F7E8EB5-BBB9-498F-B4A2-97BBBB90C15F}.SPASM Release DLL|Any CPU.ActiveCfg = SPASM Release DLL|Any CPU
		{7F7E8EB5-BBB9-498F-B4A2-97BBBB90C15F}.SPASM Release DLL|Win32.ActiveCfg = SPASM Release DLL|X64
		{7F7E8EB5-BBB9-498F-B4A2-97BBBB90C15F}.SPASM Release DLL|x64.ActiveCfg = SPASM Release DLL|X64
		{7F7E8EB5-BBB9-498F-B4A2-97BBBB90C15F}.SPASM Release DLL|X86.ActiveCfg = SPASM Release DLL|X86
		{7F7E8EB5-BBB9-498F-B4A2-97BBBB90C15F}.SPASM Release|Any CPU.ActiveCfg = SPASM Release|Any CPU
		{7F7E8EB5-BBB9-498F-B4A2-97BBBB90C15F}.SPASM Release|Win32.ActiveCfg = SPASM Release|X64
		{7F7E8EB5-BBB9-498F-B4A2-97BBBB90C15F}.SPASM Release|x64.ActiveCfg = SPASM Release|X64
		{7F7E8EB5-BBB9-498F-B4A2-97BBBB90C15F}.SPASM Release|X86.ActiveCfg = SPASM Release|X86
		{7F7E8EB5-BBB9-498F-B4A2-97BBBB90C15F}.Wabbitcode Debug|Any CPU.ActiveCfg = Wabbitcode Debug|Any CPU
		{7F7E8EB5-BBB9-498F-B4A2-97BBBB90C15F}.Wabbitcode Debug|Win32.ActiveCfg = Wabbitcode Debug|X64
		{7F7E8EB5-BBB9-498F-B4A2-97BBBB90C15F}.Wabbitcode Debug|x64.ActiveCfg = Wabbitcode Debug|X64
		{7F7E8EB5-BBB9-498F-B4A2-97BBBB90C15F}.Wabbitcode Debug|X86.ActiveCfg = Wabbitcode Debug|X86
		{7F7E8EB5-BBB9-498F-B4A2-97BBBB90C15F}.Wabbitcode Release|Any CPU.ActiveCfg = Wabbitcode Release|Any CPU
		{7F7E8EB5-BBB9-498F-B4A2-97BBBB90C15F}.Wabbitcode Release|Win32.ActiveCfg = Wabbitcode Release|X64
		{7F7E8EB5-BBB9-498F-B4A2-97BBBB90C15F}.Wabbitcode Release|x64.ActiveCfg = Wabbitcode Release|X64
		{7F7E8EB5-BBB9-498F-B4A2-97BBBB90C15F}.Wabbitcode Release|x64.Build.0 = Wabbitcode Release|X64
		{7F7E8EB5-BBB9-498F-B4A2-97BBBB90C15F}.Wabbitcode Release|X86.ActiveCfg = Wabbitcode Release|X86
		{7F7E8EB5-BBB9-498F-B4A2-97BBBB90C15F}.Wabbitemu Debug DLL|Any CPU.ActiveCfg = Debug|X64
		{7F7E8EB5-BBB9-498F-B4A2-97BBBB90C15F}.Wabbitemu Debug DLL|Win32.ActiveCfg = Debug|X64
		{7F7E8EB5-BBB9-498F-B4A2-97BBBB90C15F}.Wabbitemu Debug DLL|x64.ActiveCfg = Debug|X64
		{7F7E8EB5-BBB9-498F-B4A2-97BBBB90C15F}.Wabbitemu Debug DLL|x64.Build.0 = Debug|X64
		{7F7E8EB5-BBB9-498F-B4A2-97BBBB90C15F}.Wabbitemu Debug DLL|X86.ActiveCfg = Debug|X64
		{7F7E8EB5-BBB9-498F-B4A2-97BBBB90C15F}.Wabbitemu Debug|Any CPU.ActiveCfg = Debug|Any CPU
		{7F7E8EB5-BBB9-498F-B4A2-97BBBB90C15F}.Wabbitemu Debug|Win32.ActiveCfg = Debug|X64
		{7F7E8EB5-BBB9-498F-B4A2-97BBBB90C15F}.Wabbitemu Debug|x64.ActiveCfg = Debug|X64
		{7F7E8EB5-BBB9-498F-B4A2-97BBBB90C15F}.Wabbitemu Debug|X86.ActiveCfg = Debug|X86
		{7F7E8EB5-BBB9-498F-B4A2-97BBBB90C15F}.Wabbitemu Debug|X86.Build.0 = Debug|X86
		{7F7E8EB5-BBB9-498F-B4A2-97BBBB90C15F}.Wabbitemu Release DLL|Any CPU.ActiveCfg = Release|X64
		{7F7E8EB5-BBB9-498F-B4A2-97BBBB90C15F}.Wabbitemu Release DLL|Win32.ActiveCfg = Release|X64
		{7F7E8EB5-BBB9-498F-B4A2-97BBBB90C15F}.Wabbitemu Release DLL|x64.ActiveCfg = Release|X64
		{7F7E8EB5-BBB9-498F-B4A2-97BBBB90C15F}.Wabbitemu Release DLL|x64.Build.0 = Release|X64
		{7F7E8EB5-BBB9-498F-B4A2-97BBBB90C15F}.Wabbitemu Release DLL|X86.ActiveCfg = Release|X64
		{7F7E8EB5-BBB9-498F-B4A2-97BBBB90C15F}.Wabbitemu Release|Any CPU.ActiveCfg = Release|Any CPU
		{7F7E8EB5-BBB9-498F-B4A2-97BBBB90C15F}.Wabbitemu Release|Win32.ActiveCfg = Release|X64
		{7F7E8EB5-BBB9-498F-B4A2-97BBBB90C15F}.Wabbitemu Release|x64.ActiveCfg = Release|X64
		{7F7E8EB5-BBB9-498F-B4A2-97BBBB90C15F}.Wabbitemu Release|X86.ActiveCfg = Release|X86
		{7F7E8EB5-BBB9-498F-B4A2-97BBBB90C15F}.Wabbitemu Release|X86.Build.0 = Release|X86
		{C75532C4-765B-418E-B09B-46D36B2ABDB1}.SPASM Debug DLL|Any CPU.ActiveCfg = SPASM Debug DLL|Any CPU
		{C75532C4-765B-418E-B09B-46D36B2ABDB1}.SPASM Debug DLL|Win32.ActiveCfg = SPASM Debug DLL|X64
		{C75532C4-765B-418E-B09B-46D36B2ABDB1}.SPASM Debug DLL|x64.ActiveCfg = SPASM Debug DLL|X64
		{C75532C4-765B-418E-B09B-46D36B2ABDB1}.SPASM Debug DLL|X86.ActiveCfg = SPASM Debug DLL|X86
		{C75532C4-765B-418E-B09B-46D36B2ABDB1}.SPASM Debug|Any CPU.ActiveCfg = SPASM Debug|Any CPU
		{C75532C4-765B-418E-B09B-46D36B2ABDB1}.SPASM Debug|Win32.ActiveCfg = SPASM Debug|X64
		{C75532C4-765B-418E-B09B-46D36B2ABDB1}.SPASM Debug|x64.ActiveCfg = SPASM Debug|X64
		{C75532C4-765B-418E-B09B-46D36B2ABDB1}.SPASM Debug|X86.ActiveCfg = SPASM Debug|X86
		{C75532C4-765B-418E-B09B-46D36B2ABDB1}.SPASM Release DLL|Any CPU.ActiveCfg = SPASM Release DLL|Any CPU
		{C75532C4-765B-418E-B09B-46D36B2ABDB1}.SPASM Release DLL|Win32.ActiveCfg = SPASM Release DLL|X64
		{C75532C4-765B-418E-B09B-46D36B2ABDB1}.SPASM Release DLL|x64.ActiveCfg = SPASM Release DLL|X64
		{C75532C4-765B-418E-B09B-46D36B2ABDB1}.SPASM Release DLL|X86.ActiveCfg = SPASM Release DLL|X86
		{C75532C4-765B-418E-B09B-46D36B2ABDB1}.SPASM Release|Any CPU.ActiveCfg = SPASM Release|Any CPU
		{C75532C4-765B-418E-B09B-46D36B2ABDB1}.SPASM Release|Win32.ActiveCfg = SPASM Release|X64
		{C75532C4-765B-418E-B09B-46D36B2ABDB1}.SPASM Release|x64.ActiveCfg = SPASM Release|X64
		{C75532C4-765B-418E-B09B-46D36B2ABDB1}.SPASM Release|X86.ActiveCfg = SPASM Release|X86
		{C75532C4-765B-418E-B09B-46D36B2ABDB1}.Wabbitcode Debug|Any CPU.ActiveCfg = Wabbitcode Debug|Any CPU
		{C75532C4-765B-418E-B09B-46D36B2ABDB1}.Wabbitcode Debug|Any CPU.Build.0 = Wabbitcode Debug|Any CPU
		{C75532C4-765B-418E-B09B-46D36B2ABDB1}.Wabbitcode Debug|Win32.ActiveCfg = Wabbitcode Debug|X64
		{C75532C4-765B-418E-B09B-46D36B2ABDB1}.Wabbitcode Debug|x64.ActiveCfg = Wabbitcode Debug|X64
		{C75532C4-765B-418E-B09B-46D36B2ABDB1}.Wabbitcode Debug|x64.Build.0 = Wabbitcode Debug|X64
		{C75532C4-765B-418E-B09B-46D36B2ABDB1}.Wabbitcode Debug|X86.ActiveCfg = Wabbitcode Debug|X86
		{C75532C4-765B-418E-B09B-46D36B2ABDB1}.Wabbitcode Release|Any CPU.ActiveCfg = Wabbitcode Release|Any CPU
		{C75532C4-765B-418E-B09B-46D36B2ABDB1}.Wabbitcode Release|Any CPU.Build.0 = Wabbitcode Release|Any CPU
		{C75532C4-765B-418E-B09B-46D36B2ABDB1}.Wabbitcode Release|Win32.ActiveCfg = Wabbitcode Release|X64
		{C75532C4-765B-418E-B09B-46D36B2ABDB1}.Wabbitcode Release|x64.ActiveCfg = Wabbitcode Release|X64
		{C75532C4-765B-418E-B09B-46D36B2ABDB1}.Wabbitcode Release|x64.Build.0 = Wabbitcode Release|X64
		{C75532C4-765B-418E-B09B-46D36B2ABDB1}.Wabbitcode Release|X86.ActiveCfg = Wabbitcode Release|X86
		{C75532C4-765B-418E-B09B-46D36B2ABDB1}.Wabbitemu Debug DLL|Any CPU.ActiveCfg = Debug|X64
		{C75532C4-765B-418E-B09B-46D36B2ABDB1}.Wabbitemu Debug DLL|Win32.ActiveCfg = Debug|X64
		{C75532C4-765B-418E-B09B-46D36B2ABDB1}.Wabbitemu Debug DLL|x64.ActiveCfg = Debug|X64
		{C75532C4-765B-418E-B09B-46D36B2ABDB1}.Wabbitemu Debug DLL|x64.Build.0 = Debug|X64
		{C75532C4-765B-418E-B09B-46D36B2ABDB1}.Wabbitemu Debug DLL|X86.ActiveCfg = Debug|X64
		{C75532C4-765B-418E-B09B-46D36B2ABDB1}.Wabbitemu Debug|Any CPU.ActiveCfg = Debug|Any CPU
		{C75532C4-765B-418E-B09B-46D36B2ABDB1}.Wabbitemu Debug|Win32.ActiveCfg = Debug|X64
		{C75532C4-765B-418E-B09B-46D36B2ABDB1}.Wabbitemu Debug|x64.ActiveCfg = Debug|X64
		{C75532C4-765B-418E-B09B-46D36B2ABDB1}.Wabbitemu Debug|X86.ActiveCfg = Debug|X86
		{C75532C4-765B-418E-B09B-46D36B2ABDB1}.Wabbitemu Debug|X86.Build.0 = Debug|X86
		{C75532C4-765B-418E-B09B-46D36B2ABDB1}.Wabbitemu Release DLL|Any CPU.ActiveCfg = Release|X64
		{C75532C4-765B-418E-B09B-46D36B2ABDB1}.Wabbitemu Release DLL|Win32.ActiveCfg = Release|X64
		{C75532C4-765B-418E-B09B-46D36B2ABDB1}.Wabbitemu Release DLL|x64.ActiveCfg = Release|X64
		{C75532C4-765B-418E-B09B-46D36B2ABDB1}.Wabbitemu Release DLL|x64.Build.0 = Release|X64
		{C75532C4-765B-418E-B09B-46D36B2ABDB1}.Wabbitemu Release DLL|X86.ActiveCfg = Release|X64
		{C75532C4-765B-418E-B09B-46D36B2ABDB1}.Wabbitemu Release|Any CPU.ActiveCfg = Release|Any CPU
		{C75532C4-765B-418E-B09B-46D36B2ABDB1}.Wabbitemu Release|Win32.ActiveCfg = Release|X64
		{C75532C4-765B-418E-B09B-46D36B2ABDB1}.Wabbitemu Release|x64.ActiveCfg = Release|X64
		{C75532C4-765B-418E-B09B-46D36B2ABDB1}.Wabbitemu Release|X86.ActiveCfg = Release|X86
		{C75532C4-765B-418E-B09B-46D36B2ABDB1}.Wabbitemu Release|X86.Build.0 = Release|X86
	EndGlobalSection
	GlobalSection(SolutionProperties) = preSolution
		HideSolutionNode = FALSE
	EndGlobalSection
EndGlobal
