
Microsoft Visual Studio Solution File, Format Version 11.00
# Visual Studio 2010
Project("{FAE04EC0-301F-11D3-BF4B-00C04F79EFBC}") = "Revsoft.Wabbitcode", "Source\Wabbitcode\Wabbitcode\Revsoft.Wabbitcode.csproj", "{C45C62A4-98E1-4768-9690-EFD2EB2C3272}"
	ProjectSection(ProjectDependencies) = postProject
		{1BF86B19-DD98-43B0-BD97-6164D56EDE8C} = {1BF86B19-DD98-43B0-BD97-6164D56EDE8C}
		{2D18BE89-D210-49EB-A9DD-2246FBB3DF6D} = {2D18BE89-D210-49EB-A9DD-2246FBB3DF6D}
		{C75532C4-765B-418E-B09B-46D36B2ABDB1} = {C75532C4-765B-418E-B09B-46D36B2ABDB1}
	EndProjectSection
EndProject
Project("{FAE04EC0-301F-11D3-BF4B-00C04F79EFBC}") = "Revsoft.TextEditor", "Source\Wabbitcode\ICSharpCode.TextEditor\Project\Revsoft.TextEditor.csproj", "{2D18BE89-D210-49EB-A9DD-2246FBB3DF6D}"
EndProject
Project("{FAE04EC0-301F-11D3-BF4B-00C04F79EFBC}") = "AutoUpdater", "Source\Wabbitcode\AutoUpdater\AutoUpdater.csproj", "{1BF86B19-DD98-43B0-BD97-6164D56EDE8C}"
EndProject
Project("{FAE04EC0-301F-11D3-BF4B-00C04F79EFBC}") = "MapEditor", "Source\Wabbitcode\MapEditor\MapEditor.csproj", "{7F7E8EB5-BBB9-498F-B4A2-97BBBB90C15F}"
EndProject
Project("{FAE04EC0-301F-11D3-BF4B-00C04F79EFBC}") = "Revsoft.Docking", "Source\Wabbitcode\WinFormsUI\Revsoft.Docking.csproj", "{C75532C4-765B-418E-B09B-46D36B2ABDB1}"
EndProject
Global
	GlobalSection(TeamFoundationVersionControl) = preSolution
		SccNumberOfProjects = 6
		SccEnterpriseProvider = {4CA58AB2-18FA-4F8D-95D4-32DDF27D184C}
		SccTeamFoundationServer = https://tfs07.codeplex.com/
		SccLocalPath0 = .
		SccProjectUniqueName1 = Source\\Wabbitcode\\Wabbitcode\\Revsoft.Wabbitcode.csproj
		SccProjectName1 = Source/Wabbitcode/Wabbitcode
		SccLocalPath1 = Source\\Wabbitcode\\Wabbitcode
		SccProjectUniqueName2 = Source\\Wabbitcode\\ICSharpCode.TextEditor\\Project\\Revsoft.TextEditor.csproj
		SccProjectName2 = Source/Wabbitcode/ICSharpCode.TextEditor/Project
		SccLocalPath2 = Source\\Wabbitcode\\ICSharpCode.TextEditor\\Project
		SccProjectUniqueName3 = Source\\Wabbitcode\\AutoUpdater\\AutoUpdater.csproj
		SccProjectName3 = Source/Wabbitcode/AutoUpdater
		SccLocalPath3 = Source\\Wabbitcode\\AutoUpdater
		SccProjectUniqueName4 = Source\\Wabbitcode\\MapEditor\\MapEditor.csproj
		SccProjectName4 = Source/Wabbitcode/MapEditor
		SccLocalPath4 = Source\\Wabbitcode\\MapEditor
		SccProjectUniqueName5 = Source\\Wabbitcode\\WinFormsUI\\Revsoft.Docking.csproj
		SccProjectName5 = Source/Wabbitcode/WinFormsUI
		SccLocalPath5 = Source\\Wabbitcode\\WinFormsUI
	EndGlobalSection
	GlobalSection(SolutionConfigurationPlatforms) = preSolution
		SPASM Debug DLL|Any CPU = SPASM Debug DLL|Any CPU
		SPASM Debug DLL|Win32 = SPASM Debug DLL|Win32
		SPASM Debug DLL|x64 = SPASM Debug DLL|x64
		SPASM Debug DLL|X86 = SPASM Debug DLL|X86
		SPASM Debug|Any CPU = SPASM Debug|Any CPU
		SPASM Debug|Win32 = SPASM Debug|Win32
		SPASM Debug|x64 = SPASM Debug|x64
		SPASM Debug|X86 = SPASM Debug|X86
		SPASM Release DLL|Any CPU = SPASM Release DLL|Any CPU
		SPASM Release DLL|Win32 = SPASM Release DLL|Win32
		SPASM Release DLL|x64 = SPASM Release DLL|x64
		SPASM Release DLL|X86 = SPASM Release DLL|X86
		SPASM Release|Any CPU = SPASM Release|Any CPU
		SPASM Release|Win32 = SPASM Release|Win32
		SPASM Release|x64 = SPASM Release|x64
		SPASM Release|X86 = SPASM Release|X86
		Wabbitcode Debug|Any CPU = Wabbitcode Debug|Any CPU
		Wabbitcode Debug|Win32 = Wabbitcode Debug|Win32
		Wabbitcode Debug|x64 = Wabbitcode Debug|x64
		Wabbitcode Debug|X86 = Wabbitcode Debug|X86
		Wabbitcode Release|Any CPU = Wabbitcode Release|Any CPU
		Wabbitcode Release|Win32 = Wabbitcode Release|Win32
		Wabbitcode Release|x64 = Wabbitcode Release|x64
		Wabbitcode Release|X86 = Wabbitcode Release|X86
		Wabbitemu Debug DLL|Any CPU = Wabbitemu Debug DLL|Any CPU
		Wabbitemu Debug DLL|Win32 = Wabbitemu Debug DLL|Win32
		Wabbitemu Debug DLL|x64 = Wabbitemu Debug DLL|x64
		Wabbitemu Debug DLL|X86 = Wabbitemu Debug DLL|X86
		Wabbitemu Debug|Any CPU = Wabbitemu Debug|Any CPU
		Wabbitemu Debug|Win32 = Wabbitemu Debug|Win32
		Wabbitemu Debug|x64 = Wabbitemu Debug|x64
		Wabbitemu Debug|X86 = Wabbitemu Debug|X86
		Wabbitemu Release DLL|Any CPU = Wabbitemu Release DLL|Any CPU
		Wabbitemu Release DLL|Win32 = Wabbitemu Release DLL|Win32
		Wabbitemu Release DLL|x64 = Wabbitemu Release DLL|x64
		Wabbitemu Release DLL|X86 = Wabbitemu Release DLL|X86
		Wabbitemu Release|Any CPU = Wabbitemu Release|Any CPU
		Wabbitemu Release|Win32 = Wabbitemu Release|Win32
		Wabbitemu Release|x64 = Wabbitemu Release|x64
		Wabbitemu Release|X86 = Wabbitemu Release|X86
	EndGlobalSection
	GlobalSection(ProjectConfigurationPlatforms) = postSolution
		{C45C62A4-98E1-4768-9690-EFD2EB2C3272}.SPASM Debug DLL|Any CPU.ActiveCfg = SPASM Debug DLL|Any CPU
		{C45C62A4-98E1-4768-9690-EFD2EB2C3272}.SPASM Debug DLL|Win32.ActiveCfg = SPASM Debug DLL|X86
		{C45C62A4-98E1-4768-9690-EFD2EB2C3272}.SPASM Debug DLL|x64.ActiveCfg = SPASM Debug DLL|X64
		{C45C62A4-98E1-4768-9690-EFD2EB2C3272}.SPASM Debug DLL|X86.ActiveCfg = SPASM Debug DLL|X86
		{C45C62A4-98E1-4768-9690-EFD2EB2C3272}.SPASM Debug|Any CPU.ActiveCfg = SPASM Debug|Any CPU
		{C45C62A4-98E1-4768-9690-EFD2EB2C3272}.SPASM Debug|Win32.ActiveCfg = SPASM Debug|X64
		{C45C62A4-98E1-4768-9690-EFD2EB2C3272}.SPASM Debug|x64.ActiveCfg = SPASM Debug|X64
		{C45C62A4-98E1-4768-9690-EFD2EB2C3272}.SPASM Debug|X86.ActiveCfg = SPASM Debug|X86
		{C45C62A4-98E1-4768-9690-EFD2EB2C3272}.SPASM Release DLL|Any CPU.ActiveCfg = SPASM Release DLL|Any CPU
		{C45C62A4-98E1-4768-9690-EFD2EB2C3272}.SPASM Release DLL|Win32.ActiveCfg = SPASM Release DLL|X64
		{C45C62A4-98E1-4768-9690-EFD2EB2C3272}.SPASM Release DLL|x64.ActiveCfg = SPASM Release DLL|X64
		{C45C62A4-98E1-4768-9690-EFD2EB2C3272}.SPASM Release DLL|X86.ActiveCfg = SPASM Release DLL|X86
		{C45C62A4-98E1-4768-9690-EFD2EB2C3272}.SPASM Release|Any CPU.ActiveCfg = SPASM Release|Any CPU
		{C45C62A4-98E1-4768-9690-EFD2EB2C3272}.SPASM Release|Win32.ActiveCfg = SPASM Release|X64
		{C45C62A4-98E1-4768-9690-EFD2EB2C3272}.SPASM Release|x64.ActiveCfg = SPASM Release|X64
		{C45C62A4-98E1-4768-9690-EFD2EB2C3272}.SPASM Release|X86.ActiveCfg = SPASM Release|X86
		{C45C62A4-98E1-4768-9690-EFD2EB2C3272}.Wabbitcode Debug|Any CPU.ActiveCfg = Wabbitcode Debug|Any CPU
		{C45C62A4-98E1-4768-9690-EFD2EB2C3272}.Wabbitcode Debug|Any CPU.Build.0 = Wabbitcode Debug|Any CPU
		{C45C62A4-98E1-4768-9690-EFD2EB2C3272}.Wabbitcode Debug|Win32.ActiveCfg = Wabbitcode Debug|X64
		{C45C62A4-98E1-4768-9690-EFD2EB2C3272}.Wabbitcode Debug|Win32.Build.0 = Wabbitcode Debug|X64
		{C45C62A4-98E1-4768-9690-EFD2EB2C3272}.Wabbitcode Debug|x64.ActiveCfg = Wabbitcode Debug|X64
		{C45C62A4-98E1-4768-9690-EFD2EB2C3272}.Wabbitcode Debug|x64.Build.0 = Wabbitcode Debug|X64
		{C45C62A4-98E1-4768-9690-EFD2EB2C3272}.Wabbitcode Debug|X86.ActiveCfg = Wabbitcode Debug|X86
		{C45C62A4-98E1-4768-9690-EFD2EB2C3272}.Wabbitcode Release|Any CPU.ActiveCfg = Wabbitcode Release|Any CPU
		{C45C62A4-98E1-4768-9690-EFD2EB2C3272}.Wabbitcode Release|Any CPU.Build.0 = Wabbitcode Release|Any CPU
		{C45C62A4-98E1-4768-9690-EFD2EB2C3272}.Wabbitcode Release|Win32.ActiveCfg = Wabbitcode Release|X64
		{C45C62A4-98E1-4768-9690-EFD2EB2C3272}.Wabbitcode Release|x64.ActiveCfg = Wabbitcode Release|X64
		{C45C62A4-98E1-4768-9690-EFD2EB2C3272}.Wabbitcode Release|x64.Build.0 = Wabbitcode Release|X64
		{C45C62A4-98E1-4768-9690-EFD2EB2C3272}.Wabbitcode Release|X86.ActiveCfg = Wabbitcode Release|X86
		{C45C62A4-98E1-4768-9690-EFD2EB2C3272}.Wabbitemu Debug DLL|Any CPU.ActiveCfg = Debug|X64
		{C45C62A4-98E1-4768-9690-EFD2EB2C3272}.Wabbitemu Debug DLL|Win32.ActiveCfg = Debug|X64
		{C45C62A4-98E1-4768-9690-EFD2EB2C3272}.Wabbitemu Debug DLL|x64.ActiveCfg = Debug|X64
		{C45C62A4-98E1-4768-9690-EFD2EB2C3272}.Wabbitemu Debug DLL|x64.Build.0 = Debug|X64
		{C45C62A4-98E1-4768-9690-EFD2EB2C3272}.Wabbitemu Debug DLL|X86.ActiveCfg = Debug|X64
		{C45C62A4-98E1-4768-9690-EFD2EB2C3272}.Wabbitemu Debug|Any CPU.ActiveCfg = Debug|Any CPU
		{C45C62A4-98E1-4768-9690-EFD2EB2C3272}.Wabbitemu Debug|Win32.ActiveCfg = Debug|X64
		{C45C62A4-98E1-4768-9690-EFD2EB2C3272}.Wabbitemu Debug|x64.ActiveCfg = Debug|X64
		{C45C62A4-98E1-4768-9690-EFD2EB2C3272}.Wabbitemu Debug|X86.ActiveCfg = Debug|X86
		{C45C62A4-98E1-4768-9690-EFD2EB2C3272}.Wabbitemu Debug|X86.Build.0 = Debug|X86
		{C45C62A4-98E1-4768-9690-EFD2EB2C3272}.Wabbitemu Release DLL|Any CPU.ActiveCfg = Release|X64
		{C45C62A4-98E1-4768-9690-EFD2EB2C3272}.Wabbitemu Release DLL|Win32.ActiveCfg = Release|X64
		{C45C62A4-98E1-4768-9690-EFD2EB2C3272}.Wabbitemu Release DLL|x64.ActiveCfg = Release|X64
		{C45C62A4-98E1-4768-9690-EFD2EB2C3272}.Wabbitemu Release DLL|x64.Build.0 = Release|X64
		{C45C62A4-98E1-4768-9690-EFD2EB2C3272}.Wabbitemu Release DLL|X86.ActiveCfg = Release|X64
		{C45C62A4-98E1-4768-9690-EFD2EB2C3272}.Wabbitemu Release|Any CPU.ActiveCfg = Release|Any CPU
		{C45C62A4-98E1-4768-9690-EFD2EB2C3272}.Wabbitemu Release|Win32.ActiveCfg = Release|X64
		{C45C62A4-98E1-4768-9690-EFD2EB2C3272}.Wabbitemu Release|x64.ActiveCfg = Release|X64
		{C45C62A4-98E1-4768-9690-EFD2EB2C3272}.Wabbitemu Release|X86.ActiveCfg = Release|X86
		{C45C62A4-98E1-4768-9690-EFD2EB2C3272}.Wabbitemu Release|X86.Build.0 = Release|X86
		{2D18BE89-D210-49EB-A9DD-2246FBB3DF6D}.SPASM Debug DLL|Any CPU.ActiveCfg = SPASM Debug DLL|Any CPU
		{2D18BE89-D210-49EB-A9DD-2246FBB3DF6D}.SPASM Debug DLL|Win32.ActiveCfg = SPASM Debug DLL|X86
		{2D18BE89-D210-49EB-A9DD-2246FBB3DF6D}.SPASM Debug DLL|x64.ActiveCfg = SPASM Debug DLL|X64
		{2D18BE89-D210-49EB-A9DD-2246FBB3DF6D}.SPASM Debug DLL|X86.ActiveCfg = SPASM Debug DLL|X86
		{2D18BE89-D210-49EB-A9DD-2246FBB3DF6D}.SPASM Debug|Any CPU.ActiveCfg = SPASM Debug|Any CPU
		{2D18BE89-D210-49EB-A9DD-2246FBB3DF6D}.SPASM Debug|Win32.ActiveCfg = SPASM Debug|X64
		{2D18BE89-D210-49EB-A9DD-2246FBB3DF6D}.SPASM Debug|x64.ActiveCfg = SPASM Debug|X64
		{2D18BE89-D210-49EB-A9DD-2246FBB3DF6D}.SPASM Debug|X86.ActiveCfg = SPASM Debug|X86
		{2D18BE89-D210-49EB-A9DD-2246FBB3DF6D}.SPASM Release DLL|Any CPU.ActiveCfg = SPASM Release DLL|Any CPU
		{2D18BE89-D210-49EB-A9DD-2246FBB3DF6D}.SPASM Release DLL|Win32.ActiveCfg = SPASM Release DLL|X64
		{2D18BE89-D210-49EB-A9DD-2246FBB3DF6D}.SPASM Release DLL|x64.ActiveCfg = SPASM Release DLL|X64
		{2D18BE89-D210-49EB-A9DD-2246FBB3DF6D}.SPASM Release DLL|X86.ActiveCfg = SPASM Release DLL|X86
		{2D18BE89-D210-49EB-A9DD-2246FBB3DF6D}.SPASM Release|Any CPU.ActiveCfg = SPASM Release|Any CPU
		{2D18BE89-D210-49EB-A9DD-2246FBB3DF6D}.SPASM Release|Win32.ActiveCfg = SPASM Release|X64
		{2D18BE89-D210-49EB-A9DD-2246FBB3DF6D}.SPASM Release|x64.ActiveCfg = SPASM Release|X64
		{2D18BE89-D210-49EB-A9DD-2246FBB3DF6D}.SPASM Release|X86.ActiveCfg = SPASM Release|X86
		{2D18BE89-D210-49EB-A9DD-2246FBB3DF6D}.Wabbitcode Debug|Any CPU.ActiveCfg = Wabbitcode Debug|Any CPU
		{2D18BE89-D210-49EB-A9DD-2246FBB3DF6D}.Wabbitcode Debug|Any CPU.Build.0 = Wabbitcode Debug|Any CPU
		{2D18BE89-D210-49EB-A9DD-2246FBB3DF6D}.Wabbitcode Debug|Win32.ActiveCfg = Wabbitcode Debug|X64
		{2D18BE89-D210-49EB-A9DD-2246FBB3DF6D}.Wabbitcode Debug|Win32.Build.0 = Wabbitcode Debug|X64
		{2D18BE89-D210-49EB-A9DD-2246FBB3DF6D}.Wabbitcode Debug|x64.ActiveCfg = Wabbitcode Debug|X64
		{2D18BE89-D210-49EB-A9DD-2246FBB3DF6D}.Wabbitcode Debug|x64.Build.0 = Wabbitcode Debug|X64
		{2D18BE89-D210-49EB-A9DD-2246FBB3DF6D}.Wabbitcode Debug|X86.ActiveCfg = Wabbitcode Debug|X86
		{2D18BE89-D210-49EB-A9DD-2246FBB3DF6D}.Wabbitcode Release|Any CPU.ActiveCfg = Wabbitcode Release|Any CPU
		{2D18BE89-D210-49EB-A9DD-2246FBB3DF6D}.Wabbitcode Release|Any CPU.Build.0 = Wabbitcode Release|Any CPU
		{2D18BE89-D210-49EB-A9DD-2246FBB3DF6D}.Wabbitcode Release|Win32.ActiveCfg = Wabbitcode Release|X64
		{2D18BE89-D210-49EB-A9DD-2246FBB3DF6D}.Wabbitcode Release|x64.ActiveCfg = Wabbitcode Release|X64
		{2D18BE89-D210-49EB-A9DD-2246FBB3DF6D}.Wabbitcode Release|x64.Build.0 = Wabbitcode Release|X64
		{2D18BE89-D210-49EB-A9DD-2246FBB3DF6D}.Wabbitcode Release|X86.ActiveCfg = Wabbitcode Release|X86
		{2D18BE89-D210-49EB-A9DD-2246FBB3DF6D}.Wabbitemu Debug DLL|Any CPU.ActiveCfg = Debug|X64
		{2D18BE89-D210-49EB-A9DD-2246FBB3DF6D}.Wabbitemu Debug DLL|Win32.ActiveCfg = Debug|X64
		{2D18BE89-D210-49EB-A9DD-2246FBB3DF6D}.Wabbitemu Debug DLL|x64.ActiveCfg = Debug|X64
		{2D18BE89-D210-49EB-A9DD-2246FBB3DF6D}.Wabbitemu Debug DLL|x64.Build.0 = Debug|X64
		{2D18BE89-D210-49EB-A9DD-2246FBB3DF6D}.Wabbitemu Debug DLL|X86.ActiveCfg = Debug|X64
		{2D18BE89-D210-49EB-A9DD-2246FBB3DF6D}.Wabbitemu Debug|Any CPU.ActiveCfg = Debug|Any CPU
		{2D18BE89-D210-49EB-A9DD-2246FBB3DF6D}.Wabbitemu Debug|Win32.ActiveCfg = Debug|X64
		{2D18BE89-D210-49EB-A9DD-2246FBB3DF6D}.Wabbitemu Debug|x64.ActiveCfg = Debug|X64
		{2D18BE89-D210-49EB-A9DD-2246FBB3DF6D}.Wabbitemu Debug|X86.ActiveCfg = Debug|X86
		{2D18BE89-D210-49EB-A9DD-2246FBB3DF6D}.Wabbitemu Debug|X86.Build.0 = Debug|X86
		{2D18BE89-D210-49EB-A9DD-2246FBB3DF6D}.Wabbitemu Release DLL|Any CPU.ActiveCfg = Release|X64
		{2D18BE89-D210-49EB-A9DD-2246FBB3DF6D}.Wabbitemu Release DLL|Win32.ActiveCfg = Release|X64
		{2D18BE89-D210-49EB-A9DD-2246FBB3DF6D}.Wabbitemu Release DLL|x64.ActiveCfg = Release|X64
		{2D18BE89-D210-49EB-A9DD-2246FBB3DF6D}.Wabbitemu Release DLL|x64.Build.0 = Release|X64
		{2D18BE89-D210-49EB-A9DD-2246FBB3DF6D}.Wabbitemu Release DLL|X86.ActiveCfg = Release|X64
		{2D18BE89-D210-49EB-A9DD-2246FBB3DF6D}.Wabbitemu Release|Any CPU.ActiveCfg = Release|Any CPU
		{2D18BE89-D210-49EB-A9DD-2246FBB3DF6D}.Wabbitemu Release|Win32.ActiveCfg = Release|X64
		{2D18BE89-D210-49EB-A9DD-2246FBB3DF6D}.Wabbitemu Release|x64.ActiveCfg = Release|X64
		{2D18BE89-D210-49EB-A9DD-2246FBB3DF6D}.Wabbitemu Release|X86.ActiveCfg = Release|X86
		{2D18BE89-D210-49EB-A9DD-2246FBB3DF6D}.Wabbitemu Release|X86.Build.0 = Release|X86
		{1BF86B19-DD98-43B0-BD97-6164D56EDE8C}.SPASM Debug DLL|Any CPU.ActiveCfg = SPASM Debug DLL|Any CPU
		{1BF86B19-DD98-43B0-BD97-6164D56EDE8C}.SPASM Debug DLL|Win32.ActiveCfg = SPASM Debug DLL|X86
		{1BF86B19-DD98-43B0-BD97-6164D56EDE8C}.SPASM Debug DLL|x64.ActiveCfg = SPASM Debug DLL|X64
		{1BF86B19-DD98-43B0-BD97-6164D56EDE8C}.SPASM Debug DLL|X86.ActiveCfg = SPASM Debug DLL|X86
		{1BF86B19-DD98-43B0-BD97-6164D56EDE8C}.SPASM Debug|Any CPU.ActiveCfg = SPASM Debug|Any CPU
		{1BF86B19-DD98-43B0-BD97-6164D56EDE8C}.SPASM Debug|Win32.ActiveCfg = SPASM Debug|X64
		{1BF86B19-DD98-43B0-BD97-6164D56EDE8C}.SPASM Debug|x64.ActiveCfg = SPASM Debug|X64
		{1BF86B19-DD98-43B0-BD97-6164D56EDE8C}.SPASM Debug|X86.ActiveCfg = SPASM Debug|X86
		{1BF86B19-DD98-43B0-BD97-6164D56EDE8C}.SPASM Release DLL|Any CPU.ActiveCfg = SPASM Release DLL|Any CPU
		{1BF86B19-DD98-43B0-BD97-6164D56EDE8C}.SPASM Release DLL|Win32.ActiveCfg = SPASM Release DLL|X64
		{1BF86B19-DD98-43B0-BD97-6164D56EDE8C}.SPASM Release DLL|x64.ActiveCfg = SPASM Release DLL|X64
		{1BF86B19-DD98-43B0-BD97-6164D56EDE8C}.SPASM Release DLL|X86.ActiveCfg = SPASM Release DLL|X86
		{1BF86B19-DD98-43B0-BD97-6164D56EDE8C}.SPASM Release|Any CPU.ActiveCfg = SPASM Release|Any CPU
		{1BF86B19-DD98-43B0-BD97-6164D56EDE8C}.SPASM Release|Win32.ActiveCfg = SPASM Release|X64
		{1BF86B19-DD98-43B0-BD97-6164D56EDE8C}.SPASM Release|x64.ActiveCfg = SPASM Release|X64
		{1BF86B19-DD98-43B0-BD97-6164D56EDE8C}.SPASM Release|X86.ActiveCfg = SPASM Release|X86
		{1BF86B19-DD98-43B0-BD97-6164D56EDE8C}.Wabbitcode Debug|Any CPU.ActiveCfg = Wabbitcode Debug|Any CPU
		{1BF86B19-DD98-43B0-BD97-6164D56EDE8C}.Wabbitcode Debug|Win32.ActiveCfg = Wabbitcode Debug|X64
		{1BF86B19-DD98-43B0-BD97-6164D56EDE8C}.Wabbitcode Debug|x64.ActiveCfg = Wabbitcode Debug|X64
		{1BF86B19-DD98-43B0-BD97-6164D56EDE8C}.Wabbitcode Debug|X86.ActiveCfg = Wabbitcode Debug|X86
		{1BF86B19-DD98-43B0-BD97-6164D56EDE8C}.Wabbitcode Release|Any CPU.ActiveCfg = Wabbitcode Release|Any CPU
		{1BF86B19-DD98-43B0-BD97-6164D56EDE8C}.Wabbitcode Release|Win32.ActiveCfg = Wabbitcode Release|X64
		{1BF86B19-DD98-43B0-BD97-6164D56EDE8C}.Wabbitcode Release|x64.ActiveCfg = Wabbitcode Release|X64
		{1BF86B19-DD98-43B0-BD97-6164D56EDE8C}.Wabbitcode Release|X86.ActiveCfg = Wabbitcode Release|X86
		{1BF86B19-DD98-43B0-BD97-6164D56EDE8C}.Wabbitemu Debug DLL|Any CPU.ActiveCfg = Debug|X64
		{1BF86B19-DD98-43B0-BD97-6164D56EDE8C}.Wabbitemu Debug DLL|Win32.ActiveCfg = Debug|X64
		{1BF86B19-DD98-43B0-BD97-6164D56EDE8C}.Wabbitemu Debug DLL|x64.ActiveCfg = Debug|X64
		{1BF86B19-DD98-43B0-BD97-6164D56EDE8C}.Wabbitemu Debug DLL|x64.Build.0 = Debug|X64
		{1BF86B19-DD98-43B0-BD97-6164D56EDE8C}.Wabbitemu Debug DLL|X86.ActiveCfg = Debug|X64
		{1BF86B19-DD98-43B0-BD97-6164D56EDE8C}.Wabbitemu Debug|Any CPU.ActiveCfg = Debug|Any CPU
		{1BF86B19-DD98-43B0-BD97-6164D56EDE8C}.Wabbitemu Debug|Win32.ActiveCfg = Debug|X64
		{1BF86B19-DD98-43B0-BD97-6164D56EDE8C}.Wabbitemu Debug|x64.ActiveCfg = Debug|X64
		{1BF86B19-DD98-43B0-BD97-6164D56EDE8C}.Wabbitemu Debug|X86.ActiveCfg = Debug|X86
		{1BF86B19-DD98-43B0-BD97-6164D56EDE8C}.Wabbitemu Debug|X86.Build.0 = Debug|X86
		{1BF86B19-DD98-43B0-BD97-6164D56EDE8C}.Wabbitemu Release DLL|Any CPU.ActiveCfg = Release|X64
		{1BF86B19-DD98-43B0-BD97-6164D56EDE8C}.Wabbitemu Release DLL|Win32.ActiveCfg = Release|X64
		{1BF86B19-DD98-43B0-BD97-6164D56EDE8C}.Wabbitemu Release DLL|x64.ActiveCfg = Release|X64
		{1BF86B19-DD98-43B0-BD97-6164D56EDE8C}.Wabbitemu Release DLL|x64.Build.0 = Release|X64
		{1BF86B19-DD98-43B0-BD97-6164D56EDE8C}.Wabbitemu Release DLL|X86.ActiveCfg = Release|X64
		{1BF86B19-DD98-43B0-BD97-6164D56EDE8C}.Wabbitemu Release|Any CPU.ActiveCfg = Release|Any CPU
		{1BF86B19-DD98-43B0-BD97-6164D56EDE8C}.Wabbitemu Release|Win32.ActiveCfg = Release|X64
		{1BF86B19-DD98-43B0-BD97-6164D56EDE8C}.Wabbitemu Release|x64.ActiveCfg = Release|X64
		{1BF86B19-DD98-43B0-BD97-6164D56EDE8C}.Wabbitemu Release|X86.ActiveCfg = Release|X86
		{1BF86B19-DD98-43B0-BD97-6164D56EDE8C}.Wabbitemu Release|X86.Build.0 = Release|X86
		{7F7E8EB5-BBB9-498F-B4A2-97BBBB90C15F}.SPASM Debug DLL|Any CPU.ActiveCfg = SPASM Debug DLL|Any CPU
		{7F7E8EB5-BBB9-498F-B4A2-97BBBB90C15F}.SPASM Debug DLL|Win32.ActiveCfg = SPASM Debug DLL|X86
		{7F7E8EB5-BBB9-498F-B4A2-97BBBB90C15F}.SPASM Debug DLL|x64.ActiveCfg = SPASM Debug DLL|X64
		{7F7E8EB5-BBB9-498F-B4A2-97BBBB90C15F}.SPASM Debug DLL|X86.ActiveCfg = SPASM Debug DLL|X86
		{7F7E8EB5-BBB9-498F-B4A2-97BBBB90C15F}.SPASM Debug|Any CPU.ActiveCfg = SPASM Debug|Any CPU
		{7F7E8EB5-BBB9-498F-B4A2-97BBBB90C15F}.SPASM Debug|Win32.ActiveCfg = SPASM Debug|X64
		{7F7E8EB5-BBB9-498F-B4A2-97BBBB90C15F}.SPASM Debug|x64.ActiveCfg = SPASM Debug|X64
		{7F7E8EB5-BBB9-498F-B4A2-97BBBB90C15F}.SPASM Debug|X86.ActiveCfg = SPASM Debug|X86
		{7F7E8EB5-BBB9-498F-B4A2-97BBBB90C15F}.SPASM Release DLL|Any CPU.ActiveCfg = SPASM Release DLL|Any CPU
		{7F7E8EB5-BBB9-498F-B4A2-97BBBB90C15F}.SPASM Release DLL|Win32.ActiveCfg = SPASM Release DLL|X64
		{7F7E8EB5-BBB9-498F-B4A2-97BBBB90C15F}.SPASM Release DLL|x64.ActiveCfg = SPASM Release DLL|X64
		{7F7E8EB5-BBB9-498F-B4A2-97BBBB90C15F}.SPASM Release DLL|X86.ActiveCfg = SPASM Release DLL|X86
		{7F7E8EB5-BBB9-498F-B4A2-97BBBB90C15F}.SPASM Release|Any CPU.ActiveCfg = SPASM Release|Any CPU
		{7F7E8EB5-BBB9-498F-B4A2-97BBBB90C15F}.SPASM Release|Win32.ActiveCfg = SPASM Release|X64
		{7F7E8EB5-BBB9-498F-B4A2-97BBBB90C15F}.SPASM Release|x64.ActiveCfg = SPASM Release|X64
		{7F7E8EB5-BBB9-498F-B4A2-97BBBB90C15F}.SPASM Release|X86.ActiveCfg = SPASM Release|X86
		{7F7E8EB5-BBB9-498F-B4A2-97BBBB90C15F}.Wabbitcode Debug|Any CPU.ActiveCfg = Wabbitcode Debug|Any CPU
		{7F7E8EB5-BBB9-498F-B4A2-97BBBB90C15F}.Wabbitcode Debug|Win32.ActiveCfg = Wabbitcode Debug|X64
		{7F7E8EB5-BBB9-498F-B4A2-97BBBB90C15F}.Wabbitcode Debug|x64.ActiveCfg = Wabbitcode Debug|X64
		{7F7E8EB5-BBB9-498F-B4A2-97BBBB90C15F}.Wabbitcode Debug|X86.ActiveCfg = Wabbitcode Debug|X86
		{7F7E8EB5-BBB9-498F-B4A2-97BBBB90C15F}.Wabbitcode Release|Any CPU.ActiveCfg = Wabbitcode Release|Any CPU
		{7F7E8EB5-BBB9-498F-B4A2-97BBBB90C15F}.Wabbitcode Release|Win32.ActiveCfg = Wabbitcode Release|X64
		{7F7E8EB5-BBB9-498F-B4A2-97BBBB90C15F}.Wabbitcode Release|x64.ActiveCfg = Wabbitcode Release|X64
		{7F7E8EB5-BBB9-498F-B4A2-97BBBB90C15F}.Wabbitcode Release|x64.Build.0 = Wabbitcode Release|X64
		{7F7E8EB5-BBB9-498F-B4A2-97BBBB90C15F}.Wabbitcode Release|X86.ActiveCfg = Wabbitcode Release|X86
		{7F7E8EB5-BBB9-498F-B4A2-97BBBB90C15F}.Wabbitemu Debug DLL|Any CPU.ActiveCfg = Debug|X64
		{7F7E8EB5-BBB9-498F-B4A2-97BBBB90C15F}.Wabbitemu Debug DLL|Win32.ActiveCfg = Debug|X64
		{7F7E8EB5-BBB9-498F-B4A2-97BBBB90C15F}.Wabbitemu Debug DLL|x64.ActiveCfg = Debug|X64
		{7F7E8EB5-BBB9-498F-B4A2-97BBBB90C15F}.Wabbitemu Debug DLL|x64.Build.0 = Debug|X64
		{7F7E8EB5-BBB9-498F-B4A2-97BBBB90C15F}.Wabbitemu Debug DLL|X86.ActiveCfg = Debug|X64
		{7F7E8EB5-BBB9-498F-B4A2-97BBBB90C15F}.Wabbitemu Debug|Any CPU.ActiveCfg = Debug|Any CPU
		{7F7E8EB5-BBB9-498F-B4A2-97BBBB90C15F}.Wabbitemu Debug|Win32.ActiveCfg = Debug|X64
		{7F7E8EB5-BBB9-498F-B4A2-97BBBB90C15F}.Wabbitemu Debug|x64.ActiveCfg = Debug|X64
		{7F7E8EB5-BBB9-498F-B4A2-97BBBB90C15F}.Wabbitemu Debug|X86.ActiveCfg = Debug|X86
		{7F7E8EB5-BBB9-498F-B4A2-97BBBB90C15F}.Wabbitemu Debug|X86.Build.0 = Debug|X86
		{7F7E8EB5-BBB9-498F-B4A2-97BBBB90C15F}.Wabbitemu Release DLL|Any CPU.ActiveCfg = Release|X64
		{7F7E8EB5-BBB9-498F-B4A2-97BBBB90C15F}.Wabbitemu Release DLL|Win32.ActiveCfg = Release|X64
		{7F7E8EB5-BBB9-498F-B4A2-97BBBB90C15F}.Wabbitemu Release DLL|x64.ActiveCfg = Release|X64
		{7F7E8EB5-BBB9-498F-B4A2-97BBBB90C15F}.Wabbitemu Release DLL|x64.Build.0 = Release|X64
		{7F7E8EB5-BBB9-498F-B4A2-97BBBB90C15F}.Wabbitemu Release DLL|X86.ActiveCfg = Release|X64
		{7F7E8EB5-BBB9-498F-B4A2-97BBBB90C15F}.Wabbitemu Release|Any CPU.ActiveCfg = Release|Any CPU
		{7F7E8EB5-BBB9-498F-B4A2-97BBBB90C15F}.Wabbitemu Release|Win32.ActiveCfg = Release|X64
		{7F7E8EB5-BBB9-498F-B4A2-97BBBB90C15F}.Wabbitemu Release|x64.ActiveCfg = Release|X64
		{7F7E8EB5-BBB9-498F-B4A2-97BBBB90C15F}.Wabbitemu Release|X86.ActiveCfg = Release|X86
		{7F7E8EB5-BBB9-498F-B4A2-97BBBB90C15F}.Wabbitemu Release|X86.Build.0 = Release|X86
		{C75532C4-765B-418E-B09B-46D36B2ABDB1}.SPASM Debug DLL|Any CPU.ActiveCfg = SPASM Debug DLL|Any CPU
		{C75532C4-765B-418E-B09B-46D36B2ABDB1}.SPASM Debug DLL|Win32.ActiveCfg = SPASM Debug DLL|X86
		{C75532C4-765B-418E-B09B-46D36B2ABDB1}.SPASM Debug DLL|x64.ActiveCfg = SPASM Debug DLL|X64
		{C75532C4-765B-418E-B09B-46D36B2ABDB1}.SPASM Debug DLL|X86.ActiveCfg = SPASM Debug DLL|X86
		{C75532C4-765B-418E-B09B-46D36B2ABDB1}.SPASM Debug|Any CPU.ActiveCfg = SPASM Debug|Any CPU
		{C75532C4-765B-418E-B09B-46D36B2ABDB1}.SPASM Debug|Win32.ActiveCfg = SPASM Debug|X64
		{C75532C4-765B-418E-B09B-46D36B2ABDB1}.SPASM Debug|x64.ActiveCfg = SPASM Debug|X64
		{C75532C4-765B-418E-B09B-46D36B2ABDB1}.SPASM Debug|X86.ActiveCfg = SPASM Debug|X86
		{C75532C4-765B-418E-B09B-46D36B2ABDB1}.SPASM Release DLL|Any CPU.ActiveCfg = SPASM Release DLL|Any CPU
		{C75532C4-765B-418E-B09B-46D36B2ABDB1}.SPASM Release DLL|Win32.ActiveCfg = SPASM Release DLL|X64
		{C75532C4-765B-418E-B09B-46D36B2ABDB1}.SPASM Release DLL|x64.ActiveCfg = SPASM Release DLL|X64
		{C75532C4-765B-418E-B09B-46D36B2ABDB1}.SPASM Release DLL|X86.ActiveCfg = SPASM Release DLL|X86
		{C75532C4-765B-418E-B09B-46D36B2ABDB1}.SPASM Release|Any CPU.ActiveCfg = SPASM Release|Any CPU
		{C75532C4-765B-418E-B09B-46D36B2ABDB1}.SPASM Release|Win32.ActiveCfg = SPASM Release|X64
		{C75532C4-765B-418E-B09B-46D36B2ABDB1}.SPASM Release|x64.ActiveCfg = SPASM Release|X64
		{C75532C4-765B-418E-B09B-46D36B2ABDB1}.SPASM Release|X86.ActiveCfg = SPASM Release|X86
		{C75532C4-765B-418E-B09B-46D36B2ABDB1}.Wabbitcode Debug|Any CPU.ActiveCfg = Wabbitcode Debug|Any CPU
		{C75532C4-765B-418E-B09B-46D36B2ABDB1}.Wabbitcode Debug|Any CPU.Build.0 = Wabbitcode Debug|Any CPU
		{C75532C4-765B-418E-B09B-46D36B2ABDB1}.Wabbitcode Debug|Win32.ActiveCfg = Wabbitcode Debug|X64
		{C75532C4-765B-418E-B09B-46D36B2ABDB1}.Wabbitcode Debug|Win32.Build.0 = Wabbitcode Debug|X64
		{C75532C4-765B-418E-B09B-46D36B2ABDB1}.Wabbitcode Debug|x64.ActiveCfg = Wabbitcode Debug|X64
		{C75532C4-765B-418E-B09B-46D36B2ABDB1}.Wabbitcode Debug|x64.Build.0 = Wabbitcode Debug|X64
		{C75532C4-765B-418E-B09B-46D36B2ABDB1}.Wabbitcode Debug|X86.ActiveCfg = Wabbitcode Debug|X86
		{C75532C4-765B-418E-B09B-46D36B2ABDB1}.Wabbitcode Release|Any CPU.ActiveCfg = Wabbitcode Release|Any CPU
		{C75532C4-765B-418E-B09B-46D36B2ABDB1}.Wabbitcode Release|Any CPU.Build.0 = Wabbitcode Release|Any CPU
		{C75532C4-765B-418E-B09B-46D36B2ABDB1}.Wabbitcode Release|Win32.ActiveCfg = Wabbitcode Release|X64
		{C75532C4-765B-418E-B09B-46D36B2ABDB1}.Wabbitcode Release|x64.ActiveCfg = Wabbitcode Release|X64
		{C75532C4-765B-418E-B09B-46D36B2ABDB1}.Wabbitcode Release|x64.Build.0 = Wabbitcode Release|X64
		{C75532C4-765B-418E-B09B-46D36B2ABDB1}.Wabbitcode Release|X86.ActiveCfg = Wabbitcode Release|X86
		{C75532C4-765B-418E-B09B-46D36B2ABDB1}.Wabbitemu Debug DLL|Any CPU.ActiveCfg = Debug|X64
		{C75532C4-765B-418E-B09B-46D36B2ABDB1}.Wabbitemu Debug DLL|Win32.ActiveCfg = Debug|X64
		{C75532C4-765B-418E-B09B-46D36B2ABDB1}.Wabbitemu Debug DLL|x64.ActiveCfg = Debug|X64
		{C75532C4-765B-418E-B09B-46D36B2ABDB1}.Wabbitemu Debug DLL|x64.Build.0 = Debug|X64
		{C75532C4-765B-418E-B09B-46D36B2ABDB1}.Wabbitemu Debug DLL|X86.ActiveCfg = Debug|X64
		{C75532C4-765B-418E-B09B-46D36B2ABDB1}.Wabbitemu Debug|Any CPU.ActiveCfg = Debug|Any CPU
		{C75532C4-765B-418E-B09B-46D36B2ABDB1}.Wabbitemu Debug|Win32.ActiveCfg = Debug|X64
		{C75532C4-765B-418E-B09B-46D36B2ABDB1}.Wabbitemu Debug|x64.ActiveCfg = Debug|X64
		{C75532C4-765B-418E-B09B-46D36B2ABDB1}.Wabbitemu Debug|X86.ActiveCfg = Debug|X86
		{C75532C4-765B-418E-B09B-46D36B2ABDB1}.Wabbitemu Debug|X86.Build.0 = Debug|X86
		{C75532C4-765B-418E-B09B-46D36B2ABDB1}.Wabbitemu Release DLL|Any CPU.ActiveCfg = Release|X64
		{C75532C4-765B-418E-B09B-46D36B2ABDB1}.Wabbitemu Release DLL|Win32.ActiveCfg = Release|X64
		{C75532C4-765B-418E-B09B-46D36B2ABDB1}.Wabbitemu Release DLL|x64.ActiveCfg = Release|X64
		{C75532C4-765B-418E-B09B-46D36B2ABDB1}.Wabbitemu Release DLL|x64.Build.0 = Release|X64
		{C75532C4-765B-418E-B09B-46D36B2ABDB1}.Wabbitemu Release DLL|X86.ActiveCfg = Release|X64
		{C75532C4-765B-418E-B09B-46D36B2ABDB1}.Wabbitemu Release|Any CPU.ActiveCfg = Release|Any CPU
		{C75532C4-765B-418E-B09B-46D36B2ABDB1}.Wabbitemu Release|Win32.ActiveCfg = Release|X64
		{C75532C4-765B-418E-B09B-46D36B2ABDB1}.Wabbitemu Release|x64.ActiveCfg = Release|X64
		{C75532C4-765B-418E-B09B-46D36B2ABDB1}.Wabbitemu Release|X86.ActiveCfg = Release|X86
		{C75532C4-765B-418E-B09B-46D36B2ABDB1}.Wabbitemu Release|X86.Build.0 = Release|X86
	EndGlobalSection
	GlobalSection(SolutionProperties) = preSolution
		HideSolutionNode = FALSE
	EndGlobalSection
EndGlobal
