<?xml version="1.0" encoding="utf-8"?>
<Project ToolsVersion="4.0" xmlns="http://schemas.microsoft.com/developer/msbuild/2003">
  <ItemGroup>
    <Filter Include="Source Files">
      <UniqueIdentifier>{4FC737F1-C7A5-4376-A066-2A32D752A2FF}</UniqueIdentifier>
      <Extensions>cpp;c;cc;cxx;def;odl;idl;hpj;bat;asm;asmx</Extensions>
    </Filter>
    <Filter Include="Generated Files">
      <UniqueIdentifier>{bf736d04-6258-4f94-8c52-97504bac43de}</UniqueIdentifier>
      <SourceControlFiles>False</SourceControlFiles>
    </Filter>
  </ItemGroup>
  <ItemGroup>
    <ClCompile Include="..\SPASM\SPASM_p.c">
      <Filter>Generated Files</Filter>
    </ClCompile>
    <ClCompile Include="..\SPASM\SPASM_i.c">
      <Filter>Generated Files</Filter>
    </ClCompile>
    <ClCompile Include="..\SPASM\dlldata.c">
      <Filter>Generated Files</Filter>
    </ClCompile>
  </ItemGroup>
  <ItemGroup>
    <None Include="exports.def">
      <Filter>Source Files</Filter>
    </None>
  </ItemGroup>
  <ItemGroup>
    <ClInclude Include="..\SPASM\SPASM_h.h">
      <Filter>Generated Files</Filter>
    </ClInclude>
  </ItemGroup>
</Project>